// !$*UTF8*$!
{
	archiveVersion = 1;
	classes = {
	};
	objectVersion = 46;
	objects = {

/* Begin PBXBuildFile section */
		15295C4B1BB240230005A1B5 /* AlertSelectionViewCell.m in Sources */ = {isa = PBXBuildFile; fileRef = 15295C4A1BB240230005A1B5 /* AlertSelectionViewCell.m */; };
		15550D1F1BB0F03B00471D62 /* ClusterHealthController.m in Sources */ = {isa = PBXBuildFile; fileRef = 15550C571BB0F03B00471D62 /* ClusterHealthController.m */; };
		15550D201BB0F03B00471D62 /* BaseController.m in Sources */ = {isa = PBXBuildFile; fileRef = 15550C5A1BB0F03B00471D62 /* BaseController.m */; };
		15550D211BB0F03B00471D62 /* HealthDetailController.m in Sources */ = {isa = PBXBuildFile; fileRef = 15550C5C1BB0F03B00471D62 /* HealthDetailController.m */; };
		15550D221BB0F03B00471D62 /* HostDetailController.m in Sources */ = {isa = PBXBuildFile; fileRef = 15550C5E1BB0F03B00471D62 /* HostDetailController.m */; };
		15550D231BB0F03B00471D62 /* HostHealthController.m in Sources */ = {isa = PBXBuildFile; fileRef = 15550C601BB0F03B00471D62 /* HostHealthController.m */; };
		15550D241BB0F03B00471D62 /* MONHealthController.m in Sources */ = {isa = PBXBuildFile; fileRef = 15550C621BB0F03B00471D62 /* MONHealthController.m */; };
		15550D251BB0F03B00471D62 /* OSDDetailController.m in Sources */ = {isa = PBXBuildFile; fileRef = 15550C641BB0F03B00471D62 /* OSDDetailController.m */; };
		15550D261BB0F03B00471D62 /* OSDHealthController.m in Sources */ = {isa = PBXBuildFile; fileRef = 15550C661BB0F03B00471D62 /* OSDHealthController.m */; };
		15550D271BB0F03B00471D62 /* PGStatusController.m in Sources */ = {isa = PBXBuildFile; fileRef = 15550C681BB0F03B00471D62 /* PGStatusController.m */; };
		15550D281BB0F03B00471D62 /* PoolIOPSController.m in Sources */ = {isa = PBXBuildFile; fileRef = 15550C6A1BB0F03B00471D62 /* PoolIOPSController.m */; };
		15550D291BB0F03B00471D62 /* PoolListController.m in Sources */ = {isa = PBXBuildFile; fileRef = 15550C6C1BB0F03B00471D62 /* PoolListController.m */; };
		15550D2A1BB0F03B00471D62 /* UsageController.m in Sources */ = {isa = PBXBuildFile; fileRef = 15550C6E1BB0F03B00471D62 /* UsageController.m */; };
		15550D2B1BB0F03B00471D62 /* CustomNavigationController.m in Sources */ = {isa = PBXBuildFile; fileRef = 15550C711BB0F03B00471D62 /* CustomNavigationController.m */; };
		15550D2C1BB0F03B00471D62 /* LoginController.m in Sources */ = {isa = PBXBuildFile; fileRef = 15550C741BB0F03B00471D62 /* LoginController.m */; };
		15550D2E1BB0F03B00471D62 /* NotificationController.m in Sources */ = {isa = PBXBuildFile; fileRef = 15550C7B1BB0F03B00471D62 /* NotificationController.m */; };
		15550D2F1BB0F03B00471D62 /* NotificationDetailController.m in Sources */ = {isa = PBXBuildFile; fileRef = 15550C7D1BB0F03B00471D62 /* NotificationDetailController.m */; };
		15550D301BB0F03B00471D62 /* APIRecord.m in Sources */ = {isa = PBXBuildFile; fileRef = 15550C831BB0F03B00471D62 /* APIRecord.m */; };
		15550D311BB0F03B00471D62 /* ClusterData.m in Sources */ = {isa = PBXBuildFile; fileRef = 15550C851BB0F03B00471D62 /* ClusterData.m */; };
		15550D321BB0F03B00471D62 /* Cookies.m in Sources */ = {isa = PBXBuildFile; fileRef = 15550C871BB0F03B00471D62 /* Cookies.m */; };
		15550D331BB0F03B00471D62 /* HealthDetailData.m in Sources */ = {isa = PBXBuildFile; fileRef = 15550C891BB0F03B00471D62 /* HealthDetailData.m */; };
		15550D341BB0F03B00471D62 /* HostHealthData.m in Sources */ = {isa = PBXBuildFile; fileRef = 15550C8B1BB0F03B00471D62 /* HostHealthData.m */; };
		15550D351BB0F03B00471D62 /* ImageData.m in Sources */ = {isa = PBXBuildFile; fileRef = 15550C8D1BB0F03B00471D62 /* ImageData.m */; };
		15550D361BB0F03B00471D62 /* MONHealthData.m in Sources */ = {isa = PBXBuildFile; fileRef = 15550C8F1BB0F03B00471D62 /* MONHealthData.m */; };
		15550D371BB0F03B00471D62 /* NotificationData.m in Sources */ = {isa = PBXBuildFile; fileRef = 15550C911BB0F03B00471D62 /* NotificationData.m */; };
		15550D381BB0F03B00471D62 /* OSDHealthData.m in Sources */ = {isa = PBXBuildFile; fileRef = 15550C931BB0F03B00471D62 /* OSDHealthData.m */; };
		15550D391BB0F03B00471D62 /* PGData.m in Sources */ = {isa = PBXBuildFile; fileRef = 15550C951BB0F03B00471D62 /* PGData.m */; };
		15550D3A1BB0F03B00471D62 /* UserData.m in Sources */ = {isa = PBXBuildFile; fileRef = 15550C971BB0F03B00471D62 /* UserData.m */; };
		15550D3B1BB0F03B00471D62 /* AnimationMaker.m in Sources */ = {isa = PBXBuildFile; fileRef = 15550C9A1BB0F03B00471D62 /* AnimationMaker.m */; };
		15550D3C1BB0F03B00471D62 /* UIColor+Reader.m in Sources */ = {isa = PBXBuildFile; fileRef = 15550C9D1BB0F03B00471D62 /* UIColor+Reader.m */; };
		15550D3D1BB0F03B00471D62 /* UINavigationBar+HeightMaker.m in Sources */ = {isa = PBXBuildFile; fileRef = 15550C9F1BB0F03B00471D62 /* UINavigationBar+HeightMaker.m */; };
		15550D3E1BB0F03B00471D62 /* UIView+SizeMaker.m in Sources */ = {isa = PBXBuildFile; fileRef = 15550CA11BB0F03B00471D62 /* UIView+SizeMaker.m */; };
		15550D3F1BB0F03B00471D62 /* CephAPI.m in Sources */ = {isa = PBXBuildFile; fileRef = 15550CA41BB0F03B00471D62 /* CephAPI.m */; };
		15550D401BB0F03B00471D62 /* URLMaker.m in Sources */ = {isa = PBXBuildFile; fileRef = 15550CA61BB0F03B00471D62 /* URLMaker.m */; };
		15550D411BB0F03B00471D62 /* DateMaker.m in Sources */ = {isa = PBXBuildFile; fileRef = 15550CA81BB0F03B00471D62 /* DateMaker.m */; };
		15550D421BB0F03B00471D62 /* TextFieldChecker.m in Sources */ = {isa = PBXBuildFile; fileRef = 15550CAA1BB0F03B00471D62 /* TextFieldChecker.m */; };
		15550D471BB0F03B00471D62 /* ClusterHealthCellBar.m in Sources */ = {isa = PBXBuildFile; fileRef = 15550CB71BB0F03B00471D62 /* ClusterHealthCellBar.m */; };
		15550D481BB0F03B00471D62 /* ClusterHealthProgressLayer.m in Sources */ = {isa = PBXBuildFile; fileRef = 15550CB91BB0F03B00471D62 /* ClusterHealthProgressLayer.m */; };
		15550D491BB0F03B00471D62 /* ClusterHealthView.m in Sources */ = {isa = PBXBuildFile; fileRef = 15550CBB1BB0F03B00471D62 /* ClusterHealthView.m */; };
		15550D4A1BB0F03B00471D62 /* ClusterHealthViewCell.m in Sources */ = {isa = PBXBuildFile; fileRef = 15550CBD1BB0F03B00471D62 /* ClusterHealthViewCell.m */; };
		15550D4B1BB0F03B00471D62 /* ClusterHealthViewFlowLayout.m in Sources */ = {isa = PBXBuildFile; fileRef = 15550CBF1BB0F03B00471D62 /* ClusterHealthViewFlowLayout.m */; };
		15550D4C1BB0F03B00471D62 /* HealthDetailView.m in Sources */ = {isa = PBXBuildFile; fileRef = 15550CC31BB0F03B00471D62 /* HealthDetailView.m */; };
		15550D4D1BB0F03B00471D62 /* HealthDetailViewCell.m in Sources */ = {isa = PBXBuildFile; fileRef = 15550CC51BB0F03B00471D62 /* HealthDetailViewCell.m */; };
		15550D4E1BB0F03B00471D62 /* CPUIOPSView.m in Sources */ = {isa = PBXBuildFile; fileRef = 15550CC81BB0F03B00471D62 /* CPUIOPSView.m */; };
		15550D4F1BB0F03B00471D62 /* CPULineBrokenView.m in Sources */ = {isa = PBXBuildFile; fileRef = 15550CCA1BB0F03B00471D62 /* CPULineBrokenView.m */; };
		15550D501BB0F03B00471D62 /* CPUSquareView.m in Sources */ = {isa = PBXBuildFile; fileRef = 15550CCC1BB0F03B00471D62 /* CPUSquareView.m */; };
		15550D511BB0F03B00471D62 /* HostDetailHeaderView.m in Sources */ = {isa = PBXBuildFile; fileRef = 15550CCE1BB0F03B00471D62 /* HostDetailHeaderView.m */; };
		15550D521BB0F03B00471D62 /* HostDetailView.m in Sources */ = {isa = PBXBuildFile; fileRef = 15550CD01BB0F03B00471D62 /* HostDetailView.m */; };
		15550D531BB0F03B00471D62 /* HostDetailViewCell.m in Sources */ = {isa = PBXBuildFile; fileRef = 15550CD21BB0F03B00471D62 /* HostDetailViewCell.m */; };
		15550D541BB0F03B00471D62 /* HostDetailViewFlowLayout.m in Sources */ = {isa = PBXBuildFile; fileRef = 15550CD41BB0F03B00471D62 /* HostDetailViewFlowLayout.m */; };
		15550D551BB0F03B00471D62 /* HostHealthFlowLayout.m in Sources */ = {isa = PBXBuildFile; fileRef = 15550CD71BB0F03B00471D62 /* HostHealthFlowLayout.m */; };
		15550D561BB0F03B00471D62 /* HostHealthView.m in Sources */ = {isa = PBXBuildFile; fileRef = 15550CD91BB0F03B00471D62 /* HostHealthView.m */; };
		15550D571BB0F03B00471D62 /* HostHealthViewCell.m in Sources */ = {isa = PBXBuildFile; fileRef = 15550CDB1BB0F03B00471D62 /* HostHealthViewCell.m */; };
		15550D581BB0F03B00471D62 /* MONHealthCell.m in Sources */ = {isa = PBXBuildFile; fileRef = 15550CDE1BB0F03B00471D62 /* MONHealthCell.m */; };
		15550D591BB0F03B00471D62 /* MONHealthFlowLayout.m in Sources */ = {isa = PBXBuildFile; fileRef = 15550CE01BB0F03B00471D62 /* MONHealthFlowLayout.m */; };
		15550D5A1BB0F03B00471D62 /* MONHealthView.m in Sources */ = {isa = PBXBuildFile; fileRef = 15550CE21BB0F03B00471D62 /* MONHealthView.m */; };
		15550D5B1BB0F03B00471D62 /* OSDDetailView.m in Sources */ = {isa = PBXBuildFile; fileRef = 15550CE51BB0F03B00471D62 /* OSDDetailView.m */; };
		15550D5C1BB0F03B00471D62 /* OSDHeaderView.m in Sources */ = {isa = PBXBuildFile; fileRef = 15550CE81BB0F03B00471D62 /* OSDHeaderView.m */; };
		15550D5D1BB0F03B00471D62 /* OSDHealthView.m in Sources */ = {isa = PBXBuildFile; fileRef = 15550CEA1BB0F03B00471D62 /* OSDHealthView.m */; };
		15550D5E1BB0F03B00471D62 /* OSDHealthViewCell.m in Sources */ = {isa = PBXBuildFile; fileRef = 15550CEC1BB0F03B00471D62 /* OSDHealthViewCell.m */; };
		15550D5F1BB0F03B00471D62 /* OSDViewFLowLayout.m in Sources */ = {isa = PBXBuildFile; fileRef = 15550CEE1BB0F03B00471D62 /* OSDViewFLowLayout.m */; };
		15550D601BB0F03B00471D62 /* PGStatusFlowLayout.m in Sources */ = {isa = PBXBuildFile; fileRef = 15550CF11BB0F03B00471D62 /* PGStatusFlowLayout.m */; };
		15550D611BB0F03B00471D62 /* PGStatusView.m in Sources */ = {isa = PBXBuildFile; fileRef = 15550CF31BB0F03B00471D62 /* PGStatusView.m */; };
		15550D621BB0F03B00471D62 /* PGStatusViewCell.m in Sources */ = {isa = PBXBuildFile; fileRef = 15550CF51BB0F03B00471D62 /* PGStatusViewCell.m */; };
		15550D631BB0F03B00471D62 /* IOPSDetailChartView.m in Sources */ = {isa = PBXBuildFile; fileRef = 15550CF81BB0F03B00471D62 /* IOPSDetailChartView.m */; };
		15550D641BB0F03B00471D62 /* PoolIOPSView.m in Sources */ = {isa = PBXBuildFile; fileRef = 15550CFA1BB0F03B00471D62 /* PoolIOPSView.m */; };
		15550D651BB0F03B00471D62 /* PoolIOPSViewCell.m in Sources */ = {isa = PBXBuildFile; fileRef = 15550CFC1BB0F03B00471D62 /* PoolIOPSViewCell.m */; };
		15550D661BB0F03B00471D62 /* PoolIOPSViewFlowLayout.m in Sources */ = {isa = PBXBuildFile; fileRef = 15550CFE1BB0F03B00471D62 /* PoolIOPSViewFlowLayout.m */; };
		15550D671BB0F03B00471D62 /* PoolListView.m in Sources */ = {isa = PBXBuildFile; fileRef = 15550D011BB0F03B00471D62 /* PoolListView.m */; };
		15550D681BB0F03B00471D62 /* PoolListViewCell.m in Sources */ = {isa = PBXBuildFile; fileRef = 15550D031BB0F03B00471D62 /* PoolListViewCell.m */; };
		15550D691BB0F03B00471D62 /* UsageStatusView.m in Sources */ = {isa = PBXBuildFile; fileRef = 15550D061BB0F03B00471D62 /* UsageStatusView.m */; };
		15550D6A1BB0F03B00471D62 /* IOPSChartView.m in Sources */ = {isa = PBXBuildFile; fileRef = 15550D081BB0F03B00471D62 /* IOPSChartView.m */; };
		15550D6B1BB0F03B00471D62 /* ErrorView.m in Sources */ = {isa = PBXBuildFile; fileRef = 15550D0B1BB0F03B00471D62 /* ErrorView.m */; };
		15550D6C1BB0F03B00471D62 /* LoginView.m in Sources */ = {isa = PBXBuildFile; fileRef = 15550D0E1BB0F03B00471D62 /* LoginView.m */; };
		15550D6D1BB0F03B00471D62 /* NavigationView.m in Sources */ = {isa = PBXBuildFile; fileRef = 15550D111BB0F03B00471D62 /* NavigationView.m */; };
		15550D6E1BB0F03B00471D62 /* NavigationViewCell.m in Sources */ = {isa = PBXBuildFile; fileRef = 15550D131BB0F03B00471D62 /* NavigationViewCell.m */; };
		15550D6F1BB0F03B00471D62 /* NotificationCell.m in Sources */ = {isa = PBXBuildFile; fileRef = 15550D161BB0F03B00471D62 /* NotificationCell.m */; };
		15550D701BB0F03B00471D62 /* NotificationDetailView.m in Sources */ = {isa = PBXBuildFile; fileRef = 15550D181BB0F03B00471D62 /* NotificationDetailView.m */; };
		15550D711BB0F03B00471D62 /* NotificationView.m in Sources */ = {isa = PBXBuildFile; fileRef = 15550D1A1BB0F03B00471D62 /* NotificationView.m */; };
		15550D721BB0F03B00471D62 /* NotificationViewFlowLayout.m in Sources */ = {isa = PBXBuildFile; fileRef = 15550D1C1BB0F03B00471D62 /* NotificationViewFlowLayout.m */; };
		15550D751BB0F06100471D62 /* SettingController.m in Sources */ = {isa = PBXBuildFile; fileRef = 15550D741BB0F06100471D62 /* SettingController.m */; };
		15550D781BB0F98A00471D62 /* SettingView.m in Sources */ = {isa = PBXBuildFile; fileRef = 15550D771BB0F98A00471D62 /* SettingView.m */; };
		15550D7B1BB0FE8F00471D62 /* SettingViewCell.m in Sources */ = {isa = PBXBuildFile; fileRef = 15550D7A1BB0FE8F00471D62 /* SettingViewCell.m */; };
		15550D7E1BB0FEC500471D62 /* SettingViewFlowLayout.m in Sources */ = {isa = PBXBuildFile; fileRef = 15550D7D1BB0FEC500471D62 /* SettingViewFlowLayout.m */; };
		15550D811BB1036200471D62 /* SettingData.m in Sources */ = {isa = PBXBuildFile; fileRef = 15550D801BB1036200471D62 /* SettingData.m */; };
		15550D841BB1222000471D62 /* SelectionViewCell.m in Sources */ = {isa = PBXBuildFile; fileRef = 15550D831BB1222000471D62 /* SelectionViewCell.m */; };
		15550D881BB149B700471D62 /* AlertSelectionView.m in Sources */ = {isa = PBXBuildFile; fileRef = 15550D871BB149B700471D62 /* AlertSelectionView.m */; };
		1559785D1BC57B750059C43F /* AlertTriggersController.m in Sources */ = {isa = PBXBuildFile; fileRef = 1559785C1BC57B750059C43F /* AlertTriggersController.m */; };
		155978601BC57C220059C43F /* AlertTriggersView.m in Sources */ = {isa = PBXBuildFile; fileRef = 1559785F1BC57C220059C43F /* AlertTriggersView.m */; };
		155978631BC58AB70059C43F /* AlertTriggerCalculatorView.m in Sources */ = {isa = PBXBuildFile; fileRef = 155978621BC58AB70059C43F /* AlertTriggerCalculatorView.m */; };
		1591698C1BBD899D00846CB7 /* TranditionalChinese.plist in Resources */ = {isa = PBXBuildFile; fileRef = 1591698B1BBD899D00846CB7 /* TranditionalChinese.plist */; };
		1591698E1BBD89AE00846CB7 /* English.plist in Resources */ = {isa = PBXBuildFile; fileRef = 1591698D1BBD89AE00846CB7 /* English.plist */; };
		159169901BBD89B900846CB7 /* Japanese.plist in Resources */ = {isa = PBXBuildFile; fileRef = 1591698F1BBD89B900846CB7 /* Japanese.plist */; };
		159169931BBD8F7500846CB7 /* LocalizationManager.m in Sources */ = {isa = PBXBuildFile; fileRef = 159169921BBD8F7500846CB7 /* LocalizationManager.m */; };
		159E4A3B1BA66D7200EFC3D2 /* AVFoundation.framework in Frameworks */ = {isa = PBXBuildFile; fileRef = 159E4A3A1BA66D7200EFC3D2 /* AVFoundation.framework */; };
		15C476211BD3BBC300D9826B /* Launch Screen.storyboard in Resources */ = {isa = PBXBuildFile; fileRef = 15C476201BD3BBC300D9826B /* Launch Screen.storyboard */; };
		15CACE0B1BA5276300DFD26B /* main.m in Sources */ = {isa = PBXBuildFile; fileRef = 15CACE0A1BA5276300DFD26B /* main.m */; };
		15CACE0E1BA5276300DFD26B /* AppDelegate.m in Sources */ = {isa = PBXBuildFile; fileRef = 15CACE0D1BA5276300DFD26B /* AppDelegate.m */; };
		15CACE161BA5276300DFD26B /* Images.xcassets in Resources */ = {isa = PBXBuildFile; fileRef = 15CACE151BA5276300DFD26B /* Images.xcassets */; };
		15CACE251BA5276300DFD26B /* calamari_ios_clientTests.m in Sources */ = {isa = PBXBuildFile; fileRef = 15CACE241BA5276300DFD26B /* calamari_ios_clientTests.m */; };
		15CFFA361BCCC37A008CFBB7 /* TimePeriodController.m in Sources */ = {isa = PBXBuildFile; fileRef = 15CFFA351BCCC37A008CFBB7 /* TimePeriodController.m */; };
		15CFFA391BCCC43F008CFBB7 /* TimePeriodView.m in Sources */ = {isa = PBXBuildFile; fileRef = 15CFFA381BCCC43F008CFBB7 /* TimePeriodView.m */; };
		15CFFA3C1BCCDE82008CFBB7 /* ClockSettingView.m in Sources */ = {isa = PBXBuildFile; fileRef = 15CFFA3B1BCCDE82008CFBB7 /* ClockSettingView.m */; };
		15E2DC7B1BE7BF3600B33650 /* mute.mp3 in Resources */ = {isa = PBXBuildFile; fileRef = 15E2DC7A1BE7BF3600B33650 /* mute.mp3 */; };
		394DB26A1C2301890071C016 /* HelpView.m in Sources */ = {isa = PBXBuildFile; fileRef = 394DB2691C2301890071C016 /* HelpView.m */; };
		39610B741BFB32040077E806 /* TestNewApi.m in Sources */ = {isa = PBXBuildFile; fileRef = 39610B731BFB32040077E806 /* TestNewApi.m */; };
		4F2D199058C3A0107D7AE603 /* libPods-calamari_ios_client.a in Frameworks */ = {isa = PBXBuildFile; fileRef = D6D56DBF74FAD2FCBB66FDFC /* libPods-calamari_ios_client.a */; };
/* End PBXBuildFile section */

/* Begin PBXContainerItemProxy section */
		15CACE1F1BA5276300DFD26B /* PBXContainerItemProxy */ = {
			isa = PBXContainerItemProxy;
			containerPortal = 15CACDFD1BA5276300DFD26B /* Project object */;
			proxyType = 1;
			remoteGlobalIDString = 15CACE041BA5276300DFD26B;
			remoteInfo = calamari_ios_client;
		};
/* End PBXContainerItemProxy section */

/* Begin PBXFileReference section */
		15295C491BB240230005A1B5 /* AlertSelectionViewCell.h */ = {isa = PBXFileReference; fileEncoding = 4; lastKnownFileType = sourcecode.c.h; path = AlertSelectionViewCell.h; sourceTree = "<group>"; };
		15295C4A1BB240230005A1B5 /* AlertSelectionViewCell.m */ = {isa = PBXFileReference; fileEncoding = 4; lastKnownFileType = sourcecode.c.objc; path = AlertSelectionViewCell.m; sourceTree = "<group>"; };
		15550C561BB0F03B00471D62 /* ClusterHealthController.h */ = {isa = PBXFileReference; fileEncoding = 4; lastKnownFileType = sourcecode.c.h; path = ClusterHealthController.h; sourceTree = "<group>"; };
		15550C571BB0F03B00471D62 /* ClusterHealthController.m */ = {isa = PBXFileReference; fileEncoding = 4; lastKnownFileType = sourcecode.c.objc; path = ClusterHealthController.m; sourceTree = "<group>"; };
		15550C591BB0F03B00471D62 /* BaseController.h */ = {isa = PBXFileReference; fileEncoding = 4; lastKnownFileType = sourcecode.c.h; path = BaseController.h; sourceTree = "<group>"; };
		15550C5A1BB0F03B00471D62 /* BaseController.m */ = {isa = PBXFileReference; fileEncoding = 4; lastKnownFileType = sourcecode.c.objc; path = BaseController.m; sourceTree = "<group>"; };
		15550C5B1BB0F03B00471D62 /* HealthDetailController.h */ = {isa = PBXFileReference; fileEncoding = 4; lastKnownFileType = sourcecode.c.h; path = HealthDetailController.h; sourceTree = "<group>"; };
		15550C5C1BB0F03B00471D62 /* HealthDetailController.m */ = {isa = PBXFileReference; fileEncoding = 4; lastKnownFileType = sourcecode.c.objc; path = HealthDetailController.m; sourceTree = "<group>"; };
		15550C5D1BB0F03B00471D62 /* HostDetailController.h */ = {isa = PBXFileReference; fileEncoding = 4; lastKnownFileType = sourcecode.c.h; path = HostDetailController.h; sourceTree = "<group>"; };
		15550C5E1BB0F03B00471D62 /* HostDetailController.m */ = {isa = PBXFileReference; fileEncoding = 4; lastKnownFileType = sourcecode.c.objc; path = HostDetailController.m; sourceTree = "<group>"; };
		15550C5F1BB0F03B00471D62 /* HostHealthController.h */ = {isa = PBXFileReference; fileEncoding = 4; lastKnownFileType = sourcecode.c.h; path = HostHealthController.h; sourceTree = "<group>"; };
		15550C601BB0F03B00471D62 /* HostHealthController.m */ = {isa = PBXFileReference; fileEncoding = 4; lastKnownFileType = sourcecode.c.objc; path = HostHealthController.m; sourceTree = "<group>"; };
		15550C611BB0F03B00471D62 /* MONHealthController.h */ = {isa = PBXFileReference; fileEncoding = 4; lastKnownFileType = sourcecode.c.h; path = MONHealthController.h; sourceTree = "<group>"; };
		15550C621BB0F03B00471D62 /* MONHealthController.m */ = {isa = PBXFileReference; fileEncoding = 4; lastKnownFileType = sourcecode.c.objc; path = MONHealthController.m; sourceTree = "<group>"; };
		15550C631BB0F03B00471D62 /* OSDDetailController.h */ = {isa = PBXFileReference; fileEncoding = 4; lastKnownFileType = sourcecode.c.h; path = OSDDetailController.h; sourceTree = "<group>"; };
		15550C641BB0F03B00471D62 /* OSDDetailController.m */ = {isa = PBXFileReference; fileEncoding = 4; lastKnownFileType = sourcecode.c.objc; path = OSDDetailController.m; sourceTree = "<group>"; };
		15550C651BB0F03B00471D62 /* OSDHealthController.h */ = {isa = PBXFileReference; fileEncoding = 4; lastKnownFileType = sourcecode.c.h; path = OSDHealthController.h; sourceTree = "<group>"; };
		15550C661BB0F03B00471D62 /* OSDHealthController.m */ = {isa = PBXFileReference; fileEncoding = 4; lastKnownFileType = sourcecode.c.objc; path = OSDHealthController.m; sourceTree = "<group>"; };
		15550C671BB0F03B00471D62 /* PGStatusController.h */ = {isa = PBXFileReference; fileEncoding = 4; lastKnownFileType = sourcecode.c.h; path = PGStatusController.h; sourceTree = "<group>"; };
		15550C681BB0F03B00471D62 /* PGStatusController.m */ = {isa = PBXFileReference; fileEncoding = 4; lastKnownFileType = sourcecode.c.objc; path = PGStatusController.m; sourceTree = "<group>"; };
		15550C691BB0F03B00471D62 /* PoolIOPSController.h */ = {isa = PBXFileReference; fileEncoding = 4; lastKnownFileType = sourcecode.c.h; path = PoolIOPSController.h; sourceTree = "<group>"; };
		15550C6A1BB0F03B00471D62 /* PoolIOPSController.m */ = {isa = PBXFileReference; fileEncoding = 4; lastKnownFileType = sourcecode.c.objc; path = PoolIOPSController.m; sourceTree = "<group>"; };
		15550C6B1BB0F03B00471D62 /* PoolListController.h */ = {isa = PBXFileReference; fileEncoding = 4; lastKnownFileType = sourcecode.c.h; path = PoolListController.h; sourceTree = "<group>"; };
		15550C6C1BB0F03B00471D62 /* PoolListController.m */ = {isa = PBXFileReference; fileEncoding = 4; lastKnownFileType = sourcecode.c.objc; path = PoolListController.m; sourceTree = "<group>"; };
		15550C6D1BB0F03B00471D62 /* UsageController.h */ = {isa = PBXFileReference; fileEncoding = 4; lastKnownFileType = sourcecode.c.h; path = UsageController.h; sourceTree = "<group>"; };
		15550C6E1BB0F03B00471D62 /* UsageController.m */ = {isa = PBXFileReference; fileEncoding = 4; lastKnownFileType = sourcecode.c.objc; path = UsageController.m; sourceTree = "<group>"; };
		15550C701BB0F03B00471D62 /* CustomNavigationController.h */ = {isa = PBXFileReference; fileEncoding = 4; lastKnownFileType = sourcecode.c.h; path = CustomNavigationController.h; sourceTree = "<group>"; };
		15550C711BB0F03B00471D62 /* CustomNavigationController.m */ = {isa = PBXFileReference; fileEncoding = 4; lastKnownFileType = sourcecode.c.objc; path = CustomNavigationController.m; sourceTree = "<group>"; };
		15550C731BB0F03B00471D62 /* LoginController.h */ = {isa = PBXFileReference; fileEncoding = 4; lastKnownFileType = sourcecode.c.h; path = LoginController.h; sourceTree = "<group>"; };
		15550C741BB0F03B00471D62 /* LoginController.m */ = {isa = PBXFileReference; fileEncoding = 4; lastKnownFileType = sourcecode.c.objc; path = LoginController.m; sourceTree = "<group>"; };
		15550C7A1BB0F03B00471D62 /* NotificationController.h */ = {isa = PBXFileReference; fileEncoding = 4; lastKnownFileType = sourcecode.c.h; path = NotificationController.h; sourceTree = "<group>"; };
		15550C7B1BB0F03B00471D62 /* NotificationController.m */ = {isa = PBXFileReference; fileEncoding = 4; lastKnownFileType = sourcecode.c.objc; path = NotificationController.m; sourceTree = "<group>"; };
		15550C7C1BB0F03B00471D62 /* NotificationDetailController.h */ = {isa = PBXFileReference; fileEncoding = 4; lastKnownFileType = sourcecode.c.h; path = NotificationDetailController.h; sourceTree = "<group>"; };
		15550C7D1BB0F03B00471D62 /* NotificationDetailController.m */ = {isa = PBXFileReference; fileEncoding = 4; lastKnownFileType = sourcecode.c.objc; path = NotificationDetailController.m; sourceTree = "<group>"; };
		15550C821BB0F03B00471D62 /* APIRecord.h */ = {isa = PBXFileReference; fileEncoding = 4; lastKnownFileType = sourcecode.c.h; path = APIRecord.h; sourceTree = "<group>"; };
		15550C831BB0F03B00471D62 /* APIRecord.m */ = {isa = PBXFileReference; fileEncoding = 4; lastKnownFileType = sourcecode.c.objc; path = APIRecord.m; sourceTree = "<group>"; };
		15550C841BB0F03B00471D62 /* ClusterData.h */ = {isa = PBXFileReference; fileEncoding = 4; lastKnownFileType = sourcecode.c.h; path = ClusterData.h; sourceTree = "<group>"; };
		15550C851BB0F03B00471D62 /* ClusterData.m */ = {isa = PBXFileReference; fileEncoding = 4; lastKnownFileType = sourcecode.c.objc; path = ClusterData.m; sourceTree = "<group>"; };
		15550C861BB0F03B00471D62 /* Cookies.h */ = {isa = PBXFileReference; fileEncoding = 4; lastKnownFileType = sourcecode.c.h; path = Cookies.h; sourceTree = "<group>"; };
		15550C871BB0F03B00471D62 /* Cookies.m */ = {isa = PBXFileReference; fileEncoding = 4; lastKnownFileType = sourcecode.c.objc; path = Cookies.m; sourceTree = "<group>"; };
		15550C881BB0F03B00471D62 /* HealthDetailData.h */ = {isa = PBXFileReference; fileEncoding = 4; lastKnownFileType = sourcecode.c.h; path = HealthDetailData.h; sourceTree = "<group>"; };
		15550C891BB0F03B00471D62 /* HealthDetailData.m */ = {isa = PBXFileReference; fileEncoding = 4; lastKnownFileType = sourcecode.c.objc; path = HealthDetailData.m; sourceTree = "<group>"; };
		15550C8A1BB0F03B00471D62 /* HostHealthData.h */ = {isa = PBXFileReference; fileEncoding = 4; lastKnownFileType = sourcecode.c.h; path = HostHealthData.h; sourceTree = "<group>"; };
		15550C8B1BB0F03B00471D62 /* HostHealthData.m */ = {isa = PBXFileReference; fileEncoding = 4; lastKnownFileType = sourcecode.c.objc; path = HostHealthData.m; sourceTree = "<group>"; };
		15550C8C1BB0F03B00471D62 /* ImageData.h */ = {isa = PBXFileReference; fileEncoding = 4; lastKnownFileType = sourcecode.c.h; path = ImageData.h; sourceTree = "<group>"; };
		15550C8D1BB0F03B00471D62 /* ImageData.m */ = {isa = PBXFileReference; fileEncoding = 4; lastKnownFileType = sourcecode.c.objc; path = ImageData.m; sourceTree = "<group>"; };
		15550C8E1BB0F03B00471D62 /* MONHealthData.h */ = {isa = PBXFileReference; fileEncoding = 4; lastKnownFileType = sourcecode.c.h; path = MONHealthData.h; sourceTree = "<group>"; };
		15550C8F1BB0F03B00471D62 /* MONHealthData.m */ = {isa = PBXFileReference; fileEncoding = 4; lastKnownFileType = sourcecode.c.objc; path = MONHealthData.m; sourceTree = "<group>"; };
		15550C901BB0F03B00471D62 /* NotificationData.h */ = {isa = PBXFileReference; fileEncoding = 4; lastKnownFileType = sourcecode.c.h; path = NotificationData.h; sourceTree = "<group>"; };
		15550C911BB0F03B00471D62 /* NotificationData.m */ = {isa = PBXFileReference; fileEncoding = 4; lastKnownFileType = sourcecode.c.objc; path = NotificationData.m; sourceTree = "<group>"; };
		15550C921BB0F03B00471D62 /* OSDHealthData.h */ = {isa = PBXFileReference; fileEncoding = 4; lastKnownFileType = sourcecode.c.h; path = OSDHealthData.h; sourceTree = "<group>"; };
		15550C931BB0F03B00471D62 /* OSDHealthData.m */ = {isa = PBXFileReference; fileEncoding = 4; lastKnownFileType = sourcecode.c.objc; path = OSDHealthData.m; sourceTree = "<group>"; };
		15550C941BB0F03B00471D62 /* PGData.h */ = {isa = PBXFileReference; fileEncoding = 4; lastKnownFileType = sourcecode.c.h; path = PGData.h; sourceTree = "<group>"; };
		15550C951BB0F03B00471D62 /* PGData.m */ = {isa = PBXFileReference; fileEncoding = 4; lastKnownFileType = sourcecode.c.objc; path = PGData.m; sourceTree = "<group>"; };
		15550C961BB0F03B00471D62 /* UserData.h */ = {isa = PBXFileReference; fileEncoding = 4; lastKnownFileType = sourcecode.c.h; path = UserData.h; sourceTree = "<group>"; };
		15550C971BB0F03B00471D62 /* UserData.m */ = {isa = PBXFileReference; fileEncoding = 4; lastKnownFileType = sourcecode.c.objc; path = UserData.m; sourceTree = "<group>"; };
		15550C991BB0F03B00471D62 /* AnimationMaker.h */ = {isa = PBXFileReference; fileEncoding = 4; lastKnownFileType = sourcecode.c.h; path = AnimationMaker.h; sourceTree = "<group>"; };
		15550C9A1BB0F03B00471D62 /* AnimationMaker.m */ = {isa = PBXFileReference; fileEncoding = 4; lastKnownFileType = sourcecode.c.objc; path = AnimationMaker.m; sourceTree = "<group>"; };
		15550C9C1BB0F03B00471D62 /* UIColor+Reader.h */ = {isa = PBXFileReference; fileEncoding = 4; lastKnownFileType = sourcecode.c.h; path = "UIColor+Reader.h"; sourceTree = "<group>"; };
		15550C9D1BB0F03B00471D62 /* UIColor+Reader.m */ = {isa = PBXFileReference; fileEncoding = 4; lastKnownFileType = sourcecode.c.objc; path = "UIColor+Reader.m"; sourceTree = "<group>"; };
		15550C9E1BB0F03B00471D62 /* UINavigationBar+HeightMaker.h */ = {isa = PBXFileReference; fileEncoding = 4; lastKnownFileType = sourcecode.c.h; path = "UINavigationBar+HeightMaker.h"; sourceTree = "<group>"; };
		15550C9F1BB0F03B00471D62 /* UINavigationBar+HeightMaker.m */ = {isa = PBXFileReference; fileEncoding = 4; lastKnownFileType = sourcecode.c.objc; path = "UINavigationBar+HeightMaker.m"; sourceTree = "<group>"; };
		15550CA01BB0F03B00471D62 /* UIView+SizeMaker.h */ = {isa = PBXFileReference; fileEncoding = 4; lastKnownFileType = sourcecode.c.h; path = "UIView+SizeMaker.h"; sourceTree = "<group>"; };
		15550CA11BB0F03B00471D62 /* UIView+SizeMaker.m */ = {isa = PBXFileReference; fileEncoding = 4; lastKnownFileType = sourcecode.c.objc; path = "UIView+SizeMaker.m"; sourceTree = "<group>"; };
		15550CA31BB0F03B00471D62 /* CephAPI.h */ = {isa = PBXFileReference; fileEncoding = 4; lastKnownFileType = sourcecode.c.h; path = CephAPI.h; sourceTree = "<group>"; };
		15550CA41BB0F03B00471D62 /* CephAPI.m */ = {isa = PBXFileReference; fileEncoding = 4; lastKnownFileType = sourcecode.c.objc; path = CephAPI.m; sourceTree = "<group>"; };
		15550CA51BB0F03B00471D62 /* URLMaker.h */ = {isa = PBXFileReference; fileEncoding = 4; lastKnownFileType = sourcecode.c.h; path = URLMaker.h; sourceTree = "<group>"; };
		15550CA61BB0F03B00471D62 /* URLMaker.m */ = {isa = PBXFileReference; fileEncoding = 4; lastKnownFileType = sourcecode.c.objc; path = URLMaker.m; sourceTree = "<group>"; };
		15550CA71BB0F03B00471D62 /* DateMaker.h */ = {isa = PBXFileReference; fileEncoding = 4; lastKnownFileType = sourcecode.c.h; path = DateMaker.h; sourceTree = "<group>"; };
		15550CA81BB0F03B00471D62 /* DateMaker.m */ = {isa = PBXFileReference; fileEncoding = 4; lastKnownFileType = sourcecode.c.objc; path = DateMaker.m; sourceTree = "<group>"; };
		15550CA91BB0F03B00471D62 /* TextFieldChecker.h */ = {isa = PBXFileReference; fileEncoding = 4; lastKnownFileType = sourcecode.c.h; path = TextFieldChecker.h; sourceTree = "<group>"; };
		15550CAA1BB0F03B00471D62 /* TextFieldChecker.m */ = {isa = PBXFileReference; fileEncoding = 4; lastKnownFileType = sourcecode.c.objc; path = TextFieldChecker.m; sourceTree = "<group>"; };
		15550CB61BB0F03B00471D62 /* ClusterHealthCellBar.h */ = {isa = PBXFileReference; fileEncoding = 4; lastKnownFileType = sourcecode.c.h; path = ClusterHealthCellBar.h; sourceTree = "<group>"; };
		15550CB71BB0F03B00471D62 /* ClusterHealthCellBar.m */ = {isa = PBXFileReference; fileEncoding = 4; lastKnownFileType = sourcecode.c.objc; path = ClusterHealthCellBar.m; sourceTree = "<group>"; };
		15550CB81BB0F03B00471D62 /* ClusterHealthProgressLayer.h */ = {isa = PBXFileReference; fileEncoding = 4; lastKnownFileType = sourcecode.c.h; path = ClusterHealthProgressLayer.h; sourceTree = "<group>"; };
		15550CB91BB0F03B00471D62 /* ClusterHealthProgressLayer.m */ = {isa = PBXFileReference; fileEncoding = 4; lastKnownFileType = sourcecode.c.objc; path = ClusterHealthProgressLayer.m; sourceTree = "<group>"; };
		15550CBA1BB0F03B00471D62 /* ClusterHealthView.h */ = {isa = PBXFileReference; fileEncoding = 4; lastKnownFileType = sourcecode.c.h; path = ClusterHealthView.h; sourceTree = "<group>"; };
		15550CBB1BB0F03B00471D62 /* ClusterHealthView.m */ = {isa = PBXFileReference; fileEncoding = 4; lastKnownFileType = sourcecode.c.objc; path = ClusterHealthView.m; sourceTree = "<group>"; };
		15550CBC1BB0F03B00471D62 /* ClusterHealthViewCell.h */ = {isa = PBXFileReference; fileEncoding = 4; lastKnownFileType = sourcecode.c.h; path = ClusterHealthViewCell.h; sourceTree = "<group>"; };
		15550CBD1BB0F03B00471D62 /* ClusterHealthViewCell.m */ = {isa = PBXFileReference; fileEncoding = 4; lastKnownFileType = sourcecode.c.objc; path = ClusterHealthViewCell.m; sourceTree = "<group>"; };
		15550CBE1BB0F03B00471D62 /* ClusterHealthViewFlowLayout.h */ = {isa = PBXFileReference; fileEncoding = 4; lastKnownFileType = sourcecode.c.h; path = ClusterHealthViewFlowLayout.h; sourceTree = "<group>"; };
		15550CBF1BB0F03B00471D62 /* ClusterHealthViewFlowLayout.m */ = {isa = PBXFileReference; fileEncoding = 4; lastKnownFileType = sourcecode.c.objc; path = ClusterHealthViewFlowLayout.m; sourceTree = "<group>"; };
		15550CC21BB0F03B00471D62 /* HealthDetailView.h */ = {isa = PBXFileReference; fileEncoding = 4; lastKnownFileType = sourcecode.c.h; path = HealthDetailView.h; sourceTree = "<group>"; };
		15550CC31BB0F03B00471D62 /* HealthDetailView.m */ = {isa = PBXFileReference; fileEncoding = 4; lastKnownFileType = sourcecode.c.objc; path = HealthDetailView.m; sourceTree = "<group>"; };
		15550CC41BB0F03B00471D62 /* HealthDetailViewCell.h */ = {isa = PBXFileReference; fileEncoding = 4; lastKnownFileType = sourcecode.c.h; path = HealthDetailViewCell.h; sourceTree = "<group>"; };
		15550CC51BB0F03B00471D62 /* HealthDetailViewCell.m */ = {isa = PBXFileReference; fileEncoding = 4; lastKnownFileType = sourcecode.c.objc; path = HealthDetailViewCell.m; sourceTree = "<group>"; };
		15550CC71BB0F03B00471D62 /* CPUIOPSView.h */ = {isa = PBXFileReference; fileEncoding = 4; lastKnownFileType = sourcecode.c.h; path = CPUIOPSView.h; sourceTree = "<group>"; };
		15550CC81BB0F03B00471D62 /* CPUIOPSView.m */ = {isa = PBXFileReference; fileEncoding = 4; lastKnownFileType = sourcecode.c.objc; path = CPUIOPSView.m; sourceTree = "<group>"; };
		15550CC91BB0F03B00471D62 /* CPULineBrokenView.h */ = {isa = PBXFileReference; fileEncoding = 4; lastKnownFileType = sourcecode.c.h; path = CPULineBrokenView.h; sourceTree = "<group>"; };
		15550CCA1BB0F03B00471D62 /* CPULineBrokenView.m */ = {isa = PBXFileReference; fileEncoding = 4; lastKnownFileType = sourcecode.c.objc; path = CPULineBrokenView.m; sourceTree = "<group>"; };
		15550CCB1BB0F03B00471D62 /* CPUSquareView.h */ = {isa = PBXFileReference; fileEncoding = 4; lastKnownFileType = sourcecode.c.h; path = CPUSquareView.h; sourceTree = "<group>"; };
		15550CCC1BB0F03B00471D62 /* CPUSquareView.m */ = {isa = PBXFileReference; fileEncoding = 4; lastKnownFileType = sourcecode.c.objc; path = CPUSquareView.m; sourceTree = "<group>"; };
		15550CCD1BB0F03B00471D62 /* HostDetailHeaderView.h */ = {isa = PBXFileReference; fileEncoding = 4; lastKnownFileType = sourcecode.c.h; path = HostDetailHeaderView.h; sourceTree = "<group>"; };
		15550CCE1BB0F03B00471D62 /* HostDetailHeaderView.m */ = {isa = PBXFileReference; fileEncoding = 4; lastKnownFileType = sourcecode.c.objc; path = HostDetailHeaderView.m; sourceTree = "<group>"; };
		15550CCF1BB0F03B00471D62 /* HostDetailView.h */ = {isa = PBXFileReference; fileEncoding = 4; lastKnownFileType = sourcecode.c.h; path = HostDetailView.h; sourceTree = "<group>"; };
		15550CD01BB0F03B00471D62 /* HostDetailView.m */ = {isa = PBXFileReference; fileEncoding = 4; lastKnownFileType = sourcecode.c.objc; path = HostDetailView.m; sourceTree = "<group>"; };
		15550CD11BB0F03B00471D62 /* HostDetailViewCell.h */ = {isa = PBXFileReference; fileEncoding = 4; lastKnownFileType = sourcecode.c.h; path = HostDetailViewCell.h; sourceTree = "<group>"; };
		15550CD21BB0F03B00471D62 /* HostDetailViewCell.m */ = {isa = PBXFileReference; fileEncoding = 4; lastKnownFileType = sourcecode.c.objc; path = HostDetailViewCell.m; sourceTree = "<group>"; };
		15550CD31BB0F03B00471D62 /* HostDetailViewFlowLayout.h */ = {isa = PBXFileReference; fileEncoding = 4; lastKnownFileType = sourcecode.c.h; path = HostDetailViewFlowLayout.h; sourceTree = "<group>"; };
		15550CD41BB0F03B00471D62 /* HostDetailViewFlowLayout.m */ = {isa = PBXFileReference; fileEncoding = 4; lastKnownFileType = sourcecode.c.objc; path = HostDetailViewFlowLayout.m; sourceTree = "<group>"; };
		15550CD61BB0F03B00471D62 /* HostHealthFlowLayout.h */ = {isa = PBXFileReference; fileEncoding = 4; lastKnownFileType = sourcecode.c.h; path = HostHealthFlowLayout.h; sourceTree = "<group>"; };
		15550CD71BB0F03B00471D62 /* HostHealthFlowLayout.m */ = {isa = PBXFileReference; fileEncoding = 4; lastKnownFileType = sourcecode.c.objc; path = HostHealthFlowLayout.m; sourceTree = "<group>"; };
		15550CD81BB0F03B00471D62 /* HostHealthView.h */ = {isa = PBXFileReference; fileEncoding = 4; lastKnownFileType = sourcecode.c.h; path = HostHealthView.h; sourceTree = "<group>"; };
		15550CD91BB0F03B00471D62 /* HostHealthView.m */ = {isa = PBXFileReference; fileEncoding = 4; lastKnownFileType = sourcecode.c.objc; path = HostHealthView.m; sourceTree = "<group>"; };
		15550CDA1BB0F03B00471D62 /* HostHealthViewCell.h */ = {isa = PBXFileReference; fileEncoding = 4; lastKnownFileType = sourcecode.c.h; path = HostHealthViewCell.h; sourceTree = "<group>"; };
		15550CDB1BB0F03B00471D62 /* HostHealthViewCell.m */ = {isa = PBXFileReference; fileEncoding = 4; lastKnownFileType = sourcecode.c.objc; path = HostHealthViewCell.m; sourceTree = "<group>"; };
		15550CDD1BB0F03B00471D62 /* MONHealthCell.h */ = {isa = PBXFileReference; fileEncoding = 4; lastKnownFileType = sourcecode.c.h; path = MONHealthCell.h; sourceTree = "<group>"; };
		15550CDE1BB0F03B00471D62 /* MONHealthCell.m */ = {isa = PBXFileReference; fileEncoding = 4; lastKnownFileType = sourcecode.c.objc; path = MONHealthCell.m; sourceTree = "<group>"; };
		15550CDF1BB0F03B00471D62 /* MONHealthFlowLayout.h */ = {isa = PBXFileReference; fileEncoding = 4; lastKnownFileType = sourcecode.c.h; path = MONHealthFlowLayout.h; sourceTree = "<group>"; };
		15550CE01BB0F03B00471D62 /* MONHealthFlowLayout.m */ = {isa = PBXFileReference; fileEncoding = 4; lastKnownFileType = sourcecode.c.objc; path = MONHealthFlowLayout.m; sourceTree = "<group>"; };
		15550CE11BB0F03B00471D62 /* MONHealthView.h */ = {isa = PBXFileReference; fileEncoding = 4; lastKnownFileType = sourcecode.c.h; path = MONHealthView.h; sourceTree = "<group>"; };
		15550CE21BB0F03B00471D62 /* MONHealthView.m */ = {isa = PBXFileReference; fileEncoding = 4; lastKnownFileType = sourcecode.c.objc; path = MONHealthView.m; sourceTree = "<group>"; };
		15550CE41BB0F03B00471D62 /* OSDDetailView.h */ = {isa = PBXFileReference; fileEncoding = 4; lastKnownFileType = sourcecode.c.h; path = OSDDetailView.h; sourceTree = "<group>"; };
		15550CE51BB0F03B00471D62 /* OSDDetailView.m */ = {isa = PBXFileReference; fileEncoding = 4; lastKnownFileType = sourcecode.c.objc; path = OSDDetailView.m; sourceTree = "<group>"; };
		15550CE71BB0F03B00471D62 /* OSDHeaderView.h */ = {isa = PBXFileReference; fileEncoding = 4; lastKnownFileType = sourcecode.c.h; path = OSDHeaderView.h; sourceTree = "<group>"; };
		15550CE81BB0F03B00471D62 /* OSDHeaderView.m */ = {isa = PBXFileReference; fileEncoding = 4; lastKnownFileType = sourcecode.c.objc; path = OSDHeaderView.m; sourceTree = "<group>"; };
		15550CE91BB0F03B00471D62 /* OSDHealthView.h */ = {isa = PBXFileReference; fileEncoding = 4; lastKnownFileType = sourcecode.c.h; path = OSDHealthView.h; sourceTree = "<group>"; };
		15550CEA1BB0F03B00471D62 /* OSDHealthView.m */ = {isa = PBXFileReference; fileEncoding = 4; lastKnownFileType = sourcecode.c.objc; path = OSDHealthView.m; sourceTree = "<group>"; };
		15550CEB1BB0F03B00471D62 /* OSDHealthViewCell.h */ = {isa = PBXFileReference; fileEncoding = 4; lastKnownFileType = sourcecode.c.h; path = OSDHealthViewCell.h; sourceTree = "<group>"; };
		15550CEC1BB0F03B00471D62 /* OSDHealthViewCell.m */ = {isa = PBXFileReference; fileEncoding = 4; lastKnownFileType = sourcecode.c.objc; path = OSDHealthViewCell.m; sourceTree = "<group>"; };
		15550CED1BB0F03B00471D62 /* OSDViewFLowLayout.h */ = {isa = PBXFileReference; fileEncoding = 4; lastKnownFileType = sourcecode.c.h; path = OSDViewFLowLayout.h; sourceTree = "<group>"; };
		15550CEE1BB0F03B00471D62 /* OSDViewFLowLayout.m */ = {isa = PBXFileReference; fileEncoding = 4; lastKnownFileType = sourcecode.c.objc; path = OSDViewFLowLayout.m; sourceTree = "<group>"; };
		15550CF01BB0F03B00471D62 /* PGStatusFlowLayout.h */ = {isa = PBXFileReference; fileEncoding = 4; lastKnownFileType = sourcecode.c.h; path = PGStatusFlowLayout.h; sourceTree = "<group>"; };
		15550CF11BB0F03B00471D62 /* PGStatusFlowLayout.m */ = {isa = PBXFileReference; fileEncoding = 4; lastKnownFileType = sourcecode.c.objc; path = PGStatusFlowLayout.m; sourceTree = "<group>"; };
		15550CF21BB0F03B00471D62 /* PGStatusView.h */ = {isa = PBXFileReference; fileEncoding = 4; lastKnownFileType = sourcecode.c.h; path = PGStatusView.h; sourceTree = "<group>"; };
		15550CF31BB0F03B00471D62 /* PGStatusView.m */ = {isa = PBXFileReference; fileEncoding = 4; lastKnownFileType = sourcecode.c.objc; path = PGStatusView.m; sourceTree = "<group>"; };
		15550CF41BB0F03B00471D62 /* PGStatusViewCell.h */ = {isa = PBXFileReference; fileEncoding = 4; lastKnownFileType = sourcecode.c.h; path = PGStatusViewCell.h; sourceTree = "<group>"; };
		15550CF51BB0F03B00471D62 /* PGStatusViewCell.m */ = {isa = PBXFileReference; fileEncoding = 4; lastKnownFileType = sourcecode.c.objc; path = PGStatusViewCell.m; sourceTree = "<group>"; };
		15550CF71BB0F03B00471D62 /* IOPSDetailChartView.h */ = {isa = PBXFileReference; fileEncoding = 4; lastKnownFileType = sourcecode.c.h; path = IOPSDetailChartView.h; sourceTree = "<group>"; };
		15550CF81BB0F03B00471D62 /* IOPSDetailChartView.m */ = {isa = PBXFileReference; fileEncoding = 4; lastKnownFileType = sourcecode.c.objc; path = IOPSDetailChartView.m; sourceTree = "<group>"; };
		15550CF91BB0F03B00471D62 /* PoolIOPSView.h */ = {isa = PBXFileReference; fileEncoding = 4; lastKnownFileType = sourcecode.c.h; path = PoolIOPSView.h; sourceTree = "<group>"; };
		15550CFA1BB0F03B00471D62 /* PoolIOPSView.m */ = {isa = PBXFileReference; fileEncoding = 4; lastKnownFileType = sourcecode.c.objc; path = PoolIOPSView.m; sourceTree = "<group>"; };
		15550CFB1BB0F03B00471D62 /* PoolIOPSViewCell.h */ = {isa = PBXFileReference; fileEncoding = 4; lastKnownFileType = sourcecode.c.h; path = PoolIOPSViewCell.h; sourceTree = "<group>"; };
		15550CFC1BB0F03B00471D62 /* PoolIOPSViewCell.m */ = {isa = PBXFileReference; fileEncoding = 4; lastKnownFileType = sourcecode.c.objc; path = PoolIOPSViewCell.m; sourceTree = "<group>"; };
		15550CFD1BB0F03B00471D62 /* PoolIOPSViewFlowLayout.h */ = {isa = PBXFileReference; fileEncoding = 4; lastKnownFileType = sourcecode.c.h; path = PoolIOPSViewFlowLayout.h; sourceTree = "<group>"; };
		15550CFE1BB0F03B00471D62 /* PoolIOPSViewFlowLayout.m */ = {isa = PBXFileReference; fileEncoding = 4; lastKnownFileType = sourcecode.c.objc; path = PoolIOPSViewFlowLayout.m; sourceTree = "<group>"; };
		15550D001BB0F03B00471D62 /* PoolListView.h */ = {isa = PBXFileReference; fileEncoding = 4; lastKnownFileType = sourcecode.c.h; path = PoolListView.h; sourceTree = "<group>"; };
		15550D011BB0F03B00471D62 /* PoolListView.m */ = {isa = PBXFileReference; fileEncoding = 4; lastKnownFileType = sourcecode.c.objc; path = PoolListView.m; sourceTree = "<group>"; };
		15550D021BB0F03B00471D62 /* PoolListViewCell.h */ = {isa = PBXFileReference; fileEncoding = 4; lastKnownFileType = sourcecode.c.h; path = PoolListViewCell.h; sourceTree = "<group>"; };
		15550D031BB0F03B00471D62 /* PoolListViewCell.m */ = {isa = PBXFileReference; fileEncoding = 4; lastKnownFileType = sourcecode.c.objc; path = PoolListViewCell.m; sourceTree = "<group>"; };
		15550D051BB0F03B00471D62 /* UsageStatusView.h */ = {isa = PBXFileReference; fileEncoding = 4; lastKnownFileType = sourcecode.c.h; path = UsageStatusView.h; sourceTree = "<group>"; };
		15550D061BB0F03B00471D62 /* UsageStatusView.m */ = {isa = PBXFileReference; fileEncoding = 4; lastKnownFileType = sourcecode.c.objc; path = UsageStatusView.m; sourceTree = "<group>"; };
		15550D071BB0F03B00471D62 /* IOPSChartView.h */ = {isa = PBXFileReference; fileEncoding = 4; lastKnownFileType = sourcecode.c.h; path = IOPSChartView.h; sourceTree = "<group>"; };
		15550D081BB0F03B00471D62 /* IOPSChartView.m */ = {isa = PBXFileReference; fileEncoding = 4; lastKnownFileType = sourcecode.c.objc; path = IOPSChartView.m; sourceTree = "<group>"; };
		15550D0A1BB0F03B00471D62 /* ErrorView.h */ = {isa = PBXFileReference; fileEncoding = 4; lastKnownFileType = sourcecode.c.h; path = ErrorView.h; sourceTree = "<group>"; };
		15550D0B1BB0F03B00471D62 /* ErrorView.m */ = {isa = PBXFileReference; fileEncoding = 4; lastKnownFileType = sourcecode.c.objc; path = ErrorView.m; sourceTree = "<group>"; };
		15550D0D1BB0F03B00471D62 /* LoginView.h */ = {isa = PBXFileReference; fileEncoding = 4; lastKnownFileType = sourcecode.c.h; path = LoginView.h; sourceTree = "<group>"; };
		15550D0E1BB0F03B00471D62 /* LoginView.m */ = {isa = PBXFileReference; fileEncoding = 4; lastKnownFileType = sourcecode.c.objc; path = LoginView.m; sourceTree = "<group>"; };
		15550D101BB0F03B00471D62 /* NavigationView.h */ = {isa = PBXFileReference; fileEncoding = 4; lastKnownFileType = sourcecode.c.h; path = NavigationView.h; sourceTree = "<group>"; };
		15550D111BB0F03B00471D62 /* NavigationView.m */ = {isa = PBXFileReference; fileEncoding = 4; lastKnownFileType = sourcecode.c.objc; path = NavigationView.m; sourceTree = "<group>"; };
		15550D121BB0F03B00471D62 /* NavigationViewCell.h */ = {isa = PBXFileReference; fileEncoding = 4; lastKnownFileType = sourcecode.c.h; path = NavigationViewCell.h; sourceTree = "<group>"; };
		15550D131BB0F03B00471D62 /* NavigationViewCell.m */ = {isa = PBXFileReference; fileEncoding = 4; lastKnownFileType = sourcecode.c.objc; path = NavigationViewCell.m; sourceTree = "<group>"; };
		15550D151BB0F03B00471D62 /* NotificationCell.h */ = {isa = PBXFileReference; fileEncoding = 4; lastKnownFileType = sourcecode.c.h; path = NotificationCell.h; sourceTree = "<group>"; };
		15550D161BB0F03B00471D62 /* NotificationCell.m */ = {isa = PBXFileReference; fileEncoding = 4; lastKnownFileType = sourcecode.c.objc; path = NotificationCell.m; sourceTree = "<group>"; };
		15550D171BB0F03B00471D62 /* NotificationDetailView.h */ = {isa = PBXFileReference; fileEncoding = 4; lastKnownFileType = sourcecode.c.h; path = NotificationDetailView.h; sourceTree = "<group>"; };
		15550D181BB0F03B00471D62 /* NotificationDetailView.m */ = {isa = PBXFileReference; fileEncoding = 4; lastKnownFileType = sourcecode.c.objc; path = NotificationDetailView.m; sourceTree = "<group>"; };
		15550D191BB0F03B00471D62 /* NotificationView.h */ = {isa = PBXFileReference; fileEncoding = 4; lastKnownFileType = sourcecode.c.h; path = NotificationView.h; sourceTree = "<group>"; };
		15550D1A1BB0F03B00471D62 /* NotificationView.m */ = {isa = PBXFileReference; fileEncoding = 4; lastKnownFileType = sourcecode.c.objc; path = NotificationView.m; sourceTree = "<group>"; };
		15550D1B1BB0F03B00471D62 /* NotificationViewFlowLayout.h */ = {isa = PBXFileReference; fileEncoding = 4; lastKnownFileType = sourcecode.c.h; path = NotificationViewFlowLayout.h; sourceTree = "<group>"; };
		15550D1C1BB0F03B00471D62 /* NotificationViewFlowLayout.m */ = {isa = PBXFileReference; fileEncoding = 4; lastKnownFileType = sourcecode.c.objc; path = NotificationViewFlowLayout.m; sourceTree = "<group>"; };
		15550D731BB0F06100471D62 /* SettingController.h */ = {isa = PBXFileReference; fileEncoding = 4; lastKnownFileType = sourcecode.c.h; path = SettingController.h; sourceTree = "<group>"; };
		15550D741BB0F06100471D62 /* SettingController.m */ = {isa = PBXFileReference; fileEncoding = 4; lastKnownFileType = sourcecode.c.objc; path = SettingController.m; sourceTree = "<group>"; };
		15550D761BB0F98A00471D62 /* SettingView.h */ = {isa = PBXFileReference; fileEncoding = 4; lastKnownFileType = sourcecode.c.h; path = SettingView.h; sourceTree = "<group>"; };
		15550D771BB0F98A00471D62 /* SettingView.m */ = {isa = PBXFileReference; fileEncoding = 4; lastKnownFileType = sourcecode.c.objc; path = SettingView.m; sourceTree = "<group>"; };
		15550D791BB0FE8F00471D62 /* SettingViewCell.h */ = {isa = PBXFileReference; fileEncoding = 4; lastKnownFileType = sourcecode.c.h; path = SettingViewCell.h; sourceTree = "<group>"; };
		15550D7A1BB0FE8F00471D62 /* SettingViewCell.m */ = {isa = PBXFileReference; fileEncoding = 4; lastKnownFileType = sourcecode.c.objc; path = SettingViewCell.m; sourceTree = "<group>"; };
		15550D7C1BB0FEC500471D62 /* SettingViewFlowLayout.h */ = {isa = PBXFileReference; fileEncoding = 4; lastKnownFileType = sourcecode.c.h; path = SettingViewFlowLayout.h; sourceTree = "<group>"; };
		15550D7D1BB0FEC500471D62 /* SettingViewFlowLayout.m */ = {isa = PBXFileReference; fileEncoding = 4; lastKnownFileType = sourcecode.c.objc; path = SettingViewFlowLayout.m; sourceTree = "<group>"; };
		15550D7F1BB1036200471D62 /* SettingData.h */ = {isa = PBXFileReference; fileEncoding = 4; lastKnownFileType = sourcecode.c.h; path = SettingData.h; sourceTree = "<group>"; };
		15550D801BB1036200471D62 /* SettingData.m */ = {isa = PBXFileReference; fileEncoding = 4; lastKnownFileType = sourcecode.c.objc; path = SettingData.m; sourceTree = "<group>"; };
		15550D821BB1222000471D62 /* SelectionViewCell.h */ = {isa = PBXFileReference; fileEncoding = 4; lastKnownFileType = sourcecode.c.h; path = SelectionViewCell.h; sourceTree = "<group>"; };
		15550D831BB1222000471D62 /* SelectionViewCell.m */ = {isa = PBXFileReference; fileEncoding = 4; lastKnownFileType = sourcecode.c.objc; path = SelectionViewCell.m; sourceTree = "<group>"; };
		15550D861BB149B700471D62 /* AlertSelectionView.h */ = {isa = PBXFileReference; fileEncoding = 4; lastKnownFileType = sourcecode.c.h; path = AlertSelectionView.h; sourceTree = "<group>"; };
		15550D871BB149B700471D62 /* AlertSelectionView.m */ = {isa = PBXFileReference; fileEncoding = 4; lastKnownFileType = sourcecode.c.objc; path = AlertSelectionView.m; sourceTree = "<group>"; };
		1559785B1BC57B750059C43F /* AlertTriggersController.h */ = {isa = PBXFileReference; fileEncoding = 4; lastKnownFileType = sourcecode.c.h; path = AlertTriggersController.h; sourceTree = "<group>"; };
		1559785C1BC57B750059C43F /* AlertTriggersController.m */ = {isa = PBXFileReference; fileEncoding = 4; lastKnownFileType = sourcecode.c.objc; path = AlertTriggersController.m; sourceTree = "<group>"; };
		1559785E1BC57C220059C43F /* AlertTriggersView.h */ = {isa = PBXFileReference; fileEncoding = 4; lastKnownFileType = sourcecode.c.h; path = AlertTriggersView.h; sourceTree = "<group>"; };
		1559785F1BC57C220059C43F /* AlertTriggersView.m */ = {isa = PBXFileReference; fileEncoding = 4; lastKnownFileType = sourcecode.c.objc; path = AlertTriggersView.m; sourceTree = "<group>"; };
		155978611BC58AB70059C43F /* AlertTriggerCalculatorView.h */ = {isa = PBXFileReference; fileEncoding = 4; lastKnownFileType = sourcecode.c.h; path = AlertTriggerCalculatorView.h; sourceTree = "<group>"; };
		155978621BC58AB70059C43F /* AlertTriggerCalculatorView.m */ = {isa = PBXFileReference; fileEncoding = 4; lastKnownFileType = sourcecode.c.objc; path = AlertTriggerCalculatorView.m; sourceTree = "<group>"; };
		1591698B1BBD899D00846CB7 /* TranditionalChinese.plist */ = {isa = PBXFileReference; fileEncoding = 4; lastKnownFileType = text.plist.xml; path = TranditionalChinese.plist; sourceTree = "<group>"; };
		1591698D1BBD89AE00846CB7 /* English.plist */ = {isa = PBXFileReference; fileEncoding = 4; lastKnownFileType = text.plist.xml; path = English.plist; sourceTree = "<group>"; };
		1591698F1BBD89B900846CB7 /* Japanese.plist */ = {isa = PBXFileReference; fileEncoding = 4; lastKnownFileType = text.plist.xml; path = Japanese.plist; sourceTree = "<group>"; };
		159169911BBD8F7500846CB7 /* LocalizationManager.h */ = {isa = PBXFileReference; fileEncoding = 4; lastKnownFileType = sourcecode.c.h; path = LocalizationManager.h; sourceTree = "<group>"; };
		159169921BBD8F7500846CB7 /* LocalizationManager.m */ = {isa = PBXFileReference; fileEncoding = 4; lastKnownFileType = sourcecode.c.objc; path = LocalizationManager.m; sourceTree = "<group>"; };
		159E4A3A1BA66D7200EFC3D2 /* AVFoundation.framework */ = {isa = PBXFileReference; lastKnownFileType = wrapper.framework; name = AVFoundation.framework; path = System/Library/Frameworks/AVFoundation.framework; sourceTree = SDKROOT; };
		15C476201BD3BBC300D9826B /* Launch Screen.storyboard */ = {isa = PBXFileReference; fileEncoding = 4; lastKnownFileType = file.storyboard; path = "Launch Screen.storyboard"; sourceTree = "<group>"; };
		15CACE051BA5276300DFD26B /* calamari_ios_client.app */ = {isa = PBXFileReference; explicitFileType = wrapper.application; includeInIndex = 0; path = calamari_ios_client.app; sourceTree = BUILT_PRODUCTS_DIR; };
		15CACE091BA5276300DFD26B /* Info.plist */ = {isa = PBXFileReference; lastKnownFileType = text.plist.xml; path = Info.plist; sourceTree = "<group>"; };
		15CACE0A1BA5276300DFD26B /* main.m */ = {isa = PBXFileReference; lastKnownFileType = sourcecode.c.objc; path = main.m; sourceTree = "<group>"; };
		15CACE0C1BA5276300DFD26B /* AppDelegate.h */ = {isa = PBXFileReference; lastKnownFileType = sourcecode.c.h; path = AppDelegate.h; sourceTree = "<group>"; };
		15CACE0D1BA5276300DFD26B /* AppDelegate.m */ = {isa = PBXFileReference; lastKnownFileType = sourcecode.c.objc; path = AppDelegate.m; sourceTree = "<group>"; };
		15CACE151BA5276300DFD26B /* Images.xcassets */ = {isa = PBXFileReference; lastKnownFileType = folder.assetcatalog; path = Images.xcassets; sourceTree = "<group>"; };
		15CACE1E1BA5276300DFD26B /* calamari_ios_clientTests.xctest */ = {isa = PBXFileReference; explicitFileType = wrapper.cfbundle; includeInIndex = 0; path = calamari_ios_clientTests.xctest; sourceTree = BUILT_PRODUCTS_DIR; };
		15CACE231BA5276300DFD26B /* Info.plist */ = {isa = PBXFileReference; lastKnownFileType = text.plist.xml; path = Info.plist; sourceTree = "<group>"; };
		15CACE241BA5276300DFD26B /* calamari_ios_clientTests.m */ = {isa = PBXFileReference; lastKnownFileType = sourcecode.c.objc; path = calamari_ios_clientTests.m; sourceTree = "<group>"; };
		15CFFA341BCCC37A008CFBB7 /* TimePeriodController.h */ = {isa = PBXFileReference; fileEncoding = 4; lastKnownFileType = sourcecode.c.h; path = TimePeriodController.h; sourceTree = "<group>"; };
		15CFFA351BCCC37A008CFBB7 /* TimePeriodController.m */ = {isa = PBXFileReference; fileEncoding = 4; lastKnownFileType = sourcecode.c.objc; path = TimePeriodController.m; sourceTree = "<group>"; };
		15CFFA371BCCC43F008CFBB7 /* TimePeriodView.h */ = {isa = PBXFileReference; fileEncoding = 4; lastKnownFileType = sourcecode.c.h; path = TimePeriodView.h; sourceTree = "<group>"; };
		15CFFA381BCCC43F008CFBB7 /* TimePeriodView.m */ = {isa = PBXFileReference; fileEncoding = 4; lastKnownFileType = sourcecode.c.objc; path = TimePeriodView.m; sourceTree = "<group>"; };
		15CFFA3A1BCCDE82008CFBB7 /* ClockSettingView.h */ = {isa = PBXFileReference; fileEncoding = 4; lastKnownFileType = sourcecode.c.h; path = ClockSettingView.h; sourceTree = "<group>"; };
		15CFFA3B1BCCDE82008CFBB7 /* ClockSettingView.m */ = {isa = PBXFileReference; fileEncoding = 4; lastKnownFileType = sourcecode.c.objc; path = ClockSettingView.m; sourceTree = "<group>"; };
		15E2DC7A1BE7BF3600B33650 /* mute.mp3 */ = {isa = PBXFileReference; lastKnownFileType = audio.mp3; path = mute.mp3; sourceTree = "<group>"; };
		394DB2681C2301890071C016 /* HelpView.h */ = {isa = PBXFileReference; fileEncoding = 4; lastKnownFileType = sourcecode.c.h; path = HelpView.h; sourceTree = "<group>"; };
		394DB2691C2301890071C016 /* HelpView.m */ = {isa = PBXFileReference; fileEncoding = 4; lastKnownFileType = sourcecode.c.objc; path = HelpView.m; sourceTree = "<group>"; };
		39610B731BFB32040077E806 /* TestNewApi.m */ = {isa = PBXFileReference; fileEncoding = 4; lastKnownFileType = sourcecode.c.objc; path = TestNewApi.m; sourceTree = "<group>"; };
		A765B40473C3A8E0E63212ED /* Pods-calamari_ios_client.debug.xcconfig */ = {isa = PBXFileReference; includeInIndex = 1; lastKnownFileType = text.xcconfig; name = "Pods-calamari_ios_client.debug.xcconfig"; path = "Pods/Target Support Files/Pods-calamari_ios_client/Pods-calamari_ios_client.debug.xcconfig"; sourceTree = "<group>"; };
		D6D56DBF74FAD2FCBB66FDFC /* libPods-calamari_ios_client.a */ = {isa = PBXFileReference; explicitFileType = archive.ar; includeInIndex = 0; path = "libPods-calamari_ios_client.a"; sourceTree = BUILT_PRODUCTS_DIR; };
		DCD9E3BA2309249C5C33E062 /* Pods-calamari_ios_client.release.xcconfig */ = {isa = PBXFileReference; includeInIndex = 1; lastKnownFileType = text.xcconfig; name = "Pods-calamari_ios_client.release.xcconfig"; path = "Pods/Target Support Files/Pods-calamari_ios_client/Pods-calamari_ios_client.release.xcconfig"; sourceTree = "<group>"; };
/* End PBXFileReference section */

/* Begin PBXFrameworksBuildPhase section */
		15CACE021BA5276300DFD26B /* Frameworks */ = {
			isa = PBXFrameworksBuildPhase;
			buildActionMask = 2147483647;
			files = (
				159E4A3B1BA66D7200EFC3D2 /* AVFoundation.framework in Frameworks */,
				4F2D199058C3A0107D7AE603 /* libPods-calamari_ios_client.a in Frameworks */,
			);
			runOnlyForDeploymentPostprocessing = 0;
		};
		15CACE1B1BA5276300DFD26B /* Frameworks */ = {
			isa = PBXFrameworksBuildPhase;
			buildActionMask = 2147483647;
			files = (
			);
			runOnlyForDeploymentPostprocessing = 0;
		};
/* End PBXFrameworksBuildPhase section */

/* Begin PBXGroup section */
		15550C501BB0F03B00471D62 /* Classes */ = {
			isa = PBXGroup;
			children = (
				15550C511BB0F03B00471D62 /* Controllers */,
				15550C811BB0F03B00471D62 /* Models */,
				15550C981BB0F03B00471D62 /* Utilities */,
				15550CAB1BB0F03B00471D62 /* Views */,
			);
			path = Classes;
			sourceTree = "<group>";
		};
		15550C511BB0F03B00471D62 /* Controllers */ = {
			isa = PBXGroup;
			children = (
				15550C551BB0F03B00471D62 /* ClusterHealthControllers */,
				15550C6F1BB0F03B00471D62 /* CustomNavigationControllers */,
				15550C721BB0F03B00471D62 /* LoginControllers */,
				15550C791BB0F03B00471D62 /* NotificationControllers */,
				15550C7E1BB0F03B00471D62 /* SettingControllers */,
			);
			path = Controllers;
			sourceTree = "<group>";
		};
		15550C551BB0F03B00471D62 /* ClusterHealthControllers */ = {
			isa = PBXGroup;
			children = (
				15550C561BB0F03B00471D62 /* ClusterHealthController.h */,
				15550C571BB0F03B00471D62 /* ClusterHealthController.m */,
				15550C581BB0F03B00471D62 /* DetailControllers */,
			);
			path = ClusterHealthControllers;
			sourceTree = "<group>";
		};
		15550C581BB0F03B00471D62 /* DetailControllers */ = {
			isa = PBXGroup;
			children = (
				15550C591BB0F03B00471D62 /* BaseController.h */,
				15550C5A1BB0F03B00471D62 /* BaseController.m */,
				15550C5B1BB0F03B00471D62 /* HealthDetailController.h */,
				15550C5C1BB0F03B00471D62 /* HealthDetailController.m */,
				15550C5D1BB0F03B00471D62 /* HostDetailController.h */,
				15550C5E1BB0F03B00471D62 /* HostDetailController.m */,
				15550C5F1BB0F03B00471D62 /* HostHealthController.h */,
				15550C601BB0F03B00471D62 /* HostHealthController.m */,
				15550C611BB0F03B00471D62 /* MONHealthController.h */,
				15550C621BB0F03B00471D62 /* MONHealthController.m */,
				15550C631BB0F03B00471D62 /* OSDDetailController.h */,
				15550C641BB0F03B00471D62 /* OSDDetailController.m */,
				15550C651BB0F03B00471D62 /* OSDHealthController.h */,
				15550C661BB0F03B00471D62 /* OSDHealthController.m */,
				15550C671BB0F03B00471D62 /* PGStatusController.h */,
				15550C681BB0F03B00471D62 /* PGStatusController.m */,
				15550C691BB0F03B00471D62 /* PoolIOPSController.h */,
				15550C6A1BB0F03B00471D62 /* PoolIOPSController.m */,
				15550C6B1BB0F03B00471D62 /* PoolListController.h */,
				15550C6C1BB0F03B00471D62 /* PoolListController.m */,
				15550C6D1BB0F03B00471D62 /* UsageController.h */,
				15550C6E1BB0F03B00471D62 /* UsageController.m */,
			);
			path = DetailControllers;
			sourceTree = "<group>";
		};
		15550C6F1BB0F03B00471D62 /* CustomNavigationControllers */ = {
			isa = PBXGroup;
			children = (
				15550C701BB0F03B00471D62 /* CustomNavigationController.h */,
				15550C711BB0F03B00471D62 /* CustomNavigationController.m */,
			);
			path = CustomNavigationControllers;
			sourceTree = "<group>";
		};
		15550C721BB0F03B00471D62 /* LoginControllers */ = {
			isa = PBXGroup;
			children = (
				15550C731BB0F03B00471D62 /* LoginController.h */,
				15550C741BB0F03B00471D62 /* LoginController.m */,
			);
			path = LoginControllers;
			sourceTree = "<group>";
		};
		15550C791BB0F03B00471D62 /* NotificationControllers */ = {
			isa = PBXGroup;
			children = (
				15550C7A1BB0F03B00471D62 /* NotificationController.h */,
				15550C7B1BB0F03B00471D62 /* NotificationController.m */,
				15550C7C1BB0F03B00471D62 /* NotificationDetailController.h */,
				15550C7D1BB0F03B00471D62 /* NotificationDetailController.m */,
			);
			path = NotificationControllers;
			sourceTree = "<group>";
		};
		15550C7E1BB0F03B00471D62 /* SettingControllers */ = {
			isa = PBXGroup;
			children = (
				15550D731BB0F06100471D62 /* SettingController.h */,
				15550D741BB0F06100471D62 /* SettingController.m */,
				1559785B1BC57B750059C43F /* AlertTriggersController.h */,
				1559785C1BC57B750059C43F /* AlertTriggersController.m */,
				15CFFA341BCCC37A008CFBB7 /* TimePeriodController.h */,
				15CFFA351BCCC37A008CFBB7 /* TimePeriodController.m */,
			);
			path = SettingControllers;
			sourceTree = "<group>";
		};
		15550C811BB0F03B00471D62 /* Models */ = {
			isa = PBXGroup;
			children = (
				15550C821BB0F03B00471D62 /* APIRecord.h */,
				15550C831BB0F03B00471D62 /* APIRecord.m */,
				15550C841BB0F03B00471D62 /* ClusterData.h */,
				15550C851BB0F03B00471D62 /* ClusterData.m */,
				15550C861BB0F03B00471D62 /* Cookies.h */,
				15550C871BB0F03B00471D62 /* Cookies.m */,
				15550C881BB0F03B00471D62 /* HealthDetailData.h */,
				15550C891BB0F03B00471D62 /* HealthDetailData.m */,
				15550C8A1BB0F03B00471D62 /* HostHealthData.h */,
				15550C8B1BB0F03B00471D62 /* HostHealthData.m */,
				15550C8C1BB0F03B00471D62 /* ImageData.h */,
				15550C8D1BB0F03B00471D62 /* ImageData.m */,
				15550C8E1BB0F03B00471D62 /* MONHealthData.h */,
				15550C8F1BB0F03B00471D62 /* MONHealthData.m */,
				15550C901BB0F03B00471D62 /* NotificationData.h */,
				15550C911BB0F03B00471D62 /* NotificationData.m */,
				15550C921BB0F03B00471D62 /* OSDHealthData.h */,
				15550C931BB0F03B00471D62 /* OSDHealthData.m */,
				15550C941BB0F03B00471D62 /* PGData.h */,
				15550C951BB0F03B00471D62 /* PGData.m */,
				15550C961BB0F03B00471D62 /* UserData.h */,
				15550C971BB0F03B00471D62 /* UserData.m */,
				15550D7F1BB1036200471D62 /* SettingData.h */,
				15550D801BB1036200471D62 /* SettingData.m */,
			);
			path = Models;
			sourceTree = "<group>";
		};
		15550C981BB0F03B00471D62 /* Utilities */ = {
			isa = PBXGroup;
			children = (
				15550C991BB0F03B00471D62 /* AnimationMaker.h */,
				15550C9A1BB0F03B00471D62 /* AnimationMaker.m */,
				15550C9B1BB0F03B00471D62 /* Categories */,
				15550CA21BB0F03B00471D62 /* CephAPI */,
				15550CA71BB0F03B00471D62 /* DateMaker.h */,
				15550CA81BB0F03B00471D62 /* DateMaker.m */,
				15550CA91BB0F03B00471D62 /* TextFieldChecker.h */,
				15550CAA1BB0F03B00471D62 /* TextFieldChecker.m */,
				159169911BBD8F7500846CB7 /* LocalizationManager.h */,
				159169921BBD8F7500846CB7 /* LocalizationManager.m */,
			);
			path = Utilities;
			sourceTree = "<group>";
		};
		15550C9B1BB0F03B00471D62 /* Categories */ = {
			isa = PBXGroup;
			children = (
				15550C9C1BB0F03B00471D62 /* UIColor+Reader.h */,
				15550C9D1BB0F03B00471D62 /* UIColor+Reader.m */,
				15550C9E1BB0F03B00471D62 /* UINavigationBar+HeightMaker.h */,
				15550C9F1BB0F03B00471D62 /* UINavigationBar+HeightMaker.m */,
				15550CA01BB0F03B00471D62 /* UIView+SizeMaker.h */,
				15550CA11BB0F03B00471D62 /* UIView+SizeMaker.m */,
			);
			path = Categories;
			sourceTree = "<group>";
		};
		15550CA21BB0F03B00471D62 /* CephAPI */ = {
			isa = PBXGroup;
			children = (
				15550CA31BB0F03B00471D62 /* CephAPI.h */,
				15550CA41BB0F03B00471D62 /* CephAPI.m */,
				15550CA51BB0F03B00471D62 /* URLMaker.h */,
				15550CA61BB0F03B00471D62 /* URLMaker.m */,
			);
			path = CephAPI;
			sourceTree = "<group>";
		};
		15550CAB1BB0F03B00471D62 /* Views */ = {
			isa = PBXGroup;
			children = (
				15550CB51BB0F03B00471D62 /* ClusterHealthViews */,
				15550D091BB0F03B00471D62 /* ErrorViews */,
				15550D0C1BB0F03B00471D62 /* LoginViews */,
				15550D0F1BB0F03B00471D62 /* NavigationViews */,
				15550D141BB0F03B00471D62 /* NotificationViews */,
				15550D1D1BB0F03B00471D62 /* SettingViews */,
				394DB2681C2301890071C016 /* HelpView.h */,
				394DB2691C2301890071C016 /* HelpView.m */,
			);
			path = Views;
			sourceTree = "<group>";
		};
		15550CB51BB0F03B00471D62 /* ClusterHealthViews */ = {
			isa = PBXGroup;
			children = (
				15550CB61BB0F03B00471D62 /* ClusterHealthCellBar.h */,
				15550CB71BB0F03B00471D62 /* ClusterHealthCellBar.m */,
				15550CB81BB0F03B00471D62 /* ClusterHealthProgressLayer.h */,
				15550CB91BB0F03B00471D62 /* ClusterHealthProgressLayer.m */,
				15550CBA1BB0F03B00471D62 /* ClusterHealthView.h */,
				15550CBB1BB0F03B00471D62 /* ClusterHealthView.m */,
				15550CBC1BB0F03B00471D62 /* ClusterHealthViewCell.h */,
				15550CBD1BB0F03B00471D62 /* ClusterHealthViewCell.m */,
				15550CBE1BB0F03B00471D62 /* ClusterHealthViewFlowLayout.h */,
				15550CBF1BB0F03B00471D62 /* ClusterHealthViewFlowLayout.m */,
				15550CC01BB0F03B00471D62 /* DetailViews */,
				15550D071BB0F03B00471D62 /* IOPSChartView.h */,
				15550D081BB0F03B00471D62 /* IOPSChartView.m */,
			);
			path = ClusterHealthViews;
			sourceTree = "<group>";
		};
		15550CC01BB0F03B00471D62 /* DetailViews */ = {
			isa = PBXGroup;
			children = (
				15550CC11BB0F03B00471D62 /* HealthDetailViews */,
				15550CC61BB0F03B00471D62 /* HostDetailViews */,
				15550CD51BB0F03B00471D62 /* HostHealthViews */,
				15550CDC1BB0F03B00471D62 /* MONHealthViews */,
				15550CE31BB0F03B00471D62 /* OSDDetailViews */,
				15550CE61BB0F03B00471D62 /* OSDHealthViews */,
				15550CEF1BB0F03B00471D62 /* PGStatusViews */,
				15550CF61BB0F03B00471D62 /* PoolIOPSViews */,
				15550CFF1BB0F03B00471D62 /* PoolListViews */,
				15550D041BB0F03B00471D62 /* UsageStatusViews */,
			);
			path = DetailViews;
			sourceTree = "<group>";
		};
		15550CC11BB0F03B00471D62 /* HealthDetailViews */ = {
			isa = PBXGroup;
			children = (
				15550CC21BB0F03B00471D62 /* HealthDetailView.h */,
				15550CC31BB0F03B00471D62 /* HealthDetailView.m */,
				15550CC41BB0F03B00471D62 /* HealthDetailViewCell.h */,
				15550CC51BB0F03B00471D62 /* HealthDetailViewCell.m */,
			);
			path = HealthDetailViews;
			sourceTree = "<group>";
		};
		15550CC61BB0F03B00471D62 /* HostDetailViews */ = {
			isa = PBXGroup;
			children = (
				15550CC71BB0F03B00471D62 /* CPUIOPSView.h */,
				15550CC81BB0F03B00471D62 /* CPUIOPSView.m */,
				15550CC91BB0F03B00471D62 /* CPULineBrokenView.h */,
				15550CCA1BB0F03B00471D62 /* CPULineBrokenView.m */,
				15550CCB1BB0F03B00471D62 /* CPUSquareView.h */,
				15550CCC1BB0F03B00471D62 /* CPUSquareView.m */,
				15550CCD1BB0F03B00471D62 /* HostDetailHeaderView.h */,
				15550CCE1BB0F03B00471D62 /* HostDetailHeaderView.m */,
				15550CCF1BB0F03B00471D62 /* HostDetailView.h */,
				15550CD01BB0F03B00471D62 /* HostDetailView.m */,
				15550CD11BB0F03B00471D62 /* HostDetailViewCell.h */,
				15550CD21BB0F03B00471D62 /* HostDetailViewCell.m */,
				15550CD31BB0F03B00471D62 /* HostDetailViewFlowLayout.h */,
				15550CD41BB0F03B00471D62 /* HostDetailViewFlowLayout.m */,
			);
			path = HostDetailViews;
			sourceTree = "<group>";
		};
		15550CD51BB0F03B00471D62 /* HostHealthViews */ = {
			isa = PBXGroup;
			children = (
				15550CD61BB0F03B00471D62 /* HostHealthFlowLayout.h */,
				15550CD71BB0F03B00471D62 /* HostHealthFlowLayout.m */,
				15550CD81BB0F03B00471D62 /* HostHealthView.h */,
				15550CD91BB0F03B00471D62 /* HostHealthView.m */,
				15550CDA1BB0F03B00471D62 /* HostHealthViewCell.h */,
				15550CDB1BB0F03B00471D62 /* HostHealthViewCell.m */,
			);
			path = HostHealthViews;
			sourceTree = "<group>";
		};
		15550CDC1BB0F03B00471D62 /* MONHealthViews */ = {
			isa = PBXGroup;
			children = (
				15550CDD1BB0F03B00471D62 /* MONHealthCell.h */,
				15550CDE1BB0F03B00471D62 /* MONHealthCell.m */,
				15550CDF1BB0F03B00471D62 /* MONHealthFlowLayout.h */,
				15550CE01BB0F03B00471D62 /* MONHealthFlowLayout.m */,
				15550CE11BB0F03B00471D62 /* MONHealthView.h */,
				15550CE21BB0F03B00471D62 /* MONHealthView.m */,
			);
			path = MONHealthViews;
			sourceTree = "<group>";
		};
		15550CE31BB0F03B00471D62 /* OSDDetailViews */ = {
			isa = PBXGroup;
			children = (
				15550CE41BB0F03B00471D62 /* OSDDetailView.h */,
				15550CE51BB0F03B00471D62 /* OSDDetailView.m */,
			);
			path = OSDDetailViews;
			sourceTree = "<group>";
		};
		15550CE61BB0F03B00471D62 /* OSDHealthViews */ = {
			isa = PBXGroup;
			children = (
				15550CE71BB0F03B00471D62 /* OSDHeaderView.h */,
				15550CE81BB0F03B00471D62 /* OSDHeaderView.m */,
				15550CE91BB0F03B00471D62 /* OSDHealthView.h */,
				15550CEA1BB0F03B00471D62 /* OSDHealthView.m */,
				15550CEB1BB0F03B00471D62 /* OSDHealthViewCell.h */,
				15550CEC1BB0F03B00471D62 /* OSDHealthViewCell.m */,
				15550CED1BB0F03B00471D62 /* OSDViewFLowLayout.h */,
				15550CEE1BB0F03B00471D62 /* OSDViewFLowLayout.m */,
			);
			path = OSDHealthViews;
			sourceTree = "<group>";
		};
		15550CEF1BB0F03B00471D62 /* PGStatusViews */ = {
			isa = PBXGroup;
			children = (
				15550CF01BB0F03B00471D62 /* PGStatusFlowLayout.h */,
				15550CF11BB0F03B00471D62 /* PGStatusFlowLayout.m */,
				15550CF21BB0F03B00471D62 /* PGStatusView.h */,
				15550CF31BB0F03B00471D62 /* PGStatusView.m */,
				15550CF41BB0F03B00471D62 /* PGStatusViewCell.h */,
				15550CF51BB0F03B00471D62 /* PGStatusViewCell.m */,
			);
			path = PGStatusViews;
			sourceTree = "<group>";
		};
		15550CF61BB0F03B00471D62 /* PoolIOPSViews */ = {
			isa = PBXGroup;
			children = (
				15550CF71BB0F03B00471D62 /* IOPSDetailChartView.h */,
				15550CF81BB0F03B00471D62 /* IOPSDetailChartView.m */,
				15550CF91BB0F03B00471D62 /* PoolIOPSView.h */,
				15550CFA1BB0F03B00471D62 /* PoolIOPSView.m */,
				15550CFB1BB0F03B00471D62 /* PoolIOPSViewCell.h */,
				15550CFC1BB0F03B00471D62 /* PoolIOPSViewCell.m */,
				15550CFD1BB0F03B00471D62 /* PoolIOPSViewFlowLayout.h */,
				15550CFE1BB0F03B00471D62 /* PoolIOPSViewFlowLayout.m */,
			);
			path = PoolIOPSViews;
			sourceTree = "<group>";
		};
		15550CFF1BB0F03B00471D62 /* PoolListViews */ = {
			isa = PBXGroup;
			children = (
				15550D001BB0F03B00471D62 /* PoolListView.h */,
				15550D011BB0F03B00471D62 /* PoolListView.m */,
				15550D021BB0F03B00471D62 /* PoolListViewCell.h */,
				15550D031BB0F03B00471D62 /* PoolListViewCell.m */,
			);
			path = PoolListViews;
			sourceTree = "<group>";
		};
		15550D041BB0F03B00471D62 /* UsageStatusViews */ = {
			isa = PBXGroup;
			children = (
				15550D051BB0F03B00471D62 /* UsageStatusView.h */,
				15550D061BB0F03B00471D62 /* UsageStatusView.m */,
			);
			path = UsageStatusViews;
			sourceTree = "<group>";
		};
		15550D091BB0F03B00471D62 /* ErrorViews */ = {
			isa = PBXGroup;
			children = (
				15550D0A1BB0F03B00471D62 /* ErrorView.h */,
				15550D0B1BB0F03B00471D62 /* ErrorView.m */,
			);
			path = ErrorViews;
			sourceTree = "<group>";
		};
		15550D0C1BB0F03B00471D62 /* LoginViews */ = {
			isa = PBXGroup;
			children = (
				15550D0D1BB0F03B00471D62 /* LoginView.h */,
				15550D0E1BB0F03B00471D62 /* LoginView.m */,
			);
			path = LoginViews;
			sourceTree = "<group>";
		};
		15550D0F1BB0F03B00471D62 /* NavigationViews */ = {
			isa = PBXGroup;
			children = (
				15550D101BB0F03B00471D62 /* NavigationView.h */,
				15550D111BB0F03B00471D62 /* NavigationView.m */,
				15550D121BB0F03B00471D62 /* NavigationViewCell.h */,
				15550D131BB0F03B00471D62 /* NavigationViewCell.m */,
			);
			path = NavigationViews;
			sourceTree = "<group>";
		};
		15550D141BB0F03B00471D62 /* NotificationViews */ = {
			isa = PBXGroup;
			children = (
				15550D151BB0F03B00471D62 /* NotificationCell.h */,
				15550D161BB0F03B00471D62 /* NotificationCell.m */,
				15550D171BB0F03B00471D62 /* NotificationDetailView.h */,
				15550D181BB0F03B00471D62 /* NotificationDetailView.m */,
				15550D191BB0F03B00471D62 /* NotificationView.h */,
				15550D1A1BB0F03B00471D62 /* NotificationView.m */,
				15550D1B1BB0F03B00471D62 /* NotificationViewFlowLayout.h */,
				15550D1C1BB0F03B00471D62 /* NotificationViewFlowLayout.m */,
			);
			path = NotificationViews;
			sourceTree = "<group>";
		};
		15550D1D1BB0F03B00471D62 /* SettingViews */ = {
			isa = PBXGroup;
			children = (
				15550D851BB1486E00471D62 /* AlertSelectionViews */,
				15550D761BB0F98A00471D62 /* SettingView.h */,
				15550D771BB0F98A00471D62 /* SettingView.m */,
				15550D791BB0FE8F00471D62 /* SettingViewCell.h */,
				15550D7A1BB0FE8F00471D62 /* SettingViewCell.m */,
				15550D7C1BB0FEC500471D62 /* SettingViewFlowLayout.h */,
				15550D7D1BB0FEC500471D62 /* SettingViewFlowLayout.m */,
				15550D821BB1222000471D62 /* SelectionViewCell.h */,
				15550D831BB1222000471D62 /* SelectionViewCell.m */,
				1559785E1BC57C220059C43F /* AlertTriggersView.h */,
				1559785F1BC57C220059C43F /* AlertTriggersView.m */,
				155978611BC58AB70059C43F /* AlertTriggerCalculatorView.h */,
				155978621BC58AB70059C43F /* AlertTriggerCalculatorView.m */,
				15CFFA371BCCC43F008CFBB7 /* TimePeriodView.h */,
				15CFFA381BCCC43F008CFBB7 /* TimePeriodView.m */,
				15CFFA3A1BCCDE82008CFBB7 /* ClockSettingView.h */,
				15CFFA3B1BCCDE82008CFBB7 /* ClockSettingView.m */,
			);
			path = SettingViews;
			sourceTree = "<group>";
		};
		15550D851BB1486E00471D62 /* AlertSelectionViews */ = {
			isa = PBXGroup;
			children = (
				15550D861BB149B700471D62 /* AlertSelectionView.h */,
				15550D871BB149B700471D62 /* AlertSelectionView.m */,
				15295C491BB240230005A1B5 /* AlertSelectionViewCell.h */,
				15295C4A1BB240230005A1B5 /* AlertSelectionViewCell.m */,
			);
			path = AlertSelectionViews;
			sourceTree = "<group>";
		};
		15CACDFC1BA5276300DFD26B = {
			isa = PBXGroup;
			children = (
				15CACE071BA5276300DFD26B /* calamari_ios_client */,
				15CACE211BA5276300DFD26B /* calamari_ios_clientTests */,
				15CACE061BA5276300DFD26B /* Products */,
				CF02624DE6D820388EE08B76 /* Pods */,
				66E4466F9E0F6F3E3CDBC118 /* Frameworks */,
			);
			sourceTree = "<group>";
		};
		15CACE061BA5276300DFD26B /* Products */ = {
			isa = PBXGroup;
			children = (
				15CACE051BA5276300DFD26B /* calamari_ios_client.app */,
				15CACE1E1BA5276300DFD26B /* calamari_ios_clientTests.xctest */,
			);
			name = Products;
			sourceTree = "<group>";
		};
		15CACE071BA5276300DFD26B /* calamari_ios_client */ = {
			isa = PBXGroup;
			children = (
				15550C501BB0F03B00471D62 /* Classes */,
				15CACE0C1BA5276300DFD26B /* AppDelegate.h */,
				15CACE0D1BA5276300DFD26B /* AppDelegate.m */,
				15CACE151BA5276300DFD26B /* Images.xcassets */,
				15C476201BD3BBC300D9826B /* Launch Screen.storyboard */,
				15CACE081BA5276300DFD26B /* Supporting Files */,
			);
			path = calamari_ios_client;
			sourceTree = "<group>";
		};
		15CACE081BA5276300DFD26B /* Supporting Files */ = {
			isa = PBXGroup;
			children = (
				15E2DC7A1BE7BF3600B33650 /* mute.mp3 */,
				15CACE091BA5276300DFD26B /* Info.plist */,
				15CACE0A1BA5276300DFD26B /* main.m */,
				1591698B1BBD899D00846CB7 /* TranditionalChinese.plist */,
				1591698D1BBD89AE00846CB7 /* English.plist */,
				1591698F1BBD89B900846CB7 /* Japanese.plist */,
			);
			name = "Supporting Files";
			sourceTree = "<group>";
		};
		15CACE211BA5276300DFD26B /* calamari_ios_clientTests */ = {
			isa = PBXGroup;
			children = (
				15CACE241BA5276300DFD26B /* calamari_ios_clientTests.m */,
				15CACE221BA5276300DFD26B /* Supporting Files */,
				39610B731BFB32040077E806 /* TestNewApi.m */,
			);
			path = calamari_ios_clientTests;
			sourceTree = "<group>";
		};
		15CACE221BA5276300DFD26B /* Supporting Files */ = {
			isa = PBXGroup;
			children = (
				15CACE231BA5276300DFD26B /* Info.plist */,
			);
			name = "Supporting Files";
			sourceTree = "<group>";
		};
		66E4466F9E0F6F3E3CDBC118 /* Frameworks */ = {
			isa = PBXGroup;
			children = (
				159E4A3A1BA66D7200EFC3D2 /* AVFoundation.framework */,
				D6D56DBF74FAD2FCBB66FDFC /* libPods-calamari_ios_client.a */,
			);
			name = Frameworks;
			sourceTree = "<group>";
		};
		CF02624DE6D820388EE08B76 /* Pods */ = {
			isa = PBXGroup;
			children = (
				A765B40473C3A8E0E63212ED /* Pods-calamari_ios_client.debug.xcconfig */,
				DCD9E3BA2309249C5C33E062 /* Pods-calamari_ios_client.release.xcconfig */,
			);
			name = Pods;
			sourceTree = "<group>";
		};
/* End PBXGroup section */

/* Begin PBXNativeTarget section */
		15CACE041BA5276300DFD26B /* calamari_ios_client */ = {
			isa = PBXNativeTarget;
			buildConfigurationList = 15CACE281BA5276300DFD26B /* Build configuration list for PBXNativeTarget "calamari_ios_client" */;
			buildPhases = (
				E39E58EE6AB75E6BA03B59CC /* Check Pods Manifest.lock */,
				15CACE011BA5276300DFD26B /* Sources */,
				15CACE021BA5276300DFD26B /* Frameworks */,
				15CACE031BA5276300DFD26B /* Resources */,
				0778C54CAAE177BF7F33318D /* Copy Pods Resources */,
			);
			buildRules = (
			);
			dependencies = (
			);
			name = calamari_ios_client;
			productName = calamari_ios_client;
			productReference = 15CACE051BA5276300DFD26B /* calamari_ios_client.app */;
			productType = "com.apple.product-type.application";
		};
		15CACE1D1BA5276300DFD26B /* calamari_ios_clientTests */ = {
			isa = PBXNativeTarget;
			buildConfigurationList = 15CACE2B1BA5276300DFD26B /* Build configuration list for PBXNativeTarget "calamari_ios_clientTests" */;
			buildPhases = (
				15CACE1A1BA5276300DFD26B /* Sources */,
				15CACE1B1BA5276300DFD26B /* Frameworks */,
				15CACE1C1BA5276300DFD26B /* Resources */,
			);
			buildRules = (
			);
			dependencies = (
				15CACE201BA5276300DFD26B /* PBXTargetDependency */,
			);
			name = calamari_ios_clientTests;
			productName = calamari_ios_clientTests;
			productReference = 15CACE1E1BA5276300DFD26B /* calamari_ios_clientTests.xctest */;
			productType = "com.apple.product-type.bundle.unit-test";
		};
/* End PBXNativeTarget section */

/* Begin PBXProject section */
		15CACDFD1BA5276300DFD26B /* Project object */ = {
			isa = PBXProject;
			attributes = {
				LastUpgradeCheck = 0700;
				ORGANIZATIONNAME = Francis;
				TargetAttributes = {
					15CACE041BA5276300DFD26B = {
						CreatedOnToolsVersion = 6.4;
						DevelopmentTeam = MQTK4RU7AZ;
						SystemCapabilities = {
							com.apple.BackgroundModes = {
								enabled = 1;
							};
						};
					};
					15CACE1D1BA5276300DFD26B = {
						CreatedOnToolsVersion = 6.4;
						TestTargetID = 15CACE041BA5276300DFD26B;
					};
				};
			};
			buildConfigurationList = 15CACE001BA5276300DFD26B /* Build configuration list for PBXProject "calamari_ios_client" */;
			compatibilityVersion = "Xcode 3.2";
			developmentRegion = English;
			hasScannedForEncodings = 0;
			knownRegions = (
				en,
				Base,
			);
			mainGroup = 15CACDFC1BA5276300DFD26B;
			productRefGroup = 15CACE061BA5276300DFD26B /* Products */;
			projectDirPath = "";
			projectRoot = "";
			targets = (
				15CACE041BA5276300DFD26B /* calamari_ios_client */,
				15CACE1D1BA5276300DFD26B /* calamari_ios_clientTests */,
			);
		};
/* End PBXProject section */

/* Begin PBXResourcesBuildPhase section */
		15CACE031BA5276300DFD26B /* Resources */ = {
			isa = PBXResourcesBuildPhase;
			buildActionMask = 2147483647;
			files = (
				15CACE161BA5276300DFD26B /* Images.xcassets in Resources */,
				1591698E1BBD89AE00846CB7 /* English.plist in Resources */,
				1591698C1BBD899D00846CB7 /* TranditionalChinese.plist in Resources */,
				15C476211BD3BBC300D9826B /* Launch Screen.storyboard in Resources */,
				159169901BBD89B900846CB7 /* Japanese.plist in Resources */,
				15E2DC7B1BE7BF3600B33650 /* mute.mp3 in Resources */,
			);
			runOnlyForDeploymentPostprocessing = 0;
		};
		15CACE1C1BA5276300DFD26B /* Resources */ = {
			isa = PBXResourcesBuildPhase;
			buildActionMask = 2147483647;
			files = (
			);
			runOnlyForDeploymentPostprocessing = 0;
		};
/* End PBXResourcesBuildPhase section */

/* Begin PBXShellScriptBuildPhase section */
		0778C54CAAE177BF7F33318D /* Copy Pods Resources */ = {
			isa = PBXShellScriptBuildPhase;
			buildActionMask = 2147483647;
			files = (
			);
			inputPaths = (
			);
			name = "Copy Pods Resources";
			outputPaths = (
			);
			runOnlyForDeploymentPostprocessing = 0;
			shellPath = /bin/sh;
			shellScript = "\"${SRCROOT}/Pods/Target Support Files/Pods-calamari_ios_client/Pods-calamari_ios_client-resources.sh\"\n";
			showEnvVarsInLog = 0;
		};
		E39E58EE6AB75E6BA03B59CC /* Check Pods Manifest.lock */ = {
			isa = PBXShellScriptBuildPhase;
			buildActionMask = 2147483647;
			files = (
			);
			inputPaths = (
			);
			name = "Check Pods Manifest.lock";
			outputPaths = (
			);
			runOnlyForDeploymentPostprocessing = 0;
			shellPath = /bin/sh;
			shellScript = "diff \"${PODS_ROOT}/../Podfile.lock\" \"${PODS_ROOT}/Manifest.lock\" > /dev/null\nif [[ $? != 0 ]] ; then\n    cat << EOM\nerror: The sandbox is not in sync with the Podfile.lock. Run 'pod install' or update your CocoaPods installation.\nEOM\n    exit 1\nfi\n";
			showEnvVarsInLog = 0;
		};
/* End PBXShellScriptBuildPhase section */

/* Begin PBXSourcesBuildPhase section */
		15CACE011BA5276300DFD26B /* Sources */ = {
			isa = PBXSourcesBuildPhase;
			buildActionMask = 2147483647;
			files = (
				15550D4E1BB0F03B00471D62 /* CPUIOPSView.m in Sources */,
				15550D4A1BB0F03B00471D62 /* ClusterHealthViewCell.m in Sources */,
				15550D6D1BB0F03B00471D62 /* NavigationView.m in Sources */,
				15550D591BB0F03B00471D62 /* MONHealthFlowLayout.m in Sources */,
				15550D6C1BB0F03B00471D62 /* LoginView.m in Sources */,
				15550D5A1BB0F03B00471D62 /* MONHealthView.m in Sources */,
				15550D331BB0F03B00471D62 /* HealthDetailData.m in Sources */,
				15550D711BB0F03B00471D62 /* NotificationView.m in Sources */,
				15550D841BB1222000471D62 /* SelectionViewCell.m in Sources */,
				15550D551BB0F03B00471D62 /* HostHealthFlowLayout.m in Sources */,
				1559785D1BC57B750059C43F /* AlertTriggersController.m in Sources */,
				15550D4C1BB0F03B00471D62 /* HealthDetailView.m in Sources */,
				15550D3D1BB0F03B00471D62 /* UINavigationBar+HeightMaker.m in Sources */,
				15550D321BB0F03B00471D62 /* Cookies.m in Sources */,
				15550D541BB0F03B00471D62 /* HostDetailViewFlowLayout.m in Sources */,
				15550D241BB0F03B00471D62 /* MONHealthController.m in Sources */,
				15550D211BB0F03B00471D62 /* HealthDetailController.m in Sources */,
				15550D261BB0F03B00471D62 /* OSDHealthController.m in Sources */,
				15550D231BB0F03B00471D62 /* HostHealthController.m in Sources */,
				15550D701BB0F03B00471D62 /* NotificationDetailView.m in Sources */,
				15550D4D1BB0F03B00471D62 /* HealthDetailViewCell.m in Sources */,
				15550D381BB0F03B00471D62 /* OSDHealthData.m in Sources */,
				15CFFA391BCCC43F008CFBB7 /* TimePeriodView.m in Sources */,
				15550D651BB0F03B00471D62 /* PoolIOPSViewCell.m in Sources */,
				15550D2C1BB0F03B00471D62 /* LoginController.m in Sources */,
				15550D4F1BB0F03B00471D62 /* CPULineBrokenView.m in Sources */,
				15550D751BB0F06100471D62 /* SettingController.m in Sources */,
				15550D781BB0F98A00471D62 /* SettingView.m in Sources */,
				15550D251BB0F03B00471D62 /* OSDDetailController.m in Sources */,
				15550D621BB0F03B00471D62 /* PGStatusViewCell.m in Sources */,
				15550D491BB0F03B00471D62 /* ClusterHealthView.m in Sources */,
				15550D3C1BB0F03B00471D62 /* UIColor+Reader.m in Sources */,
				15550D311BB0F03B00471D62 /* ClusterData.m in Sources */,
				15550D411BB0F03B00471D62 /* DateMaker.m in Sources */,
				15550D881BB149B700471D62 /* AlertSelectionView.m in Sources */,
				15550D6F1BB0F03B00471D62 /* NotificationCell.m in Sources */,
				15550D501BB0F03B00471D62 /* CPUSquareView.m in Sources */,
				15550D601BB0F03B00471D62 /* PGStatusFlowLayout.m in Sources */,
				15550D631BB0F03B00471D62 /* IOPSDetailChartView.m in Sources */,
				15550D2E1BB0F03B00471D62 /* NotificationController.m in Sources */,
				15550D2F1BB0F03B00471D62 /* NotificationDetailController.m in Sources */,
				15550D6A1BB0F03B00471D62 /* IOPSChartView.m in Sources */,
				15550D1F1BB0F03B00471D62 /* ClusterHealthController.m in Sources */,
				15550D611BB0F03B00471D62 /* PGStatusView.m in Sources */,
				15550D2B1BB0F03B00471D62 /* CustomNavigationController.m in Sources */,
				15550D671BB0F03B00471D62 /* PoolListView.m in Sources */,
				15550D351BB0F03B00471D62 /* ImageData.m in Sources */,
				15550D661BB0F03B00471D62 /* PoolIOPSViewFlowLayout.m in Sources */,
				15550D201BB0F03B00471D62 /* BaseController.m in Sources */,
				15550D421BB0F03B00471D62 /* TextFieldChecker.m in Sources */,
				15CFFA3C1BCCDE82008CFBB7 /* ClockSettingView.m in Sources */,
				15550D3A1BB0F03B00471D62 /* UserData.m in Sources */,
				15550D281BB0F03B00471D62 /* PoolIOPSController.m in Sources */,
				15550D401BB0F03B00471D62 /* URLMaker.m in Sources */,
				15550D391BB0F03B00471D62 /* PGData.m in Sources */,
				15295C4B1BB240230005A1B5 /* AlertSelectionViewCell.m in Sources */,
				15CACE0E1BA5276300DFD26B /* AppDelegate.m in Sources */,
				15550D301BB0F03B00471D62 /* APIRecord.m in Sources */,
				15550D2A1BB0F03B00471D62 /* UsageController.m in Sources */,
				15550D5F1BB0F03B00471D62 /* OSDViewFLowLayout.m in Sources */,
				15550D361BB0F03B00471D62 /* MONHealthData.m in Sources */,
				159169931BBD8F7500846CB7 /* LocalizationManager.m in Sources */,
				15550D691BB0F03B00471D62 /* UsageStatusView.m in Sources */,
				15550D511BB0F03B00471D62 /* HostDetailHeaderView.m in Sources */,
				15550D4B1BB0F03B00471D62 /* ClusterHealthViewFlowLayout.m in Sources */,
				15550D571BB0F03B00471D62 /* HostHealthViewCell.m in Sources */,
				15550D341BB0F03B00471D62 /* HostHealthData.m in Sources */,
				15CFFA361BCCC37A008CFBB7 /* TimePeriodController.m in Sources */,
				155978631BC58AB70059C43F /* AlertTriggerCalculatorView.m in Sources */,
				15550D521BB0F03B00471D62 /* HostDetailView.m in Sources */,
				15550D681BB0F03B00471D62 /* PoolListViewCell.m in Sources */,
				15550D221BB0F03B00471D62 /* HostDetailController.m in Sources */,
				155978601BC57C220059C43F /* AlertTriggersView.m in Sources */,
				15550D721BB0F03B00471D62 /* NotificationViewFlowLayout.m in Sources */,
				15550D481BB0F03B00471D62 /* ClusterHealthProgressLayer.m in Sources */,
				15550D3B1BB0F03B00471D62 /* AnimationMaker.m in Sources */,
				15550D5E1BB0F03B00471D62 /* OSDHealthViewCell.m in Sources */,
				15550D291BB0F03B00471D62 /* PoolListController.m in Sources */,
				15550D561BB0F03B00471D62 /* HostHealthView.m in Sources */,
				394DB26A1C2301890071C016 /* HelpView.m in Sources */,
				15550D7B1BB0FE8F00471D62 /* SettingViewCell.m in Sources */,
				15550D471BB0F03B00471D62 /* ClusterHealthCellBar.m in Sources */,
				15550D3E1BB0F03B00471D62 /* UIView+SizeMaker.m in Sources */,
				15550D811BB1036200471D62 /* SettingData.m in Sources */,
				15550D7E1BB0FEC500471D62 /* SettingViewFlowLayout.m in Sources */,
				15550D581BB0F03B00471D62 /* MONHealthCell.m in Sources */,
				15550D531BB0F03B00471D62 /* HostDetailViewCell.m in Sources */,
				15550D5D1BB0F03B00471D62 /* OSDHealthView.m in Sources */,
				15550D271BB0F03B00471D62 /* PGStatusController.m in Sources */,
				15550D5C1BB0F03B00471D62 /* OSDHeaderView.m in Sources */,
				15550D371BB0F03B00471D62 /* NotificationData.m in Sources */,
				15550D6B1BB0F03B00471D62 /* ErrorView.m in Sources */,
				15550D3F1BB0F03B00471D62 /* CephAPI.m in Sources */,
				15550D5B1BB0F03B00471D62 /* OSDDetailView.m in Sources */,
				15550D641BB0F03B00471D62 /* PoolIOPSView.m in Sources */,
				15CACE0B1BA5276300DFD26B /* main.m in Sources */,
				15550D6E1BB0F03B00471D62 /* NavigationViewCell.m in Sources */,
			);
			runOnlyForDeploymentPostprocessing = 0;
		};
		15CACE1A1BA5276300DFD26B /* Sources */ = {
			isa = PBXSourcesBuildPhase;
			buildActionMask = 2147483647;
			files = (
				15CACE251BA5276300DFD26B /* calamari_ios_clientTests.m in Sources */,
				39610B741BFB32040077E806 /* TestNewApi.m in Sources */,
			);
			runOnlyForDeploymentPostprocessing = 0;
		};
/* End PBXSourcesBuildPhase section */

/* Begin PBXTargetDependency section */
		15CACE201BA5276300DFD26B /* PBXTargetDependency */ = {
			isa = PBXTargetDependency;
			target = 15CACE041BA5276300DFD26B /* calamari_ios_client */;
			targetProxy = 15CACE1F1BA5276300DFD26B /* PBXContainerItemProxy */;
		};
/* End PBXTargetDependency section */

/* Begin XCBuildConfiguration section */
		15CACE261BA5276300DFD26B /* Debug */ = {
			isa = XCBuildConfiguration;
			buildSettings = {
				ALWAYS_SEARCH_USER_PATHS = NO;
				CLANG_CXX_LANGUAGE_STANDARD = "gnu++0x";
				CLANG_CXX_LIBRARY = "libc++";
				CLANG_ENABLE_MODULES = YES;
				CLANG_ENABLE_OBJC_ARC = YES;
				CLANG_WARN_BOOL_CONVERSION = YES;
				CLANG_WARN_CONSTANT_CONVERSION = YES;
				CLANG_WARN_DIRECT_OBJC_ISA_USAGE = YES_ERROR;
				CLANG_WARN_EMPTY_BODY = YES;
				CLANG_WARN_ENUM_CONVERSION = YES;
				CLANG_WARN_INT_CONVERSION = YES;
				CLANG_WARN_OBJC_ROOT_CLASS = YES_ERROR;
				CLANG_WARN_UNREACHABLE_CODE = YES;
				CLANG_WARN__DUPLICATE_METHOD_MATCH = YES;
				"CODE_SIGN_IDENTITY[sdk=iphoneos*]" = "iPhone Developer";
				COPY_PHASE_STRIP = NO;
				DEBUG_INFORMATION_FORMAT = "dwarf-with-dsym";
				ENABLE_STRICT_OBJC_MSGSEND = YES;
				ENABLE_TESTABILITY = YES;
				GCC_C_LANGUAGE_STANDARD = gnu99;
				GCC_DYNAMIC_NO_PIC = NO;
				GCC_NO_COMMON_BLOCKS = YES;
				GCC_OPTIMIZATION_LEVEL = 0;
				GCC_PREPROCESSOR_DEFINITIONS = (
					"DEBUG=1",
					"$(inherited)",
				);
				GCC_SYMBOLS_PRIVATE_EXTERN = NO;
				GCC_WARN_64_TO_32_BIT_CONVERSION = YES;
				GCC_WARN_ABOUT_RETURN_TYPE = YES_ERROR;
				GCC_WARN_UNDECLARED_SELECTOR = YES;
				GCC_WARN_UNINITIALIZED_AUTOS = YES_AGGRESSIVE;
				GCC_WARN_UNUSED_FUNCTION = YES;
				GCC_WARN_UNUSED_VARIABLE = YES;
				IPHONEOS_DEPLOYMENT_TARGET = 8.4;
				MTL_ENABLE_DEBUG_INFO = YES;
				ONLY_ACTIVE_ARCH = YES;
				SDKROOT = iphoneos;
			};
			name = Debug;
		};
		15CACE271BA5276300DFD26B /* Release */ = {
			isa = XCBuildConfiguration;
			buildSettings = {
				ALWAYS_SEARCH_USER_PATHS = NO;
				CLANG_CXX_LANGUAGE_STANDARD = "gnu++0x";
				CLANG_CXX_LIBRARY = "libc++";
				CLANG_ENABLE_MODULES = YES;
				CLANG_ENABLE_OBJC_ARC = YES;
				CLANG_WARN_BOOL_CONVERSION = YES;
				CLANG_WARN_CONSTANT_CONVERSION = YES;
				CLANG_WARN_DIRECT_OBJC_ISA_USAGE = YES_ERROR;
				CLANG_WARN_EMPTY_BODY = YES;
				CLANG_WARN_ENUM_CONVERSION = YES;
				CLANG_WARN_INT_CONVERSION = YES;
				CLANG_WARN_OBJC_ROOT_CLASS = YES_ERROR;
				CLANG_WARN_UNREACHABLE_CODE = YES;
				CLANG_WARN__DUPLICATE_METHOD_MATCH = YES;
				"CODE_SIGN_IDENTITY[sdk=iphoneos*]" = "iPhone Developer";
				COPY_PHASE_STRIP = NO;
				DEBUG_INFORMATION_FORMAT = "dwarf-with-dsym";
				ENABLE_NS_ASSERTIONS = NO;
				ENABLE_STRICT_OBJC_MSGSEND = YES;
				GCC_C_LANGUAGE_STANDARD = gnu99;
				GCC_NO_COMMON_BLOCKS = YES;
				GCC_WARN_64_TO_32_BIT_CONVERSION = YES;
				GCC_WARN_ABOUT_RETURN_TYPE = YES_ERROR;
				GCC_WARN_UNDECLARED_SELECTOR = YES;
				GCC_WARN_UNINITIALIZED_AUTOS = YES_AGGRESSIVE;
				GCC_WARN_UNUSED_FUNCTION = YES;
				GCC_WARN_UNUSED_VARIABLE = YES;
				IPHONEOS_DEPLOYMENT_TARGET = 8.4;
				MTL_ENABLE_DEBUG_INFO = NO;
				SDKROOT = iphoneos;
				VALIDATE_PRODUCT = YES;
			};
			name = Release;
		};
		15CACE291BA5276300DFD26B /* Debug */ = {
			isa = XCBuildConfiguration;
			baseConfigurationReference = A765B40473C3A8E0E63212ED /* Pods-calamari_ios_client.debug.xcconfig */;
			buildSettings = {
				ASSETCATALOG_COMPILER_APPICON_NAME = AppIcon;
				ASSETCATALOG_COMPILER_LAUNCHIMAGE_NAME = BrandAsset;
				CODE_SIGN_IDENTITY = "iPhone Developer";
				INFOPLIST_FILE = calamari_ios_client/Info.plist;
				IPHONEOS_DEPLOYMENT_TARGET = 8.1;
				LD_RUNPATH_SEARCH_PATHS = "$(inherited) @executable_path/Frameworks";
				PRODUCT_BUNDLE_IDENTIFIER = com.inwinSTACK.CephMonitor;
				PRODUCT_NAME = "$(TARGET_NAME)";
				PROVISIONING_PROFILE = "";
				TARGETED_DEVICE_FAMILY = "1,2";
			};
			name = Debug;
		};
		15CACE2A1BA5276300DFD26B /* Release */ = {
			isa = XCBuildConfiguration;
			baseConfigurationReference = DCD9E3BA2309249C5C33E062 /* Pods-calamari_ios_client.release.xcconfig */;
			buildSettings = {
				ASSETCATALOG_COMPILER_APPICON_NAME = AppIcon;
				ASSETCATALOG_COMPILER_LAUNCHIMAGE_NAME = BrandAsset;
				CODE_SIGN_IDENTITY = "iPhone Developer";
				INFOPLIST_FILE = calamari_ios_client/Info.plist;
				IPHONEOS_DEPLOYMENT_TARGET = 8.1;
				LD_RUNPATH_SEARCH_PATHS = "$(inherited) @executable_path/Frameworks";
				PRODUCT_BUNDLE_IDENTIFIER = com.inwinSTACK.CephMonitor;
				PRODUCT_NAME = "$(TARGET_NAME)";
				PROVISIONING_PROFILE = "";
				TARGETED_DEVICE_FAMILY = "1,2";
			};
			name = Release;
		};
		15CACE2C1BA5276300DFD26B /* Debug */ = {
			isa = XCBuildConfiguration;
			buildSettings = {
				BUNDLE_LOADER = "$(TEST_HOST)";
				FRAMEWORK_SEARCH_PATHS = (
					"$(SDKROOT)/Developer/Library/Frameworks",
					"$(inherited)",
				);
				GCC_PREPROCESSOR_DEFINITIONS = (
					"DEBUG=1",
					"$(inherited)",
				);
				INFOPLIST_FILE = calamari_ios_clientTests/Info.plist;
				LD_RUNPATH_SEARCH_PATHS = "$(inherited) @executable_path/Frameworks @loader_path/Frameworks";
				PRODUCT_BUNDLE_IDENTIFIER = "Francis.$(PRODUCT_NAME:rfc1034identifier)";
				PRODUCT_NAME = "$(TARGET_NAME)";
				TEST_HOST = "$(BUILT_PRODUCTS_DIR)/calamari_ios_client.app/calamari_ios_client";
			};
			name = Debug;
		};
		15CACE2D1BA5276300DFD26B /* Release */ = {
			isa = XCBuildConfiguration;
			buildSettings = {
				BUNDLE_LOADER = "$(TEST_HOST)";
				FRAMEWORK_SEARCH_PATHS = (
					"$(SDKROOT)/Developer/Library/Frameworks",
					"$(inherited)",
				);
				INFOPLIST_FILE = calamari_ios_clientTests/Info.plist;
				LD_RUNPATH_SEARCH_PATHS = "$(inherited) @executable_path/Frameworks @loader_path/Frameworks";
				PRODUCT_BUNDLE_IDENTIFIER = "Francis.$(PRODUCT_NAME:rfc1034identifier)";
				PRODUCT_NAME = "$(TARGET_NAME)";
				TEST_HOST = "$(BUILT_PRODUCTS_DIR)/calamari_ios_client.app/calamari_ios_client";
			};
			name = Release;
		};
/* End XCBuildConfiguration section */

/* Begin XCConfigurationList section */
		15CACE001BA5276300DFD26B /* Build configuration list for PBXProject "calamari_ios_client" */ = {
			isa = XCConfigurationList;
			buildConfigurations = (
				15CACE261BA5276300DFD26B /* Debug */,
				15CACE271BA5276300DFD26B /* Release */,
			);
			defaultConfigurationIsVisible = 0;
			defaultConfigurationName = Release;
		};
		15CACE281BA5276300DFD26B /* Build configuration list for PBXNativeTarget "calamari_ios_client" */ = {
			isa = XCConfigurationList;
			buildConfigurations = (
				15CACE291BA5276300DFD26B /* Debug */,
				15CACE2A1BA5276300DFD26B /* Release */,
			);
			defaultConfigurationIsVisible = 0;
			defaultConfigurationName = Release;
		};
		15CACE2B1BA5276300DFD26B /* Build configuration list for PBXNativeTarget "calamari_ios_clientTests" */ = {
			isa = XCConfigurationList;
			buildConfigurations = (
				15CACE2C1BA5276300DFD26B /* Debug */,
				15CACE2D1BA5276300DFD26B /* Release */,
			);
			defaultConfigurationIsVisible = 0;
			defaultConfigurationName = Release;
		};
/* End XCConfigurationList section */
	};
	rootObject = 15CACDFD1BA5276300DFD26B /* Project object */;
}
