// !$*UTF8*$!
{
	archiveVersion = 1;
	classes = {
	};
	objectVersion = 46;
	objects = {

/* Begin PBXBuildFile section */
		153739B51B871A3200AC14BE /* AppDelegate.m in Sources */ = {isa = PBXBuildFile; fileRef = 153738ED1B871A3200AC14BE /* AppDelegate.m */; };
		153739B61B871A3200AC14BE /* ChartController.m in Sources */ = {isa = PBXBuildFile; fileRef = 153738F21B871A3200AC14BE /* ChartController.m */; };
		153739B71B871A3200AC14BE /* ClusterHealthController.m in Sources */ = {isa = PBXBuildFile; fileRef = 153738F51B871A3200AC14BE /* ClusterHealthController.m */; };
		153739B81B871A3200AC14BE /* BaseController.m in Sources */ = {isa = PBXBuildFile; fileRef = 153738F81B871A3200AC14BE /* BaseController.m */; };
		153739B91B871A3200AC14BE /* HealthDetailController.m in Sources */ = {isa = PBXBuildFile; fileRef = 153738FA1B871A3200AC14BE /* HealthDetailController.m */; };
		153739BA1B871A3200AC14BE /* HostDetailController.m in Sources */ = {isa = PBXBuildFile; fileRef = 153738FC1B871A3200AC14BE /* HostDetailController.m */; };
		153739BB1B871A3200AC14BE /* HostHealthController.m in Sources */ = {isa = PBXBuildFile; fileRef = 153738FE1B871A3200AC14BE /* HostHealthController.m */; };
		153739BC1B871A3200AC14BE /* MONHealthController.m in Sources */ = {isa = PBXBuildFile; fileRef = 153739001B871A3200AC14BE /* MONHealthController.m */; };
		153739BD1B871A3200AC14BE /* OSDDetailController.m in Sources */ = {isa = PBXBuildFile; fileRef = 153739021B871A3200AC14BE /* OSDDetailController.m */; };
		153739BE1B871A3200AC14BE /* OSDHealthController.m in Sources */ = {isa = PBXBuildFile; fileRef = 153739041B871A3200AC14BE /* OSDHealthController.m */; };
		153739BF1B871A3200AC14BE /* PGStatusController.m in Sources */ = {isa = PBXBuildFile; fileRef = 153739061B871A3200AC14BE /* PGStatusController.m */; };
		153739C01B871A3200AC14BE /* PoolIOPSController.m in Sources */ = {isa = PBXBuildFile; fileRef = 153739081B871A3200AC14BE /* PoolIOPSController.m */; };
		153739C11B871A3200AC14BE /* PoolListController.m in Sources */ = {isa = PBXBuildFile; fileRef = 1537390A1B871A3200AC14BE /* PoolListController.m */; };
		153739C21B871A3200AC14BE /* UsageController.m in Sources */ = {isa = PBXBuildFile; fileRef = 1537390C1B871A3200AC14BE /* UsageController.m */; };
		153739C31B871A3200AC14BE /* CustomNavigationController.m in Sources */ = {isa = PBXBuildFile; fileRef = 1537390E1B871A3200AC14BE /* CustomNavigationController.m */; };
		153739C41B871A3200AC14BE /* LoginController.m in Sources */ = {isa = PBXBuildFile; fileRef = 153739111B871A3200AC14BE /* LoginController.m */; };
		153739C51B871A3200AC14BE /* MutualController.m in Sources */ = {isa = PBXBuildFile; fileRef = 153739151B871A3200AC14BE /* MutualController.m */; };
		153739C61B871A3200AC14BE /* NotificationController.m in Sources */ = {isa = PBXBuildFile; fileRef = 153739181B871A3200AC14BE /* NotificationController.m */; };
		153739C71B871A3200AC14BE /* APIRecord.m in Sources */ = {isa = PBXBuildFile; fileRef = 1537391D1B871A3200AC14BE /* APIRecord.m */; };
		153739C81B871A3200AC14BE /* ClusterData.m in Sources */ = {isa = PBXBuildFile; fileRef = 1537391F1B871A3200AC14BE /* ClusterData.m */; };
		153739C91B871A3200AC14BE /* Cookies.m in Sources */ = {isa = PBXBuildFile; fileRef = 153739211B871A3200AC14BE /* Cookies.m */; };
		153739CA1B871A3200AC14BE /* HealthDetailData.m in Sources */ = {isa = PBXBuildFile; fileRef = 153739231B871A3200AC14BE /* HealthDetailData.m */; };
		153739CB1B871A3200AC14BE /* HostHealthData.m in Sources */ = {isa = PBXBuildFile; fileRef = 153739251B871A3200AC14BE /* HostHealthData.m */; };
		153739CC1B871A3200AC14BE /* ImageData.m in Sources */ = {isa = PBXBuildFile; fileRef = 153739271B871A3200AC14BE /* ImageData.m */; };
		153739CD1B871A3200AC14BE /* MONHealthData.m in Sources */ = {isa = PBXBuildFile; fileRef = 153739291B871A3200AC14BE /* MONHealthData.m */; };
		153739CE1B871A3200AC14BE /* NotificationData.m in Sources */ = {isa = PBXBuildFile; fileRef = 1537392B1B871A3200AC14BE /* NotificationData.m */; };
		153739CF1B871A3200AC14BE /* OSDHealthData.m in Sources */ = {isa = PBXBuildFile; fileRef = 1537392D1B871A3200AC14BE /* OSDHealthData.m */; };
		153739D01B871A3200AC14BE /* PGData.m in Sources */ = {isa = PBXBuildFile; fileRef = 1537392F1B871A3200AC14BE /* PGData.m */; };
		153739D11B871A3200AC14BE /* UserData.m in Sources */ = {isa = PBXBuildFile; fileRef = 153739311B871A3200AC14BE /* UserData.m */; };
		153739D21B871A3200AC14BE /* AnimationMaker.m in Sources */ = {isa = PBXBuildFile; fileRef = 153739341B871A3200AC14BE /* AnimationMaker.m */; };
		153739D31B871A3200AC14BE /* UIColor+Reader.m in Sources */ = {isa = PBXBuildFile; fileRef = 153739371B871A3200AC14BE /* UIColor+Reader.m */; };
		153739D41B871A3200AC14BE /* UINavigationBar+HeightMaker.m in Sources */ = {isa = PBXBuildFile; fileRef = 153739391B871A3200AC14BE /* UINavigationBar+HeightMaker.m */; };
		153739D51B871A3200AC14BE /* UIView+SizeMaker.m in Sources */ = {isa = PBXBuildFile; fileRef = 1537393B1B871A3200AC14BE /* UIView+SizeMaker.m */; };
		153739D61B871A3200AC14BE /* CephAPI.m in Sources */ = {isa = PBXBuildFile; fileRef = 1537393E1B871A3200AC14BE /* CephAPI.m */; };
		153739D71B871A3200AC14BE /* URLMaker.m in Sources */ = {isa = PBXBuildFile; fileRef = 153739401B871A3200AC14BE /* URLMaker.m */; };
		153739D81B871A3200AC14BE /* DateMaker.m in Sources */ = {isa = PBXBuildFile; fileRef = 153739421B871A3200AC14BE /* DateMaker.m */; };
		153739D91B871A3200AC14BE /* TextFieldChecker.m in Sources */ = {isa = PBXBuildFile; fileRef = 153739441B871A3200AC14BE /* TextFieldChecker.m */; };
		153739DA1B871A3200AC14BE /* ChartCell.m in Sources */ = {isa = PBXBuildFile; fileRef = 153739481B871A3200AC14BE /* ChartCell.m */; };
		153739DB1B871A3200AC14BE /* ChartCellBar.m in Sources */ = {isa = PBXBuildFile; fileRef = 1537394A1B871A3200AC14BE /* ChartCellBar.m */; };
		153739DC1B871A3200AC14BE /* ChartFlowLayout.m in Sources */ = {isa = PBXBuildFile; fileRef = 1537394C1B871A3200AC14BE /* ChartFlowLayout.m */; };
		153739DD1B871A3200AC14BE /* ChartView.m in Sources */ = {isa = PBXBuildFile; fileRef = 1537394E1B871A3200AC14BE /* ChartView.m */; };
		153739DE1B871A3200AC14BE /* ClusterHealthCellBar.m in Sources */ = {isa = PBXBuildFile; fileRef = 153739511B871A3200AC14BE /* ClusterHealthCellBar.m */; };
		153739DF1B871A3200AC14BE /* ClusterHealthProgressLayer.m in Sources */ = {isa = PBXBuildFile; fileRef = 153739531B871A3200AC14BE /* ClusterHealthProgressLayer.m */; };
		153739E01B871A3200AC14BE /* ClusterHealthView.m in Sources */ = {isa = PBXBuildFile; fileRef = 153739551B871A3200AC14BE /* ClusterHealthView.m */; };
		153739E11B871A3200AC14BE /* ClusterHealthViewCell.m in Sources */ = {isa = PBXBuildFile; fileRef = 153739571B871A3200AC14BE /* ClusterHealthViewCell.m */; };
		153739E21B871A3200AC14BE /* ClusterHealthViewFlowLayout.m in Sources */ = {isa = PBXBuildFile; fileRef = 153739591B871A3200AC14BE /* ClusterHealthViewFlowLayout.m */; };
		153739E31B871A3200AC14BE /* HealthDetailView.m in Sources */ = {isa = PBXBuildFile; fileRef = 1537395D1B871A3200AC14BE /* HealthDetailView.m */; };
		153739E41B871A3200AC14BE /* HealthDetailViewCell.m in Sources */ = {isa = PBXBuildFile; fileRef = 1537395F1B871A3200AC14BE /* HealthDetailViewCell.m */; };
		153739E51B871A3200AC14BE /* CPUIOPSView.m in Sources */ = {isa = PBXBuildFile; fileRef = 153739621B871A3200AC14BE /* CPUIOPSView.m */; };
		153739E61B871A3200AC14BE /* CPULineBrokenView.m in Sources */ = {isa = PBXBuildFile; fileRef = 153739641B871A3200AC14BE /* CPULineBrokenView.m */; };
		153739E71B871A3200AC14BE /* CPUSquareView.m in Sources */ = {isa = PBXBuildFile; fileRef = 153739661B871A3200AC14BE /* CPUSquareView.m */; };
		153739E81B871A3200AC14BE /* HostDetailHeaderView.m in Sources */ = {isa = PBXBuildFile; fileRef = 153739681B871A3200AC14BE /* HostDetailHeaderView.m */; };
		153739E91B871A3200AC14BE /* HostDetailView.m in Sources */ = {isa = PBXBuildFile; fileRef = 1537396A1B871A3200AC14BE /* HostDetailView.m */; };
		153739EA1B871A3200AC14BE /* HostDetailViewCell.m in Sources */ = {isa = PBXBuildFile; fileRef = 1537396C1B871A3200AC14BE /* HostDetailViewCell.m */; };
		153739EB1B871A3200AC14BE /* HostDetailViewFlowLayout.m in Sources */ = {isa = PBXBuildFile; fileRef = 1537396E1B871A3200AC14BE /* HostDetailViewFlowLayout.m */; };
		153739EC1B871A3200AC14BE /* HostHealthFlowLayout.m in Sources */ = {isa = PBXBuildFile; fileRef = 153739711B871A3200AC14BE /* HostHealthFlowLayout.m */; };
		153739ED1B871A3200AC14BE /* HostHealthView.m in Sources */ = {isa = PBXBuildFile; fileRef = 153739731B871A3200AC14BE /* HostHealthView.m */; };
		153739EE1B871A3200AC14BE /* HostHealthViewCell.m in Sources */ = {isa = PBXBuildFile; fileRef = 153739751B871A3200AC14BE /* HostHealthViewCell.m */; };
		153739EF1B871A3200AC14BE /* MONHealthCell.m in Sources */ = {isa = PBXBuildFile; fileRef = 153739781B871A3200AC14BE /* MONHealthCell.m */; };
		153739F01B871A3200AC14BE /* MONHealthFlowLayout.m in Sources */ = {isa = PBXBuildFile; fileRef = 1537397A1B871A3200AC14BE /* MONHealthFlowLayout.m */; };
		153739F11B871A3200AC14BE /* MONHealthView.m in Sources */ = {isa = PBXBuildFile; fileRef = 1537397C1B871A3200AC14BE /* MONHealthView.m */; };
		153739F21B871A3200AC14BE /* OSDDetailView.m in Sources */ = {isa = PBXBuildFile; fileRef = 1537397F1B871A3200AC14BE /* OSDDetailView.m */; };
		153739F31B871A3200AC14BE /* OSDHeaderView.m in Sources */ = {isa = PBXBuildFile; fileRef = 153739821B871A3200AC14BE /* OSDHeaderView.m */; };
		153739F41B871A3200AC14BE /* OSDHealthView.m in Sources */ = {isa = PBXBuildFile; fileRef = 153739841B871A3200AC14BE /* OSDHealthView.m */; };
		153739F51B871A3200AC14BE /* OSDHealthViewCell.m in Sources */ = {isa = PBXBuildFile; fileRef = 153739861B871A3200AC14BE /* OSDHealthViewCell.m */; };
		153739F61B871A3200AC14BE /* OSDViewFLowLayout.m in Sources */ = {isa = PBXBuildFile; fileRef = 153739881B871A3200AC14BE /* OSDViewFLowLayout.m */; };
		153739F71B871A3200AC14BE /* PGStatusFlowLayout.m in Sources */ = {isa = PBXBuildFile; fileRef = 1537398B1B871A3200AC14BE /* PGStatusFlowLayout.m */; };
		153739F81B871A3200AC14BE /* PGStatusView.m in Sources */ = {isa = PBXBuildFile; fileRef = 1537398D1B871A3200AC14BE /* PGStatusView.m */; };
		153739F91B871A3200AC14BE /* PGStatusViewCell.m in Sources */ = {isa = PBXBuildFile; fileRef = 1537398F1B871A3200AC14BE /* PGStatusViewCell.m */; };
		153739FA1B871A3200AC14BE /* IOPSDetailChartView.m in Sources */ = {isa = PBXBuildFile; fileRef = 153739921B871A3200AC14BE /* IOPSDetailChartView.m */; };
		153739FB1B871A3200AC14BE /* PoolIOPSView.m in Sources */ = {isa = PBXBuildFile; fileRef = 153739941B871A3200AC14BE /* PoolIOPSView.m */; };
		153739FC1B871A3200AC14BE /* PoolIOPSViewCell.m in Sources */ = {isa = PBXBuildFile; fileRef = 153739961B871A3200AC14BE /* PoolIOPSViewCell.m */; };
		153739FD1B871A3200AC14BE /* PoolIOPSViewFlowLayout.m in Sources */ = {isa = PBXBuildFile; fileRef = 153739981B871A3200AC14BE /* PoolIOPSViewFlowLayout.m */; };
		153739FE1B871A3200AC14BE /* PoolListView.m in Sources */ = {isa = PBXBuildFile; fileRef = 1537399B1B871A3200AC14BE /* PoolListView.m */; };
		153739FF1B871A3200AC14BE /* PoolListViewCell.m in Sources */ = {isa = PBXBuildFile; fileRef = 1537399D1B871A3200AC14BE /* PoolListViewCell.m */; };
		15373A001B871A3200AC14BE /* UsageStatusView.m in Sources */ = {isa = PBXBuildFile; fileRef = 153739A01B871A3200AC14BE /* UsageStatusView.m */; };
		15373A011B871A3200AC14BE /* IOPSChartView.m in Sources */ = {isa = PBXBuildFile; fileRef = 153739A21B871A3200AC14BE /* IOPSChartView.m */; };
		15373A021B871A3200AC14BE /* ErrorView.m in Sources */ = {isa = PBXBuildFile; fileRef = 153739A51B871A3200AC14BE /* ErrorView.m */; };
		15373A031B871A3200AC14BE /* LoginView.m in Sources */ = {isa = PBXBuildFile; fileRef = 153739A81B871A3200AC14BE /* LoginView.m */; };
		15373A041B871A3200AC14BE /* NavigationView.m in Sources */ = {isa = PBXBuildFile; fileRef = 153739AA1B871A3200AC14BE /* NavigationView.m */; };
		15373A051B871A3200AC14BE /* NavigationViewCell.m in Sources */ = {isa = PBXBuildFile; fileRef = 153739AC1B871A3200AC14BE /* NavigationViewCell.m */; };
		15373A061B871A3200AC14BE /* NotificationCell.m in Sources */ = {isa = PBXBuildFile; fileRef = 153739AF1B871A3200AC14BE /* NotificationCell.m */; };
		15373A071B871A3200AC14BE /* NotificationView.m in Sources */ = {isa = PBXBuildFile; fileRef = 153739B11B871A3200AC14BE /* NotificationView.m */; };
		15373A081B871A3200AC14BE /* Images.xcassets in Resources */ = {isa = PBXBuildFile; fileRef = 153739B21B871A3200AC14BE /* Images.xcassets */; };
		15373A0A1B871A3200AC14BE /* main.m in Sources */ = {isa = PBXBuildFile; fileRef = 153739B41B871A3200AC14BE /* main.m */; };
		15373A2B1B871C5C00AC14BE /* calamari_ios_client_Tests.m in Sources */ = {isa = PBXBuildFile; fileRef = 15373A2A1B871C5C00AC14BE /* calamari_ios_client_Tests.m */; };
		1538581A1B8EAC9E00EC32B9 /* AVFoundation.framework in Frameworks */ = {isa = PBXBuildFile; fileRef = 153858191B8EAC9E00EC32B9 /* AVFoundation.framework */; };
		156E621B1B3191BF0090A825 /* QuartzCore.framework in Frameworks */ = {isa = PBXBuildFile; fileRef = 156E621A1B3191BF0090A825 /* QuartzCore.framework */; };
		15A651451B95BDA3008124A3 /* NotificationViewFlowLayout.m in Sources */ = {isa = PBXBuildFile; fileRef = 15A651441B95BDA3008124A3 /* NotificationViewFlowLayout.m */; };
		15BEEF791B97EB9300846A79 /* NotificationDetailController.m in Sources */ = {isa = PBXBuildFile; fileRef = 15BEEF781B97EB9300846A79 /* NotificationDetailController.m */; };
		15BEEF7C1B97EDD400846A79 /* NotificationDetailView.m in Sources */ = {isa = PBXBuildFile; fileRef = 15BEEF7B1B97EDD400846A79 /* NotificationDetailView.m */; };
		15E5C9561B871DF600B2B839 /* APITest.m in Sources */ = {isa = PBXBuildFile; fileRef = 15E5C9551B871DF600B2B839 /* APITest.m */; };
		F6CD02EA2335B75752713936 /* libPods-inWinStackCeph.a in Frameworks */ = {isa = PBXBuildFile; fileRef = D9555D7CADD0918BCD61153F /* libPods-inWinStackCeph.a */; };
/* End PBXBuildFile section */

/* Begin PBXContainerItemProxy section */
		15373A2C1B871C5C00AC14BE /* PBXContainerItemProxy */ = {
			isa = PBXContainerItemProxy;
			containerPortal = 1589BCCB1AD6A9CE005B86A8 /* Project object */;
			proxyType = 1;
			remoteGlobalIDString = 1589BCD21AD6A9CE005B86A8;
			remoteInfo = calamari_ios_client;
		};
/* End PBXContainerItemProxy section */

/* Begin PBXFileReference section */
		153738EC1B871A3200AC14BE /* AppDelegate.h */ = {isa = PBXFileReference; fileEncoding = 4; lastKnownFileType = sourcecode.c.h; path = AppDelegate.h; sourceTree = "<group>"; };
		153738ED1B871A3200AC14BE /* AppDelegate.m */ = {isa = PBXFileReference; fileEncoding = 4; lastKnownFileType = sourcecode.c.objc; path = AppDelegate.m; sourceTree = "<group>"; };
		153738F11B871A3200AC14BE /* ChartController.h */ = {isa = PBXFileReference; fileEncoding = 4; lastKnownFileType = sourcecode.c.h; path = ChartController.h; sourceTree = "<group>"; };
		153738F21B871A3200AC14BE /* ChartController.m */ = {isa = PBXFileReference; fileEncoding = 4; lastKnownFileType = sourcecode.c.objc; path = ChartController.m; sourceTree = "<group>"; };
		153738F41B871A3200AC14BE /* ClusterHealthController.h */ = {isa = PBXFileReference; fileEncoding = 4; lastKnownFileType = sourcecode.c.h; path = ClusterHealthController.h; sourceTree = "<group>"; };
		153738F51B871A3200AC14BE /* ClusterHealthController.m */ = {isa = PBXFileReference; fileEncoding = 4; lastKnownFileType = sourcecode.c.objc; path = ClusterHealthController.m; sourceTree = "<group>"; };
		153738F71B871A3200AC14BE /* BaseController.h */ = {isa = PBXFileReference; fileEncoding = 4; lastKnownFileType = sourcecode.c.h; path = BaseController.h; sourceTree = "<group>"; };
		153738F81B871A3200AC14BE /* BaseController.m */ = {isa = PBXFileReference; fileEncoding = 4; lastKnownFileType = sourcecode.c.objc; path = BaseController.m; sourceTree = "<group>"; };
		153738F91B871A3200AC14BE /* HealthDetailController.h */ = {isa = PBXFileReference; fileEncoding = 4; lastKnownFileType = sourcecode.c.h; path = HealthDetailController.h; sourceTree = "<group>"; };
		153738FA1B871A3200AC14BE /* HealthDetailController.m */ = {isa = PBXFileReference; fileEncoding = 4; lastKnownFileType = sourcecode.c.objc; path = HealthDetailController.m; sourceTree = "<group>"; };
		153738FB1B871A3200AC14BE /* HostDetailController.h */ = {isa = PBXFileReference; fileEncoding = 4; lastKnownFileType = sourcecode.c.h; path = HostDetailController.h; sourceTree = "<group>"; };
		153738FC1B871A3200AC14BE /* HostDetailController.m */ = {isa = PBXFileReference; fileEncoding = 4; lastKnownFileType = sourcecode.c.objc; path = HostDetailController.m; sourceTree = "<group>"; };
		153738FD1B871A3200AC14BE /* HostHealthController.h */ = {isa = PBXFileReference; fileEncoding = 4; lastKnownFileType = sourcecode.c.h; path = HostHealthController.h; sourceTree = "<group>"; };
		153738FE1B871A3200AC14BE /* HostHealthController.m */ = {isa = PBXFileReference; fileEncoding = 4; lastKnownFileType = sourcecode.c.objc; path = HostHealthController.m; sourceTree = "<group>"; };
		153738FF1B871A3200AC14BE /* MONHealthController.h */ = {isa = PBXFileReference; fileEncoding = 4; lastKnownFileType = sourcecode.c.h; path = MONHealthController.h; sourceTree = "<group>"; };
		153739001B871A3200AC14BE /* MONHealthController.m */ = {isa = PBXFileReference; fileEncoding = 4; lastKnownFileType = sourcecode.c.objc; path = MONHealthController.m; sourceTree = "<group>"; };
		153739011B871A3200AC14BE /* OSDDetailController.h */ = {isa = PBXFileReference; fileEncoding = 4; lastKnownFileType = sourcecode.c.h; path = OSDDetailController.h; sourceTree = "<group>"; };
		153739021B871A3200AC14BE /* OSDDetailController.m */ = {isa = PBXFileReference; fileEncoding = 4; lastKnownFileType = sourcecode.c.objc; path = OSDDetailController.m; sourceTree = "<group>"; };
		153739031B871A3200AC14BE /* OSDHealthController.h */ = {isa = PBXFileReference; fileEncoding = 4; lastKnownFileType = sourcecode.c.h; path = OSDHealthController.h; sourceTree = "<group>"; };
		153739041B871A3200AC14BE /* OSDHealthController.m */ = {isa = PBXFileReference; fileEncoding = 4; lastKnownFileType = sourcecode.c.objc; path = OSDHealthController.m; sourceTree = "<group>"; };
		153739051B871A3200AC14BE /* PGStatusController.h */ = {isa = PBXFileReference; fileEncoding = 4; lastKnownFileType = sourcecode.c.h; path = PGStatusController.h; sourceTree = "<group>"; };
		153739061B871A3200AC14BE /* PGStatusController.m */ = {isa = PBXFileReference; fileEncoding = 4; lastKnownFileType = sourcecode.c.objc; path = PGStatusController.m; sourceTree = "<group>"; };
		153739071B871A3200AC14BE /* PoolIOPSController.h */ = {isa = PBXFileReference; fileEncoding = 4; lastKnownFileType = sourcecode.c.h; path = PoolIOPSController.h; sourceTree = "<group>"; };
		153739081B871A3200AC14BE /* PoolIOPSController.m */ = {isa = PBXFileReference; fileEncoding = 4; lastKnownFileType = sourcecode.c.objc; path = PoolIOPSController.m; sourceTree = "<group>"; };
		153739091B871A3200AC14BE /* PoolListController.h */ = {isa = PBXFileReference; fileEncoding = 4; lastKnownFileType = sourcecode.c.h; path = PoolListController.h; sourceTree = "<group>"; };
		1537390A1B871A3200AC14BE /* PoolListController.m */ = {isa = PBXFileReference; fileEncoding = 4; lastKnownFileType = sourcecode.c.objc; path = PoolListController.m; sourceTree = "<group>"; };
		1537390B1B871A3200AC14BE /* UsageController.h */ = {isa = PBXFileReference; fileEncoding = 4; lastKnownFileType = sourcecode.c.h; path = UsageController.h; sourceTree = "<group>"; };
		1537390C1B871A3200AC14BE /* UsageController.m */ = {isa = PBXFileReference; fileEncoding = 4; lastKnownFileType = sourcecode.c.objc; path = UsageController.m; sourceTree = "<group>"; };
		1537390D1B871A3200AC14BE /* CustomNavigationController.h */ = {isa = PBXFileReference; fileEncoding = 4; lastKnownFileType = sourcecode.c.h; path = CustomNavigationController.h; sourceTree = "<group>"; };
		1537390E1B871A3200AC14BE /* CustomNavigationController.m */ = {isa = PBXFileReference; fileEncoding = 4; lastKnownFileType = sourcecode.c.objc; path = CustomNavigationController.m; sourceTree = "<group>"; };
		153739101B871A3200AC14BE /* LoginController.h */ = {isa = PBXFileReference; fileEncoding = 4; lastKnownFileType = sourcecode.c.h; path = LoginController.h; sourceTree = "<group>"; };
		153739111B871A3200AC14BE /* LoginController.m */ = {isa = PBXFileReference; fileEncoding = 4; lastKnownFileType = sourcecode.c.objc; path = LoginController.m; sourceTree = "<group>"; };
		153739141B871A3200AC14BE /* MutualController.h */ = {isa = PBXFileReference; fileEncoding = 4; lastKnownFileType = sourcecode.c.h; path = MutualController.h; sourceTree = "<group>"; };
		153739151B871A3200AC14BE /* MutualController.m */ = {isa = PBXFileReference; fileEncoding = 4; lastKnownFileType = sourcecode.c.objc; path = MutualController.m; sourceTree = "<group>"; };
		153739171B871A3200AC14BE /* NotificationController.h */ = {isa = PBXFileReference; fileEncoding = 4; lastKnownFileType = sourcecode.c.h; path = NotificationController.h; sourceTree = "<group>"; };
		153739181B871A3200AC14BE /* NotificationController.m */ = {isa = PBXFileReference; fileEncoding = 4; lastKnownFileType = sourcecode.c.objc; path = NotificationController.m; sourceTree = "<group>"; };
		1537391C1B871A3200AC14BE /* APIRecord.h */ = {isa = PBXFileReference; fileEncoding = 4; lastKnownFileType = sourcecode.c.h; path = APIRecord.h; sourceTree = "<group>"; };
		1537391D1B871A3200AC14BE /* APIRecord.m */ = {isa = PBXFileReference; fileEncoding = 4; lastKnownFileType = sourcecode.c.objc; path = APIRecord.m; sourceTree = "<group>"; };
		1537391E1B871A3200AC14BE /* ClusterData.h */ = {isa = PBXFileReference; fileEncoding = 4; lastKnownFileType = sourcecode.c.h; path = ClusterData.h; sourceTree = "<group>"; };
		1537391F1B871A3200AC14BE /* ClusterData.m */ = {isa = PBXFileReference; fileEncoding = 4; lastKnownFileType = sourcecode.c.objc; path = ClusterData.m; sourceTree = "<group>"; };
		153739201B871A3200AC14BE /* Cookies.h */ = {isa = PBXFileReference; fileEncoding = 4; lastKnownFileType = sourcecode.c.h; path = Cookies.h; sourceTree = "<group>"; };
		153739211B871A3200AC14BE /* Cookies.m */ = {isa = PBXFileReference; fileEncoding = 4; lastKnownFileType = sourcecode.c.objc; path = Cookies.m; sourceTree = "<group>"; };
		153739221B871A3200AC14BE /* HealthDetailData.h */ = {isa = PBXFileReference; fileEncoding = 4; lastKnownFileType = sourcecode.c.h; path = HealthDetailData.h; sourceTree = "<group>"; };
		153739231B871A3200AC14BE /* HealthDetailData.m */ = {isa = PBXFileReference; fileEncoding = 4; lastKnownFileType = sourcecode.c.objc; path = HealthDetailData.m; sourceTree = "<group>"; };
		153739241B871A3200AC14BE /* HostHealthData.h */ = {isa = PBXFileReference; fileEncoding = 4; lastKnownFileType = sourcecode.c.h; path = HostHealthData.h; sourceTree = "<group>"; };
		153739251B871A3200AC14BE /* HostHealthData.m */ = {isa = PBXFileReference; fileEncoding = 4; lastKnownFileType = sourcecode.c.objc; path = HostHealthData.m; sourceTree = "<group>"; };
		153739261B871A3200AC14BE /* ImageData.h */ = {isa = PBXFileReference; fileEncoding = 4; lastKnownFileType = sourcecode.c.h; path = ImageData.h; sourceTree = "<group>"; };
		153739271B871A3200AC14BE /* ImageData.m */ = {isa = PBXFileReference; fileEncoding = 4; lastKnownFileType = sourcecode.c.objc; path = ImageData.m; sourceTree = "<group>"; };
		153739281B871A3200AC14BE /* MONHealthData.h */ = {isa = PBXFileReference; fileEncoding = 4; lastKnownFileType = sourcecode.c.h; path = MONHealthData.h; sourceTree = "<group>"; };
		153739291B871A3200AC14BE /* MONHealthData.m */ = {isa = PBXFileReference; fileEncoding = 4; lastKnownFileType = sourcecode.c.objc; path = MONHealthData.m; sourceTree = "<group>"; };
		1537392A1B871A3200AC14BE /* NotificationData.h */ = {isa = PBXFileReference; fileEncoding = 4; lastKnownFileType = sourcecode.c.h; path = NotificationData.h; sourceTree = "<group>"; };
		1537392B1B871A3200AC14BE /* NotificationData.m */ = {isa = PBXFileReference; fileEncoding = 4; lastKnownFileType = sourcecode.c.objc; path = NotificationData.m; sourceTree = "<group>"; };
		1537392C1B871A3200AC14BE /* OSDHealthData.h */ = {isa = PBXFileReference; fileEncoding = 4; lastKnownFileType = sourcecode.c.h; path = OSDHealthData.h; sourceTree = "<group>"; };
		1537392D1B871A3200AC14BE /* OSDHealthData.m */ = {isa = PBXFileReference; fileEncoding = 4; lastKnownFileType = sourcecode.c.objc; path = OSDHealthData.m; sourceTree = "<group>"; };
		1537392E1B871A3200AC14BE /* PGData.h */ = {isa = PBXFileReference; fileEncoding = 4; lastKnownFileType = sourcecode.c.h; path = PGData.h; sourceTree = "<group>"; };
		1537392F1B871A3200AC14BE /* PGData.m */ = {isa = PBXFileReference; fileEncoding = 4; lastKnownFileType = sourcecode.c.objc; path = PGData.m; sourceTree = "<group>"; };
		153739301B871A3200AC14BE /* UserData.h */ = {isa = PBXFileReference; fileEncoding = 4; lastKnownFileType = sourcecode.c.h; path = UserData.h; sourceTree = "<group>"; };
		153739311B871A3200AC14BE /* UserData.m */ = {isa = PBXFileReference; fileEncoding = 4; lastKnownFileType = sourcecode.c.objc; path = UserData.m; sourceTree = "<group>"; };
		153739331B871A3200AC14BE /* AnimationMaker.h */ = {isa = PBXFileReference; fileEncoding = 4; lastKnownFileType = sourcecode.c.h; path = AnimationMaker.h; sourceTree = "<group>"; };
		153739341B871A3200AC14BE /* AnimationMaker.m */ = {isa = PBXFileReference; fileEncoding = 4; lastKnownFileType = sourcecode.c.objc; path = AnimationMaker.m; sourceTree = "<group>"; };
		153739361B871A3200AC14BE /* UIColor+Reader.h */ = {isa = PBXFileReference; fileEncoding = 4; lastKnownFileType = sourcecode.c.h; path = "UIColor+Reader.h"; sourceTree = "<group>"; };
		153739371B871A3200AC14BE /* UIColor+Reader.m */ = {isa = PBXFileReference; fileEncoding = 4; lastKnownFileType = sourcecode.c.objc; path = "UIColor+Reader.m"; sourceTree = "<group>"; };
		153739381B871A3200AC14BE /* UINavigationBar+HeightMaker.h */ = {isa = PBXFileReference; fileEncoding = 4; lastKnownFileType = sourcecode.c.h; path = "UINavigationBar+HeightMaker.h"; sourceTree = "<group>"; };
		153739391B871A3200AC14BE /* UINavigationBar+HeightMaker.m */ = {isa = PBXFileReference; fileEncoding = 4; lastKnownFileType = sourcecode.c.objc; path = "UINavigationBar+HeightMaker.m"; sourceTree = "<group>"; };
		1537393A1B871A3200AC14BE /* UIView+SizeMaker.h */ = {isa = PBXFileReference; fileEncoding = 4; lastKnownFileType = sourcecode.c.h; path = "UIView+SizeMaker.h"; sourceTree = "<group>"; };
		1537393B1B871A3200AC14BE /* UIView+SizeMaker.m */ = {isa = PBXFileReference; fileEncoding = 4; lastKnownFileType = sourcecode.c.objc; path = "UIView+SizeMaker.m"; sourceTree = "<group>"; };
		1537393D1B871A3200AC14BE /* CephAPI.h */ = {isa = PBXFileReference; fileEncoding = 4; lastKnownFileType = sourcecode.c.h; path = CephAPI.h; sourceTree = "<group>"; };
		1537393E1B871A3200AC14BE /* CephAPI.m */ = {isa = PBXFileReference; fileEncoding = 4; lastKnownFileType = sourcecode.c.objc; path = CephAPI.m; sourceTree = "<group>"; };
		1537393F1B871A3200AC14BE /* URLMaker.h */ = {isa = PBXFileReference; fileEncoding = 4; lastKnownFileType = sourcecode.c.h; path = URLMaker.h; sourceTree = "<group>"; };
		153739401B871A3200AC14BE /* URLMaker.m */ = {isa = PBXFileReference; fileEncoding = 4; lastKnownFileType = sourcecode.c.objc; path = URLMaker.m; sourceTree = "<group>"; };
		153739411B871A3200AC14BE /* DateMaker.h */ = {isa = PBXFileReference; fileEncoding = 4; lastKnownFileType = sourcecode.c.h; path = DateMaker.h; sourceTree = "<group>"; };
		153739421B871A3200AC14BE /* DateMaker.m */ = {isa = PBXFileReference; fileEncoding = 4; lastKnownFileType = sourcecode.c.objc; path = DateMaker.m; sourceTree = "<group>"; };
		153739431B871A3200AC14BE /* TextFieldChecker.h */ = {isa = PBXFileReference; fileEncoding = 4; lastKnownFileType = sourcecode.c.h; path = TextFieldChecker.h; sourceTree = "<group>"; };
		153739441B871A3200AC14BE /* TextFieldChecker.m */ = {isa = PBXFileReference; fileEncoding = 4; lastKnownFileType = sourcecode.c.objc; path = TextFieldChecker.m; sourceTree = "<group>"; };
		153739471B871A3200AC14BE /* ChartCell.h */ = {isa = PBXFileReference; fileEncoding = 4; lastKnownFileType = sourcecode.c.h; path = ChartCell.h; sourceTree = "<group>"; };
		153739481B871A3200AC14BE /* ChartCell.m */ = {isa = PBXFileReference; fileEncoding = 4; lastKnownFileType = sourcecode.c.objc; path = ChartCell.m; sourceTree = "<group>"; };
		153739491B871A3200AC14BE /* ChartCellBar.h */ = {isa = PBXFileReference; fileEncoding = 4; lastKnownFileType = sourcecode.c.h; path = ChartCellBar.h; sourceTree = "<group>"; };
		1537394A1B871A3200AC14BE /* ChartCellBar.m */ = {isa = PBXFileReference; fileEncoding = 4; lastKnownFileType = sourcecode.c.objc; path = ChartCellBar.m; sourceTree = "<group>"; };
		1537394B1B871A3200AC14BE /* ChartFlowLayout.h */ = {isa = PBXFileReference; fileEncoding = 4; lastKnownFileType = sourcecode.c.h; path = ChartFlowLayout.h; sourceTree = "<group>"; };
		1537394C1B871A3200AC14BE /* ChartFlowLayout.m */ = {isa = PBXFileReference; fileEncoding = 4; lastKnownFileType = sourcecode.c.objc; path = ChartFlowLayout.m; sourceTree = "<group>"; };
		1537394D1B871A3200AC14BE /* ChartView.h */ = {isa = PBXFileReference; fileEncoding = 4; lastKnownFileType = sourcecode.c.h; path = ChartView.h; sourceTree = "<group>"; };
		1537394E1B871A3200AC14BE /* ChartView.m */ = {isa = PBXFileReference; fileEncoding = 4; lastKnownFileType = sourcecode.c.objc; path = ChartView.m; sourceTree = "<group>"; };
		153739501B871A3200AC14BE /* ClusterHealthCellBar.h */ = {isa = PBXFileReference; fileEncoding = 4; lastKnownFileType = sourcecode.c.h; path = ClusterHealthCellBar.h; sourceTree = "<group>"; };
		153739511B871A3200AC14BE /* ClusterHealthCellBar.m */ = {isa = PBXFileReference; fileEncoding = 4; lastKnownFileType = sourcecode.c.objc; path = ClusterHealthCellBar.m; sourceTree = "<group>"; };
		153739521B871A3200AC14BE /* ClusterHealthProgressLayer.h */ = {isa = PBXFileReference; fileEncoding = 4; lastKnownFileType = sourcecode.c.h; path = ClusterHealthProgressLayer.h; sourceTree = "<group>"; };
		153739531B871A3200AC14BE /* ClusterHealthProgressLayer.m */ = {isa = PBXFileReference; fileEncoding = 4; lastKnownFileType = sourcecode.c.objc; path = ClusterHealthProgressLayer.m; sourceTree = "<group>"; };
		153739541B871A3200AC14BE /* ClusterHealthView.h */ = {isa = PBXFileReference; fileEncoding = 4; lastKnownFileType = sourcecode.c.h; path = ClusterHealthView.h; sourceTree = "<group>"; };
		153739551B871A3200AC14BE /* ClusterHealthView.m */ = {isa = PBXFileReference; fileEncoding = 4; lastKnownFileType = sourcecode.c.objc; path = ClusterHealthView.m; sourceTree = "<group>"; };
		153739561B871A3200AC14BE /* ClusterHealthViewCell.h */ = {isa = PBXFileReference; fileEncoding = 4; lastKnownFileType = sourcecode.c.h; path = ClusterHealthViewCell.h; sourceTree = "<group>"; };
		153739571B871A3200AC14BE /* ClusterHealthViewCell.m */ = {isa = PBXFileReference; fileEncoding = 4; lastKnownFileType = sourcecode.c.objc; path = ClusterHealthViewCell.m; sourceTree = "<group>"; };
		153739581B871A3200AC14BE /* ClusterHealthViewFlowLayout.h */ = {isa = PBXFileReference; fileEncoding = 4; lastKnownFileType = sourcecode.c.h; path = ClusterHealthViewFlowLayout.h; sourceTree = "<group>"; };
		153739591B871A3200AC14BE /* ClusterHealthViewFlowLayout.m */ = {isa = PBXFileReference; fileEncoding = 4; lastKnownFileType = sourcecode.c.objc; path = ClusterHealthViewFlowLayout.m; sourceTree = "<group>"; };
		1537395C1B871A3200AC14BE /* HealthDetailView.h */ = {isa = PBXFileReference; fileEncoding = 4; lastKnownFileType = sourcecode.c.h; path = HealthDetailView.h; sourceTree = "<group>"; };
		1537395D1B871A3200AC14BE /* HealthDetailView.m */ = {isa = PBXFileReference; fileEncoding = 4; lastKnownFileType = sourcecode.c.objc; path = HealthDetailView.m; sourceTree = "<group>"; };
		1537395E1B871A3200AC14BE /* HealthDetailViewCell.h */ = {isa = PBXFileReference; fileEncoding = 4; lastKnownFileType = sourcecode.c.h; path = HealthDetailViewCell.h; sourceTree = "<group>"; };
		1537395F1B871A3200AC14BE /* HealthDetailViewCell.m */ = {isa = PBXFileReference; fileEncoding = 4; lastKnownFileType = sourcecode.c.objc; path = HealthDetailViewCell.m; sourceTree = "<group>"; };
		153739611B871A3200AC14BE /* CPUIOPSView.h */ = {isa = PBXFileReference; fileEncoding = 4; lastKnownFileType = sourcecode.c.h; path = CPUIOPSView.h; sourceTree = "<group>"; };
		153739621B871A3200AC14BE /* CPUIOPSView.m */ = {isa = PBXFileReference; fileEncoding = 4; lastKnownFileType = sourcecode.c.objc; path = CPUIOPSView.m; sourceTree = "<group>"; };
		153739631B871A3200AC14BE /* CPULineBrokenView.h */ = {isa = PBXFileReference; fileEncoding = 4; lastKnownFileType = sourcecode.c.h; path = CPULineBrokenView.h; sourceTree = "<group>"; };
		153739641B871A3200AC14BE /* CPULineBrokenView.m */ = {isa = PBXFileReference; fileEncoding = 4; lastKnownFileType = sourcecode.c.objc; path = CPULineBrokenView.m; sourceTree = "<group>"; };
		153739651B871A3200AC14BE /* CPUSquareView.h */ = {isa = PBXFileReference; fileEncoding = 4; lastKnownFileType = sourcecode.c.h; path = CPUSquareView.h; sourceTree = "<group>"; };
		153739661B871A3200AC14BE /* CPUSquareView.m */ = {isa = PBXFileReference; fileEncoding = 4; lastKnownFileType = sourcecode.c.objc; path = CPUSquareView.m; sourceTree = "<group>"; };
		153739671B871A3200AC14BE /* HostDetailHeaderView.h */ = {isa = PBXFileReference; fileEncoding = 4; lastKnownFileType = sourcecode.c.h; path = HostDetailHeaderView.h; sourceTree = "<group>"; };
		153739681B871A3200AC14BE /* HostDetailHeaderView.m */ = {isa = PBXFileReference; fileEncoding = 4; lastKnownFileType = sourcecode.c.objc; path = HostDetailHeaderView.m; sourceTree = "<group>"; };
		153739691B871A3200AC14BE /* HostDetailView.h */ = {isa = PBXFileReference; fileEncoding = 4; lastKnownFileType = sourcecode.c.h; path = HostDetailView.h; sourceTree = "<group>"; };
		1537396A1B871A3200AC14BE /* HostDetailView.m */ = {isa = PBXFileReference; fileEncoding = 4; lastKnownFileType = sourcecode.c.objc; path = HostDetailView.m; sourceTree = "<group>"; };
		1537396B1B871A3200AC14BE /* HostDetailViewCell.h */ = {isa = PBXFileReference; fileEncoding = 4; lastKnownFileType = sourcecode.c.h; path = HostDetailViewCell.h; sourceTree = "<group>"; };
		1537396C1B871A3200AC14BE /* HostDetailViewCell.m */ = {isa = PBXFileReference; fileEncoding = 4; lastKnownFileType = sourcecode.c.objc; path = HostDetailViewCell.m; sourceTree = "<group>"; };
		1537396D1B871A3200AC14BE /* HostDetailViewFlowLayout.h */ = {isa = PBXFileReference; fileEncoding = 4; lastKnownFileType = sourcecode.c.h; path = HostDetailViewFlowLayout.h; sourceTree = "<group>"; };
		1537396E1B871A3200AC14BE /* HostDetailViewFlowLayout.m */ = {isa = PBXFileReference; fileEncoding = 4; lastKnownFileType = sourcecode.c.objc; path = HostDetailViewFlowLayout.m; sourceTree = "<group>"; };
		153739701B871A3200AC14BE /* HostHealthFlowLayout.h */ = {isa = PBXFileReference; fileEncoding = 4; lastKnownFileType = sourcecode.c.h; path = HostHealthFlowLayout.h; sourceTree = "<group>"; };
		153739711B871A3200AC14BE /* HostHealthFlowLayout.m */ = {isa = PBXFileReference; fileEncoding = 4; lastKnownFileType = sourcecode.c.objc; path = HostHealthFlowLayout.m; sourceTree = "<group>"; };
		153739721B871A3200AC14BE /* HostHealthView.h */ = {isa = PBXFileReference; fileEncoding = 4; lastKnownFileType = sourcecode.c.h; path = HostHealthView.h; sourceTree = "<group>"; };
		153739731B871A3200AC14BE /* HostHealthView.m */ = {isa = PBXFileReference; fileEncoding = 4; lastKnownFileType = sourcecode.c.objc; path = HostHealthView.m; sourceTree = "<group>"; };
		153739741B871A3200AC14BE /* HostHealthViewCell.h */ = {isa = PBXFileReference; fileEncoding = 4; lastKnownFileType = sourcecode.c.h; path = HostHealthViewCell.h; sourceTree = "<group>"; };
		153739751B871A3200AC14BE /* HostHealthViewCell.m */ = {isa = PBXFileReference; fileEncoding = 4; lastKnownFileType = sourcecode.c.objc; path = HostHealthViewCell.m; sourceTree = "<group>"; };
		153739771B871A3200AC14BE /* MONHealthCell.h */ = {isa = PBXFileReference; fileEncoding = 4; lastKnownFileType = sourcecode.c.h; path = MONHealthCell.h; sourceTree = "<group>"; };
		153739781B871A3200AC14BE /* MONHealthCell.m */ = {isa = PBXFileReference; fileEncoding = 4; lastKnownFileType = sourcecode.c.objc; path = MONHealthCell.m; sourceTree = "<group>"; };
		153739791B871A3200AC14BE /* MONHealthFlowLayout.h */ = {isa = PBXFileReference; fileEncoding = 4; lastKnownFileType = sourcecode.c.h; path = MONHealthFlowLayout.h; sourceTree = "<group>"; };
		1537397A1B871A3200AC14BE /* MONHealthFlowLayout.m */ = {isa = PBXFileReference; fileEncoding = 4; lastKnownFileType = sourcecode.c.objc; path = MONHealthFlowLayout.m; sourceTree = "<group>"; };
		1537397B1B871A3200AC14BE /* MONHealthView.h */ = {isa = PBXFileReference; fileEncoding = 4; lastKnownFileType = sourcecode.c.h; path = MONHealthView.h; sourceTree = "<group>"; };
		1537397C1B871A3200AC14BE /* MONHealthView.m */ = {isa = PBXFileReference; fileEncoding = 4; lastKnownFileType = sourcecode.c.objc; path = MONHealthView.m; sourceTree = "<group>"; };
		1537397E1B871A3200AC14BE /* OSDDetailView.h */ = {isa = PBXFileReference; fileEncoding = 4; lastKnownFileType = sourcecode.c.h; path = OSDDetailView.h; sourceTree = "<group>"; };
		1537397F1B871A3200AC14BE /* OSDDetailView.m */ = {isa = PBXFileReference; fileEncoding = 4; lastKnownFileType = sourcecode.c.objc; path = OSDDetailView.m; sourceTree = "<group>"; };
		153739811B871A3200AC14BE /* OSDHeaderView.h */ = {isa = PBXFileReference; fileEncoding = 4; lastKnownFileType = sourcecode.c.h; path = OSDHeaderView.h; sourceTree = "<group>"; };
		153739821B871A3200AC14BE /* OSDHeaderView.m */ = {isa = PBXFileReference; fileEncoding = 4; lastKnownFileType = sourcecode.c.objc; path = OSDHeaderView.m; sourceTree = "<group>"; };
		153739831B871A3200AC14BE /* OSDHealthView.h */ = {isa = PBXFileReference; fileEncoding = 4; lastKnownFileType = sourcecode.c.h; path = OSDHealthView.h; sourceTree = "<group>"; };
		153739841B871A3200AC14BE /* OSDHealthView.m */ = {isa = PBXFileReference; fileEncoding = 4; lastKnownFileType = sourcecode.c.objc; path = OSDHealthView.m; sourceTree = "<group>"; };
		153739851B871A3200AC14BE /* OSDHealthViewCell.h */ = {isa = PBXFileReference; fileEncoding = 4; lastKnownFileType = sourcecode.c.h; path = OSDHealthViewCell.h; sourceTree = "<group>"; };
		153739861B871A3200AC14BE /* OSDHealthViewCell.m */ = {isa = PBXFileReference; fileEncoding = 4; lastKnownFileType = sourcecode.c.objc; path = OSDHealthViewCell.m; sourceTree = "<group>"; };
		153739871B871A3200AC14BE /* OSDViewFLowLayout.h */ = {isa = PBXFileReference; fileEncoding = 4; lastKnownFileType = sourcecode.c.h; path = OSDViewFLowLayout.h; sourceTree = "<group>"; };
		153739881B871A3200AC14BE /* OSDViewFLowLayout.m */ = {isa = PBXFileReference; fileEncoding = 4; lastKnownFileType = sourcecode.c.objc; path = OSDViewFLowLayout.m; sourceTree = "<group>"; };
		1537398A1B871A3200AC14BE /* PGStatusFlowLayout.h */ = {isa = PBXFileReference; fileEncoding = 4; lastKnownFileType = sourcecode.c.h; path = PGStatusFlowLayout.h; sourceTree = "<group>"; };
		1537398B1B871A3200AC14BE /* PGStatusFlowLayout.m */ = {isa = PBXFileReference; fileEncoding = 4; lastKnownFileType = sourcecode.c.objc; path = PGStatusFlowLayout.m; sourceTree = "<group>"; };
		1537398C1B871A3200AC14BE /* PGStatusView.h */ = {isa = PBXFileReference; fileEncoding = 4; lastKnownFileType = sourcecode.c.h; path = PGStatusView.h; sourceTree = "<group>"; };
		1537398D1B871A3200AC14BE /* PGStatusView.m */ = {isa = PBXFileReference; fileEncoding = 4; lastKnownFileType = sourcecode.c.objc; path = PGStatusView.m; sourceTree = "<group>"; };
		1537398E1B871A3200AC14BE /* PGStatusViewCell.h */ = {isa = PBXFileReference; fileEncoding = 4; lastKnownFileType = sourcecode.c.h; path = PGStatusViewCell.h; sourceTree = "<group>"; };
		1537398F1B871A3200AC14BE /* PGStatusViewCell.m */ = {isa = PBXFileReference; fileEncoding = 4; lastKnownFileType = sourcecode.c.objc; path = PGStatusViewCell.m; sourceTree = "<group>"; };
		153739911B871A3200AC14BE /* IOPSDetailChartView.h */ = {isa = PBXFileReference; fileEncoding = 4; lastKnownFileType = sourcecode.c.h; path = IOPSDetailChartView.h; sourceTree = "<group>"; };
		153739921B871A3200AC14BE /* IOPSDetailChartView.m */ = {isa = PBXFileReference; fileEncoding = 4; lastKnownFileType = sourcecode.c.objc; path = IOPSDetailChartView.m; sourceTree = "<group>"; };
		153739931B871A3200AC14BE /* PoolIOPSView.h */ = {isa = PBXFileReference; fileEncoding = 4; lastKnownFileType = sourcecode.c.h; path = PoolIOPSView.h; sourceTree = "<group>"; };
		153739941B871A3200AC14BE /* PoolIOPSView.m */ = {isa = PBXFileReference; fileEncoding = 4; lastKnownFileType = sourcecode.c.objc; path = PoolIOPSView.m; sourceTree = "<group>"; };
		153739951B871A3200AC14BE /* PoolIOPSViewCell.h */ = {isa = PBXFileReference; fileEncoding = 4; lastKnownFileType = sourcecode.c.h; path = PoolIOPSViewCell.h; sourceTree = "<group>"; };
		153739961B871A3200AC14BE /* PoolIOPSViewCell.m */ = {isa = PBXFileReference; fileEncoding = 4; lastKnownFileType = sourcecode.c.objc; path = PoolIOPSViewCell.m; sourceTree = "<group>"; };
		153739971B871A3200AC14BE /* PoolIOPSViewFlowLayout.h */ = {isa = PBXFileReference; fileEncoding = 4; lastKnownFileType = sourcecode.c.h; path = PoolIOPSViewFlowLayout.h; sourceTree = "<group>"; };
		153739981B871A3200AC14BE /* PoolIOPSViewFlowLayout.m */ = {isa = PBXFileReference; fileEncoding = 4; lastKnownFileType = sourcecode.c.objc; path = PoolIOPSViewFlowLayout.m; sourceTree = "<group>"; };
		1537399A1B871A3200AC14BE /* PoolListView.h */ = {isa = PBXFileReference; fileEncoding = 4; lastKnownFileType = sourcecode.c.h; path = PoolListView.h; sourceTree = "<group>"; };
		1537399B1B871A3200AC14BE /* PoolListView.m */ = {isa = PBXFileReference; fileEncoding = 4; lastKnownFileType = sourcecode.c.objc; path = PoolListView.m; sourceTree = "<group>"; };
		1537399C1B871A3200AC14BE /* PoolListViewCell.h */ = {isa = PBXFileReference; fileEncoding = 4; lastKnownFileType = sourcecode.c.h; path = PoolListViewCell.h; sourceTree = "<group>"; };
		1537399D1B871A3200AC14BE /* PoolListViewCell.m */ = {isa = PBXFileReference; fileEncoding = 4; lastKnownFileType = sourcecode.c.objc; path = PoolListViewCell.m; sourceTree = "<group>"; };
		1537399F1B871A3200AC14BE /* UsageStatusView.h */ = {isa = PBXFileReference; fileEncoding = 4; lastKnownFileType = sourcecode.c.h; path = UsageStatusView.h; sourceTree = "<group>"; };
		153739A01B871A3200AC14BE /* UsageStatusView.m */ = {isa = PBXFileReference; fileEncoding = 4; lastKnownFileType = sourcecode.c.objc; path = UsageStatusView.m; sourceTree = "<group>"; };
		153739A11B871A3200AC14BE /* IOPSChartView.h */ = {isa = PBXFileReference; fileEncoding = 4; lastKnownFileType = sourcecode.c.h; path = IOPSChartView.h; sourceTree = "<group>"; };
		153739A21B871A3200AC14BE /* IOPSChartView.m */ = {isa = PBXFileReference; fileEncoding = 4; lastKnownFileType = sourcecode.c.objc; path = IOPSChartView.m; sourceTree = "<group>"; };
		153739A41B871A3200AC14BE /* ErrorView.h */ = {isa = PBXFileReference; fileEncoding = 4; lastKnownFileType = sourcecode.c.h; path = ErrorView.h; sourceTree = "<group>"; };
		153739A51B871A3200AC14BE /* ErrorView.m */ = {isa = PBXFileReference; fileEncoding = 4; lastKnownFileType = sourcecode.c.objc; path = ErrorView.m; sourceTree = "<group>"; };
		153739A71B871A3200AC14BE /* LoginView.h */ = {isa = PBXFileReference; fileEncoding = 4; lastKnownFileType = sourcecode.c.h; path = LoginView.h; sourceTree = "<group>"; };
		153739A81B871A3200AC14BE /* LoginView.m */ = {isa = PBXFileReference; fileEncoding = 4; lastKnownFileType = sourcecode.c.objc; path = LoginView.m; sourceTree = "<group>"; };
		153739A91B871A3200AC14BE /* NavigationView.h */ = {isa = PBXFileReference; fileEncoding = 4; lastKnownFileType = sourcecode.c.h; path = NavigationView.h; sourceTree = "<group>"; };
		153739AA1B871A3200AC14BE /* NavigationView.m */ = {isa = PBXFileReference; fileEncoding = 4; lastKnownFileType = sourcecode.c.objc; path = NavigationView.m; sourceTree = "<group>"; };
		153739AB1B871A3200AC14BE /* NavigationViewCell.h */ = {isa = PBXFileReference; fileEncoding = 4; lastKnownFileType = sourcecode.c.h; path = NavigationViewCell.h; sourceTree = "<group>"; };
		153739AC1B871A3200AC14BE /* NavigationViewCell.m */ = {isa = PBXFileReference; fileEncoding = 4; lastKnownFileType = sourcecode.c.objc; path = NavigationViewCell.m; sourceTree = "<group>"; };
		153739AE1B871A3200AC14BE /* NotificationCell.h */ = {isa = PBXFileReference; fileEncoding = 4; lastKnownFileType = sourcecode.c.h; path = NotificationCell.h; sourceTree = "<group>"; };
		153739AF1B871A3200AC14BE /* NotificationCell.m */ = {isa = PBXFileReference; fileEncoding = 4; lastKnownFileType = sourcecode.c.objc; path = NotificationCell.m; sourceTree = "<group>"; };
		153739B01B871A3200AC14BE /* NotificationView.h */ = {isa = PBXFileReference; fileEncoding = 4; lastKnownFileType = sourcecode.c.h; path = NotificationView.h; sourceTree = "<group>"; };
		153739B11B871A3200AC14BE /* NotificationView.m */ = {isa = PBXFileReference; fileEncoding = 4; lastKnownFileType = sourcecode.c.objc; path = NotificationView.m; sourceTree = "<group>"; };
		153739B21B871A3200AC14BE /* Images.xcassets */ = {isa = PBXFileReference; lastKnownFileType = folder.assetcatalog; path = Images.xcassets; sourceTree = "<group>"; };
		153739B31B871A3200AC14BE /* Info.plist */ = {isa = PBXFileReference; fileEncoding = 4; lastKnownFileType = text.plist.xml; path = Info.plist; sourceTree = "<group>"; };
		153739B41B871A3200AC14BE /* main.m */ = {isa = PBXFileReference; fileEncoding = 4; lastKnownFileType = sourcecode.c.objc; path = main.m; sourceTree = "<group>"; };
		15373A261B871C5C00AC14BE /* calamari_ios_client Tests.xctest */ = {isa = PBXFileReference; explicitFileType = wrapper.cfbundle; includeInIndex = 0; path = "calamari_ios_client Tests.xctest"; sourceTree = BUILT_PRODUCTS_DIR; };
		15373A291B871C5C00AC14BE /* Info.plist */ = {isa = PBXFileReference; lastKnownFileType = text.plist.xml; path = Info.plist; sourceTree = "<group>"; };
		15373A2A1B871C5C00AC14BE /* calamari_ios_client_Tests.m */ = {isa = PBXFileReference; lastKnownFileType = sourcecode.c.objc; path = calamari_ios_client_Tests.m; sourceTree = "<group>"; };
		153858191B8EAC9E00EC32B9 /* AVFoundation.framework */ = {isa = PBXFileReference; lastKnownFileType = wrapper.framework; name = AVFoundation.framework; path = System/Library/Frameworks/AVFoundation.framework; sourceTree = SDKROOT; };
		156E621A1B3191BF0090A825 /* QuartzCore.framework */ = {isa = PBXFileReference; lastKnownFileType = wrapper.framework; name = QuartzCore.framework; path = System/Library/Frameworks/QuartzCore.framework; sourceTree = SDKROOT; };
		1589BCD31AD6A9CE005B86A8 /* calamari_ios_client.app */ = {isa = PBXFileReference; explicitFileType = wrapper.application; includeInIndex = 0; path = calamari_ios_client.app; sourceTree = BUILT_PRODUCTS_DIR; };
		15A651431B95BDA3008124A3 /* NotificationViewFlowLayout.h */ = {isa = PBXFileReference; fileEncoding = 4; lastKnownFileType = sourcecode.c.h; path = NotificationViewFlowLayout.h; sourceTree = "<group>"; };
		15A651441B95BDA3008124A3 /* NotificationViewFlowLayout.m */ = {isa = PBXFileReference; fileEncoding = 4; lastKnownFileType = sourcecode.c.objc; path = NotificationViewFlowLayout.m; sourceTree = "<group>"; };
		15BEEF771B97EB9300846A79 /* NotificationDetailController.h */ = {isa = PBXFileReference; fileEncoding = 4; lastKnownFileType = sourcecode.c.h; path = NotificationDetailController.h; sourceTree = "<group>"; };
		15BEEF781B97EB9300846A79 /* NotificationDetailController.m */ = {isa = PBXFileReference; fileEncoding = 4; lastKnownFileType = sourcecode.c.objc; path = NotificationDetailController.m; sourceTree = "<group>"; };
		15BEEF7A1B97EDD400846A79 /* NotificationDetailView.h */ = {isa = PBXFileReference; fileEncoding = 4; lastKnownFileType = sourcecode.c.h; path = NotificationDetailView.h; sourceTree = "<group>"; };
		15BEEF7B1B97EDD400846A79 /* NotificationDetailView.m */ = {isa = PBXFileReference; fileEncoding = 4; lastKnownFileType = sourcecode.c.objc; path = NotificationDetailView.m; sourceTree = "<group>"; };
		15E5C9551B871DF600B2B839 /* APITest.m */ = {isa = PBXFileReference; fileEncoding = 4; lastKnownFileType = sourcecode.c.objc; path = APITest.m; sourceTree = "<group>"; };
		B515312BF3CA560B64EFE614 /* Pods-inWinStackCeph.debug.xcconfig */ = {isa = PBXFileReference; includeInIndex = 1; lastKnownFileType = text.xcconfig; name = "Pods-inWinStackCeph.debug.xcconfig"; path = "Pods/Target Support Files/Pods-inWinStackCeph/Pods-inWinStackCeph.debug.xcconfig"; sourceTree = "<group>"; };
		C733CA9F4187E8EB7BD8BA3B /* libPods.a */ = {isa = PBXFileReference; explicitFileType = archive.ar; includeInIndex = 0; path = libPods.a; sourceTree = BUILT_PRODUCTS_DIR; };
		D9555D7CADD0918BCD61153F /* libPods-inWinStackCeph.a */ = {isa = PBXFileReference; explicitFileType = archive.ar; includeInIndex = 0; path = "libPods-inWinStackCeph.a"; sourceTree = BUILT_PRODUCTS_DIR; };
		F1D38A01E8A46704AB5B61AB /* Pods-inWinStackCeph.release.xcconfig */ = {isa = PBXFileReference; includeInIndex = 1; lastKnownFileType = text.xcconfig; name = "Pods-inWinStackCeph.release.xcconfig"; path = "Pods/Target Support Files/Pods-inWinStackCeph/Pods-inWinStackCeph.release.xcconfig"; sourceTree = "<group>"; };
/* End PBXFileReference section */

/* Begin PBXFrameworksBuildPhase section */
		15373A231B871C5C00AC14BE /* Frameworks */ = {
			isa = PBXFrameworksBuildPhase;
			buildActionMask = 2147483647;
			files = (
			);
			runOnlyForDeploymentPostprocessing = 0;
		};
		1589BCD01AD6A9CE005B86A8 /* Frameworks */ = {
			isa = PBXFrameworksBuildPhase;
			buildActionMask = 2147483647;
			files = (
				1538581A1B8EAC9E00EC32B9 /* AVFoundation.framework in Frameworks */,
				156E621B1B3191BF0090A825 /* QuartzCore.framework in Frameworks */,
				F6CD02EA2335B75752713936 /* libPods-inWinStackCeph.a in Frameworks */,
			);
			runOnlyForDeploymentPostprocessing = 0;
		};
/* End PBXFrameworksBuildPhase section */

/* Begin PBXGroup section */
		153738EB1B871A3200AC14BE /* calamari_ios_client */ = {
			isa = PBXGroup;
			children = (
				153738EC1B871A3200AC14BE /* AppDelegate.h */,
				153738ED1B871A3200AC14BE /* AppDelegate.m */,
				153738EE1B871A3200AC14BE /* Classes */,
				153739B21B871A3200AC14BE /* Images.xcassets */,
				153739B31B871A3200AC14BE /* Info.plist */,
				153739B41B871A3200AC14BE /* main.m */,
			);
			path = calamari_ios_client;
			sourceTree = "<group>";
		};
		153738EE1B871A3200AC14BE /* Classes */ = {
			isa = PBXGroup;
			children = (
				153738EF1B871A3200AC14BE /* Controllers */,
				1537391B1B871A3200AC14BE /* Models */,
				153739321B871A3200AC14BE /* Utilities */,
				153739451B871A3200AC14BE /* Views */,
			);
			path = Classes;
			sourceTree = "<group>";
		};
		153738EF1B871A3200AC14BE /* Controllers */ = {
			isa = PBXGroup;
			children = (
				153738F01B871A3200AC14BE /* ChartControllers */,
				153738F31B871A3200AC14BE /* ClusterHealthControllers */,
				1537390D1B871A3200AC14BE /* CustomNavigationController.h */,
				1537390E1B871A3200AC14BE /* CustomNavigationController.m */,
				1537390F1B871A3200AC14BE /* LoginControllers */,
				153739121B871A3200AC14BE /* MoreControllers */,
				153739131B871A3200AC14BE /* MutualControllers */,
				153739161B871A3200AC14BE /* NotificationControllers */,
			);
			path = Controllers;
			sourceTree = "<group>";
		};
		153738F01B871A3200AC14BE /* ChartControllers */ = {
			isa = PBXGroup;
			children = (
				153738F11B871A3200AC14BE /* ChartController.h */,
				153738F21B871A3200AC14BE /* ChartController.m */,
			);
			path = ChartControllers;
			sourceTree = "<group>";
		};
		153738F31B871A3200AC14BE /* ClusterHealthControllers */ = {
			isa = PBXGroup;
			children = (
				153738F41B871A3200AC14BE /* ClusterHealthController.h */,
				153738F51B871A3200AC14BE /* ClusterHealthController.m */,
				153738F61B871A3200AC14BE /* DetailControllers */,
			);
			path = ClusterHealthControllers;
			sourceTree = "<group>";
		};
		153738F61B871A3200AC14BE /* DetailControllers */ = {
			isa = PBXGroup;
			children = (
				153738F71B871A3200AC14BE /* BaseController.h */,
				153738F81B871A3200AC14BE /* BaseController.m */,
				153738F91B871A3200AC14BE /* HealthDetailController.h */,
				153738FA1B871A3200AC14BE /* HealthDetailController.m */,
				153738FB1B871A3200AC14BE /* HostDetailController.h */,
				153738FC1B871A3200AC14BE /* HostDetailController.m */,
				153738FD1B871A3200AC14BE /* HostHealthController.h */,
				153738FE1B871A3200AC14BE /* HostHealthController.m */,
				153738FF1B871A3200AC14BE /* MONHealthController.h */,
				153739001B871A3200AC14BE /* MONHealthController.m */,
				153739011B871A3200AC14BE /* OSDDetailController.h */,
				153739021B871A3200AC14BE /* OSDDetailController.m */,
				153739031B871A3200AC14BE /* OSDHealthController.h */,
				153739041B871A3200AC14BE /* OSDHealthController.m */,
				153739051B871A3200AC14BE /* PGStatusController.h */,
				153739061B871A3200AC14BE /* PGStatusController.m */,
				153739071B871A3200AC14BE /* PoolIOPSController.h */,
				153739081B871A3200AC14BE /* PoolIOPSController.m */,
				153739091B871A3200AC14BE /* PoolListController.h */,
				1537390A1B871A3200AC14BE /* PoolListController.m */,
				1537390B1B871A3200AC14BE /* UsageController.h */,
				1537390C1B871A3200AC14BE /* UsageController.m */,
			);
			path = DetailControllers;
			sourceTree = "<group>";
		};
		1537390F1B871A3200AC14BE /* LoginControllers */ = {
			isa = PBXGroup;
			children = (
				153739101B871A3200AC14BE /* LoginController.h */,
				153739111B871A3200AC14BE /* LoginController.m */,
			);
			path = LoginControllers;
			sourceTree = "<group>";
		};
		153739121B871A3200AC14BE /* MoreControllers */ = {
			isa = PBXGroup;
			children = (
			);
			path = MoreControllers;
			sourceTree = "<group>";
		};
		153739131B871A3200AC14BE /* MutualControllers */ = {
			isa = PBXGroup;
			children = (
				153739141B871A3200AC14BE /* MutualController.h */,
				153739151B871A3200AC14BE /* MutualController.m */,
			);
			path = MutualControllers;
			sourceTree = "<group>";
		};
		153739161B871A3200AC14BE /* NotificationControllers */ = {
			isa = PBXGroup;
			children = (
				153739171B871A3200AC14BE /* NotificationController.h */,
				153739181B871A3200AC14BE /* NotificationController.m */,
				15BEEF771B97EB9300846A79 /* NotificationDetailController.h */,
				15BEEF781B97EB9300846A79 /* NotificationDetailController.m */,
			);
			path = NotificationControllers;
			sourceTree = "<group>";
		};
		1537391B1B871A3200AC14BE /* Models */ = {
			isa = PBXGroup;
			children = (
				1537391C1B871A3200AC14BE /* APIRecord.h */,
				1537391D1B871A3200AC14BE /* APIRecord.m */,
				1537391E1B871A3200AC14BE /* ClusterData.h */,
				1537391F1B871A3200AC14BE /* ClusterData.m */,
				153739201B871A3200AC14BE /* Cookies.h */,
				153739211B871A3200AC14BE /* Cookies.m */,
				153739221B871A3200AC14BE /* HealthDetailData.h */,
				153739231B871A3200AC14BE /* HealthDetailData.m */,
				153739241B871A3200AC14BE /* HostHealthData.h */,
				153739251B871A3200AC14BE /* HostHealthData.m */,
				153739261B871A3200AC14BE /* ImageData.h */,
				153739271B871A3200AC14BE /* ImageData.m */,
				153739281B871A3200AC14BE /* MONHealthData.h */,
				153739291B871A3200AC14BE /* MONHealthData.m */,
				1537392A1B871A3200AC14BE /* NotificationData.h */,
				1537392B1B871A3200AC14BE /* NotificationData.m */,
				1537392C1B871A3200AC14BE /* OSDHealthData.h */,
				1537392D1B871A3200AC14BE /* OSDHealthData.m */,
				1537392E1B871A3200AC14BE /* PGData.h */,
				1537392F1B871A3200AC14BE /* PGData.m */,
				153739301B871A3200AC14BE /* UserData.h */,
				153739311B871A3200AC14BE /* UserData.m */,
			);
			path = Models;
			sourceTree = "<group>";
		};
		153739321B871A3200AC14BE /* Utilities */ = {
			isa = PBXGroup;
			children = (
				153739331B871A3200AC14BE /* AnimationMaker.h */,
				153739341B871A3200AC14BE /* AnimationMaker.m */,
				153739351B871A3200AC14BE /* Categories */,
				1537393C1B871A3200AC14BE /* CephAPI */,
				153739411B871A3200AC14BE /* DateMaker.h */,
				153739421B871A3200AC14BE /* DateMaker.m */,
				153739431B871A3200AC14BE /* TextFieldChecker.h */,
				153739441B871A3200AC14BE /* TextFieldChecker.m */,
			);
			path = Utilities;
			sourceTree = "<group>";
		};
		153739351B871A3200AC14BE /* Categories */ = {
			isa = PBXGroup;
			children = (
				153739361B871A3200AC14BE /* UIColor+Reader.h */,
				153739371B871A3200AC14BE /* UIColor+Reader.m */,
				153739381B871A3200AC14BE /* UINavigationBar+HeightMaker.h */,
				153739391B871A3200AC14BE /* UINavigationBar+HeightMaker.m */,
				1537393A1B871A3200AC14BE /* UIView+SizeMaker.h */,
				1537393B1B871A3200AC14BE /* UIView+SizeMaker.m */,
			);
			path = Categories;
			sourceTree = "<group>";
		};
		1537393C1B871A3200AC14BE /* CephAPI */ = {
			isa = PBXGroup;
			children = (
				1537393D1B871A3200AC14BE /* CephAPI.h */,
				1537393E1B871A3200AC14BE /* CephAPI.m */,
				1537393F1B871A3200AC14BE /* URLMaker.h */,
				153739401B871A3200AC14BE /* URLMaker.m */,
			);
			path = CephAPI;
			sourceTree = "<group>";
		};
		153739451B871A3200AC14BE /* Views */ = {
			isa = PBXGroup;
			children = (
				153739461B871A3200AC14BE /* ChartViews */,
				1537394F1B871A3200AC14BE /* ClusterHealthViews */,
				153739A31B871A3200AC14BE /* ErrorViews */,
				153739A61B871A3200AC14BE /* LoginViews */,
				153739A91B871A3200AC14BE /* NavigationView.h */,
				153739AA1B871A3200AC14BE /* NavigationView.m */,
				153739AB1B871A3200AC14BE /* NavigationViewCell.h */,
				153739AC1B871A3200AC14BE /* NavigationViewCell.m */,
				153739AD1B871A3200AC14BE /* NotificationViews */,
			);
			path = Views;
			sourceTree = "<group>";
		};
		153739461B871A3200AC14BE /* ChartViews */ = {
			isa = PBXGroup;
			children = (
				153739471B871A3200AC14BE /* ChartCell.h */,
				153739481B871A3200AC14BE /* ChartCell.m */,
				153739491B871A3200AC14BE /* ChartCellBar.h */,
				1537394A1B871A3200AC14BE /* ChartCellBar.m */,
				1537394B1B871A3200AC14BE /* ChartFlowLayout.h */,
				1537394C1B871A3200AC14BE /* ChartFlowLayout.m */,
				1537394D1B871A3200AC14BE /* ChartView.h */,
				1537394E1B871A3200AC14BE /* ChartView.m */,
			);
			path = ChartViews;
			sourceTree = "<group>";
		};
		1537394F1B871A3200AC14BE /* ClusterHealthViews */ = {
			isa = PBXGroup;
			children = (
				153739501B871A3200AC14BE /* ClusterHealthCellBar.h */,
				153739511B871A3200AC14BE /* ClusterHealthCellBar.m */,
				153739521B871A3200AC14BE /* ClusterHealthProgressLayer.h */,
				153739531B871A3200AC14BE /* ClusterHealthProgressLayer.m */,
				153739541B871A3200AC14BE /* ClusterHealthView.h */,
				153739551B871A3200AC14BE /* ClusterHealthView.m */,
				153739561B871A3200AC14BE /* ClusterHealthViewCell.h */,
				153739571B871A3200AC14BE /* ClusterHealthViewCell.m */,
				153739581B871A3200AC14BE /* ClusterHealthViewFlowLayout.h */,
				153739591B871A3200AC14BE /* ClusterHealthViewFlowLayout.m */,
				1537395A1B871A3200AC14BE /* DetailViews */,
				153739A11B871A3200AC14BE /* IOPSChartView.h */,
				153739A21B871A3200AC14BE /* IOPSChartView.m */,
			);
			path = ClusterHealthViews;
			sourceTree = "<group>";
		};
		1537395A1B871A3200AC14BE /* DetailViews */ = {
			isa = PBXGroup;
			children = (
				1537395B1B871A3200AC14BE /* HealthDetailViews */,
				153739601B871A3200AC14BE /* HostDetailViews */,
				1537396F1B871A3200AC14BE /* HostHealthViews */,
				153739761B871A3200AC14BE /* MONHealthViews */,
				1537397D1B871A3200AC14BE /* OSDDetailViews */,
				153739801B871A3200AC14BE /* OSDHealthViews */,
				153739891B871A3200AC14BE /* PGStatusViews */,
				153739901B871A3200AC14BE /* PoolIOPSViews */,
				153739991B871A3200AC14BE /* PoolListViews */,
				1537399E1B871A3200AC14BE /* UsageStatusViews */,
			);
			path = DetailViews;
			sourceTree = "<group>";
		};
		1537395B1B871A3200AC14BE /* HealthDetailViews */ = {
			isa = PBXGroup;
			children = (
				1537395C1B871A3200AC14BE /* HealthDetailView.h */,
				1537395D1B871A3200AC14BE /* HealthDetailView.m */,
				1537395E1B871A3200AC14BE /* HealthDetailViewCell.h */,
				1537395F1B871A3200AC14BE /* HealthDetailViewCell.m */,
			);
			path = HealthDetailViews;
			sourceTree = "<group>";
		};
		153739601B871A3200AC14BE /* HostDetailViews */ = {
			isa = PBXGroup;
			children = (
				153739611B871A3200AC14BE /* CPUIOPSView.h */,
				153739621B871A3200AC14BE /* CPUIOPSView.m */,
				153739631B871A3200AC14BE /* CPULineBrokenView.h */,
				153739641B871A3200AC14BE /* CPULineBrokenView.m */,
				153739651B871A3200AC14BE /* CPUSquareView.h */,
				153739661B871A3200AC14BE /* CPUSquareView.m */,
				153739671B871A3200AC14BE /* HostDetailHeaderView.h */,
				153739681B871A3200AC14BE /* HostDetailHeaderView.m */,
				153739691B871A3200AC14BE /* HostDetailView.h */,
				1537396A1B871A3200AC14BE /* HostDetailView.m */,
				1537396B1B871A3200AC14BE /* HostDetailViewCell.h */,
				1537396C1B871A3200AC14BE /* HostDetailViewCell.m */,
				1537396D1B871A3200AC14BE /* HostDetailViewFlowLayout.h */,
				1537396E1B871A3200AC14BE /* HostDetailViewFlowLayout.m */,
			);
			path = HostDetailViews;
			sourceTree = "<group>";
		};
		1537396F1B871A3200AC14BE /* HostHealthViews */ = {
			isa = PBXGroup;
			children = (
				153739701B871A3200AC14BE /* HostHealthFlowLayout.h */,
				153739711B871A3200AC14BE /* HostHealthFlowLayout.m */,
				153739721B871A3200AC14BE /* HostHealthView.h */,
				153739731B871A3200AC14BE /* HostHealthView.m */,
				153739741B871A3200AC14BE /* HostHealthViewCell.h */,
				153739751B871A3200AC14BE /* HostHealthViewCell.m */,
			);
			path = HostHealthViews;
			sourceTree = "<group>";
		};
		153739761B871A3200AC14BE /* MONHealthViews */ = {
			isa = PBXGroup;
			children = (
				153739771B871A3200AC14BE /* MONHealthCell.h */,
				153739781B871A3200AC14BE /* MONHealthCell.m */,
				153739791B871A3200AC14BE /* MONHealthFlowLayout.h */,
				1537397A1B871A3200AC14BE /* MONHealthFlowLayout.m */,
				1537397B1B871A3200AC14BE /* MONHealthView.h */,
				1537397C1B871A3200AC14BE /* MONHealthView.m */,
			);
			path = MONHealthViews;
			sourceTree = "<group>";
		};
		1537397D1B871A3200AC14BE /* OSDDetailViews */ = {
			isa = PBXGroup;
			children = (
				1537397E1B871A3200AC14BE /* OSDDetailView.h */,
				1537397F1B871A3200AC14BE /* OSDDetailView.m */,
			);
			path = OSDDetailViews;
			sourceTree = "<group>";
		};
		153739801B871A3200AC14BE /* OSDHealthViews */ = {
			isa = PBXGroup;
			children = (
				153739811B871A3200AC14BE /* OSDHeaderView.h */,
				153739821B871A3200AC14BE /* OSDHeaderView.m */,
				153739831B871A3200AC14BE /* OSDHealthView.h */,
				153739841B871A3200AC14BE /* OSDHealthView.m */,
				153739851B871A3200AC14BE /* OSDHealthViewCell.h */,
				153739861B871A3200AC14BE /* OSDHealthViewCell.m */,
				153739871B871A3200AC14BE /* OSDViewFLowLayout.h */,
				153739881B871A3200AC14BE /* OSDViewFLowLayout.m */,
			);
			path = OSDHealthViews;
			sourceTree = "<group>";
		};
		153739891B871A3200AC14BE /* PGStatusViews */ = {
			isa = PBXGroup;
			children = (
				1537398A1B871A3200AC14BE /* PGStatusFlowLayout.h */,
				1537398B1B871A3200AC14BE /* PGStatusFlowLayout.m */,
				1537398C1B871A3200AC14BE /* PGStatusView.h */,
				1537398D1B871A3200AC14BE /* PGStatusView.m */,
				1537398E1B871A3200AC14BE /* PGStatusViewCell.h */,
				1537398F1B871A3200AC14BE /* PGStatusViewCell.m */,
			);
			path = PGStatusViews;
			sourceTree = "<group>";
		};
		153739901B871A3200AC14BE /* PoolIOPSViews */ = {
			isa = PBXGroup;
			children = (
				153739911B871A3200AC14BE /* IOPSDetailChartView.h */,
				153739921B871A3200AC14BE /* IOPSDetailChartView.m */,
				153739931B871A3200AC14BE /* PoolIOPSView.h */,
				153739941B871A3200AC14BE /* PoolIOPSView.m */,
				153739951B871A3200AC14BE /* PoolIOPSViewCell.h */,
				153739961B871A3200AC14BE /* PoolIOPSViewCell.m */,
				153739971B871A3200AC14BE /* PoolIOPSViewFlowLayout.h */,
				153739981B871A3200AC14BE /* PoolIOPSViewFlowLayout.m */,
			);
			path = PoolIOPSViews;
			sourceTree = "<group>";
		};
		153739991B871A3200AC14BE /* PoolListViews */ = {
			isa = PBXGroup;
			children = (
				1537399A1B871A3200AC14BE /* PoolListView.h */,
				1537399B1B871A3200AC14BE /* PoolListView.m */,
				1537399C1B871A3200AC14BE /* PoolListViewCell.h */,
				1537399D1B871A3200AC14BE /* PoolListViewCell.m */,
			);
			path = PoolListViews;
			sourceTree = "<group>";
		};
		1537399E1B871A3200AC14BE /* UsageStatusViews */ = {
			isa = PBXGroup;
			children = (
				1537399F1B871A3200AC14BE /* UsageStatusView.h */,
				153739A01B871A3200AC14BE /* UsageStatusView.m */,
			);
			path = UsageStatusViews;
			sourceTree = "<group>";
		};
		153739A31B871A3200AC14BE /* ErrorViews */ = {
			isa = PBXGroup;
			children = (
				153739A41B871A3200AC14BE /* ErrorView.h */,
				153739A51B871A3200AC14BE /* ErrorView.m */,
			);
			path = ErrorViews;
			sourceTree = "<group>";
		};
		153739A61B871A3200AC14BE /* LoginViews */ = {
			isa = PBXGroup;
			children = (
				153739A71B871A3200AC14BE /* LoginView.h */,
				153739A81B871A3200AC14BE /* LoginView.m */,
			);
			path = LoginViews;
			sourceTree = "<group>";
		};
		153739AD1B871A3200AC14BE /* NotificationViews */ = {
			isa = PBXGroup;
			children = (
				153739AE1B871A3200AC14BE /* NotificationCell.h */,
				153739AF1B871A3200AC14BE /* NotificationCell.m */,
				153739B01B871A3200AC14BE /* NotificationView.h */,
				153739B11B871A3200AC14BE /* NotificationView.m */,
				15A651431B95BDA3008124A3 /* NotificationViewFlowLayout.h */,
				15A651441B95BDA3008124A3 /* NotificationViewFlowLayout.m */,
				15BEEF7A1B97EDD400846A79 /* NotificationDetailView.h */,
				15BEEF7B1B97EDD400846A79 /* NotificationDetailView.m */,
			);
			path = NotificationViews;
			sourceTree = "<group>";
		};
		15373A271B871C5C00AC14BE /* calamari_ios_client Tests */ = {
			isa = PBXGroup;
			children = (
				15E5C9551B871DF600B2B839 /* APITest.m */,
				15373A2A1B871C5C00AC14BE /* calamari_ios_client_Tests.m */,
				15373A281B871C5C00AC14BE /* Supporting Files */,
			);
			path = "calamari_ios_client Tests";
			sourceTree = "<group>";
		};
		15373A281B871C5C00AC14BE /* Supporting Files */ = {
			isa = PBXGroup;
			children = (
				15373A291B871C5C00AC14BE /* Info.plist */,
			);
			name = "Supporting Files";
			sourceTree = "<group>";
		};
		1589BCCA1AD6A9CE005B86A8 = {
			isa = PBXGroup;
			children = (
				153738EB1B871A3200AC14BE /* calamari_ios_client */,
				15373A271B871C5C00AC14BE /* calamari_ios_client Tests */,
				1589BCD41AD6A9CE005B86A8 /* Products */,
				A4FD06770283489AB6076B1B /* Frameworks */,
				A7FB9D2F15E7F6A2931E341E /* Pods */,
			);
			sourceTree = "<group>";
		};
		1589BCD41AD6A9CE005B86A8 /* Products */ = {
			isa = PBXGroup;
			children = (
				1589BCD31AD6A9CE005B86A8 /* calamari_ios_client.app */,
				15373A261B871C5C00AC14BE /* calamari_ios_client Tests.xctest */,
			);
			name = Products;
			sourceTree = "<group>";
		};
		A4FD06770283489AB6076B1B /* Frameworks */ = {
			isa = PBXGroup;
			children = (
				153858191B8EAC9E00EC32B9 /* AVFoundation.framework */,
				156E621A1B3191BF0090A825 /* QuartzCore.framework */,
				C733CA9F4187E8EB7BD8BA3B /* libPods.a */,
				D9555D7CADD0918BCD61153F /* libPods-inWinStackCeph.a */,
			);
			name = Frameworks;
			sourceTree = "<group>";
		};
		A7FB9D2F15E7F6A2931E341E /* Pods */ = {
			isa = PBXGroup;
			children = (
				B515312BF3CA560B64EFE614 /* Pods-inWinStackCeph.debug.xcconfig */,
				F1D38A01E8A46704AB5B61AB /* Pods-inWinStackCeph.release.xcconfig */,
			);
			name = Pods;
			sourceTree = "<group>";
		};
/* End PBXGroup section */

/* Begin PBXNativeTarget section */
		15373A251B871C5C00AC14BE /* calamari_ios_client Tests */ = {
			isa = PBXNativeTarget;
			buildConfigurationList = 15373A2E1B871C5C00AC14BE /* Build configuration list for PBXNativeTarget "calamari_ios_client Tests" */;
			buildPhases = (
				15373A221B871C5C00AC14BE /* Sources */,
				15373A231B871C5C00AC14BE /* Frameworks */,
				15373A241B871C5C00AC14BE /* Resources */,
			);
			buildRules = (
			);
			dependencies = (
				15373A2D1B871C5C00AC14BE /* PBXTargetDependency */,
			);
			name = "calamari_ios_client Tests";
			productName = "calamari_ios_client Tests";
			productReference = 15373A261B871C5C00AC14BE /* calamari_ios_client Tests.xctest */;
			productType = "com.apple.product-type.bundle.unit-test";
		};
		1589BCD21AD6A9CE005B86A8 /* calamari_ios_client */ = {
			isa = PBXNativeTarget;
			buildConfigurationList = 1589BCF61AD6A9CE005B86A8 /* Build configuration list for PBXNativeTarget "calamari_ios_client" */;
			buildPhases = (
				CD109BEEB7603EA8FF828EEE /* Check Pods Manifest.lock */,
				1589BCCF1AD6A9CE005B86A8 /* Sources */,
				1589BCD01AD6A9CE005B86A8 /* Frameworks */,
				1589BCD11AD6A9CE005B86A8 /* Resources */,
				F116B9DBADD71997B9F6BE11 /* Copy Pods Resources */,
			);
			buildRules = (
			);
			dependencies = (
			);
			name = calamari_ios_client;
			productName = inWinStackCeph;
			productReference = 1589BCD31AD6A9CE005B86A8 /* calamari_ios_client.app */;
			productType = "com.apple.product-type.application";
		};
/* End PBXNativeTarget section */

/* Begin PBXProject section */
		1589BCCB1AD6A9CE005B86A8 /* Project object */ = {
			isa = PBXProject;
			attributes = {
				LastUpgradeCheck = 0640;
				ORGANIZATIONNAME = Francis;
				TargetAttributes = {
					15373A251B871C5C00AC14BE = {
						CreatedOnToolsVersion = 6.4;
						DevelopmentTeam = S8FBP4YLUA;
						TestTargetID = 1589BCD21AD6A9CE005B86A8;
					};
					1589BCD21AD6A9CE005B86A8 = {
						CreatedOnToolsVersion = 6.1.1;
						DevelopmentTeam = S8FBP4YLUA;
						SystemCapabilities = {
							com.apple.BackgroundModes = {
								enabled = 1;
							};
						};
					};
				};
			};
			buildConfigurationList = 1589BCCE1AD6A9CE005B86A8 /* Build configuration list for PBXProject "calamari_ios_client" */;
			compatibilityVersion = "Xcode 3.2";
			developmentRegion = English;
			hasScannedForEncodings = 0;
			knownRegions = (
				en,
				Base,
			);
			mainGroup = 1589BCCA1AD6A9CE005B86A8;
			productRefGroup = 1589BCD41AD6A9CE005B86A8 /* Products */;
			projectDirPath = "";
			projectRoot = "";
			targets = (
				1589BCD21AD6A9CE005B86A8 /* calamari_ios_client */,
				15373A251B871C5C00AC14BE /* calamari_ios_client Tests */,
			);
		};
/* End PBXProject section */

/* Begin PBXResourcesBuildPhase section */
		15373A241B871C5C00AC14BE /* Resources */ = {
			isa = PBXResourcesBuildPhase;
			buildActionMask = 2147483647;
			files = (
			);
			runOnlyForDeploymentPostprocessing = 0;
		};
		1589BCD11AD6A9CE005B86A8 /* Resources */ = {
			isa = PBXResourcesBuildPhase;
			buildActionMask = 2147483647;
			files = (
				15373A081B871A3200AC14BE /* Images.xcassets in Resources */,
			);
			runOnlyForDeploymentPostprocessing = 0;
		};
/* End PBXResourcesBuildPhase section */

/* Begin PBXShellScriptBuildPhase section */
		CD109BEEB7603EA8FF828EEE /* Check Pods Manifest.lock */ = {
			isa = PBXShellScriptBuildPhase;
			buildActionMask = 2147483647;
			files = (
			);
			inputPaths = (
			);
			name = "Check Pods Manifest.lock";
			outputPaths = (
			);
			runOnlyForDeploymentPostprocessing = 0;
			shellPath = /bin/sh;
			shellScript = "diff \"${PODS_ROOT}/../Podfile.lock\" \"${PODS_ROOT}/Manifest.lock\" > /dev/null\nif [[ $? != 0 ]] ; then\n    cat << EOM\nerror: The sandbox is not in sync with the Podfile.lock. Run 'pod install' or update your CocoaPods installation.\nEOM\n    exit 1\nfi\n";
			showEnvVarsInLog = 0;
		};
		F116B9DBADD71997B9F6BE11 /* Copy Pods Resources */ = {
			isa = PBXShellScriptBuildPhase;
			buildActionMask = 2147483647;
			files = (
			);
			inputPaths = (
			);
			name = "Copy Pods Resources";
			outputPaths = (
			);
			runOnlyForDeploymentPostprocessing = 0;
			shellPath = /bin/sh;
			shellScript = "\"${SRCROOT}/Pods/Target Support Files/Pods-inWinStackCeph/Pods-inWinStackCeph-resources.sh\"\n";
			showEnvVarsInLog = 0;
		};
/* End PBXShellScriptBuildPhase section */

/* Begin PBXSourcesBuildPhase section */
		15373A221B871C5C00AC14BE /* Sources */ = {
			isa = PBXSourcesBuildPhase;
			buildActionMask = 2147483647;
			files = (
				15E5C9561B871DF600B2B839 /* APITest.m in Sources */,
				15373A2B1B871C5C00AC14BE /* calamari_ios_client_Tests.m in Sources */,
			);
			runOnlyForDeploymentPostprocessing = 0;
		};
		1589BCCF1AD6A9CE005B86A8 /* Sources */ = {
			isa = PBXSourcesBuildPhase;
			buildActionMask = 2147483647;
			files = (
				153739C81B871A3200AC14BE /* ClusterData.m in Sources */,
				153739F41B871A3200AC14BE /* OSDHealthView.m in Sources */,
				153739E71B871A3200AC14BE /* CPUSquareView.m in Sources */,
				153739FD1B871A3200AC14BE /* PoolIOPSViewFlowLayout.m in Sources */,
				153739E81B871A3200AC14BE /* HostDetailHeaderView.m in Sources */,
				15373A011B871A3200AC14BE /* IOPSChartView.m in Sources */,
				153739EB1B871A3200AC14BE /* HostDetailViewFlowLayout.m in Sources */,
				15BEEF7C1B97EDD400846A79 /* NotificationDetailView.m in Sources */,
				153739F21B871A3200AC14BE /* OSDDetailView.m in Sources */,
				153739DF1B871A3200AC14BE /* ClusterHealthProgressLayer.m in Sources */,
				153739C01B871A3200AC14BE /* PoolIOPSController.m in Sources */,
				153739C51B871A3200AC14BE /* MutualController.m in Sources */,
				153739C31B871A3200AC14BE /* CustomNavigationController.m in Sources */,
				153739F11B871A3200AC14BE /* MONHealthView.m in Sources */,
				153739FB1B871A3200AC14BE /* PoolIOPSView.m in Sources */,
				153739E01B871A3200AC14BE /* ClusterHealthView.m in Sources */,
				153739DD1B871A3200AC14BE /* ChartView.m in Sources */,
				153739C71B871A3200AC14BE /* APIRecord.m in Sources */,
				153739E31B871A3200AC14BE /* HealthDetailView.m in Sources */,
				153739F91B871A3200AC14BE /* PGStatusViewCell.m in Sources */,
				153739BE1B871A3200AC14BE /* OSDHealthController.m in Sources */,
				153739DA1B871A3200AC14BE /* ChartCell.m in Sources */,
				153739F71B871A3200AC14BE /* PGStatusFlowLayout.m in Sources */,
				153739EF1B871A3200AC14BE /* MONHealthCell.m in Sources */,
				153739D51B871A3200AC14BE /* UIView+SizeMaker.m in Sources */,
				153739BF1B871A3200AC14BE /* PGStatusController.m in Sources */,
				15373A021B871A3200AC14BE /* ErrorView.m in Sources */,
				153739D21B871A3200AC14BE /* AnimationMaker.m in Sources */,
				153739B71B871A3200AC14BE /* ClusterHealthController.m in Sources */,
				153739B91B871A3200AC14BE /* HealthDetailController.m in Sources */,
				153739BA1B871A3200AC14BE /* HostDetailController.m in Sources */,
				153739BD1B871A3200AC14BE /* OSDDetailController.m in Sources */,
				15373A031B871A3200AC14BE /* LoginView.m in Sources */,
				153739FA1B871A3200AC14BE /* IOPSDetailChartView.m in Sources */,
				153739CD1B871A3200AC14BE /* MONHealthData.m in Sources */,
				153739F51B871A3200AC14BE /* OSDHealthViewCell.m in Sources */,
				153739C21B871A3200AC14BE /* UsageController.m in Sources */,
				153739C41B871A3200AC14BE /* LoginController.m in Sources */,
				153739E41B871A3200AC14BE /* HealthDetailViewCell.m in Sources */,
				15373A041B871A3200AC14BE /* NavigationView.m in Sources */,
				153739D41B871A3200AC14BE /* UINavigationBar+HeightMaker.m in Sources */,
				153739F61B871A3200AC14BE /* OSDViewFLowLayout.m in Sources */,
				153739CB1B871A3200AC14BE /* HostHealthData.m in Sources */,
				153739FC1B871A3200AC14BE /* PoolIOPSViewCell.m in Sources */,
				153739C91B871A3200AC14BE /* Cookies.m in Sources */,
				153739DC1B871A3200AC14BE /* ChartFlowLayout.m in Sources */,
				153739F01B871A3200AC14BE /* MONHealthFlowLayout.m in Sources */,
				153739D01B871A3200AC14BE /* PGData.m in Sources */,
				153739D81B871A3200AC14BE /* DateMaker.m in Sources */,
				153739CA1B871A3200AC14BE /* HealthDetailData.m in Sources */,
				153739B61B871A3200AC14BE /* ChartController.m in Sources */,
				15373A061B871A3200AC14BE /* NotificationCell.m in Sources */,
				153739BC1B871A3200AC14BE /* MONHealthController.m in Sources */,
				153739B81B871A3200AC14BE /* BaseController.m in Sources */,
				153739D61B871A3200AC14BE /* CephAPI.m in Sources */,
				153739D71B871A3200AC14BE /* URLMaker.m in Sources */,
				153739CE1B871A3200AC14BE /* NotificationData.m in Sources */,
				153739E51B871A3200AC14BE /* CPUIOPSView.m in Sources */,
				153739CC1B871A3200AC14BE /* ImageData.m in Sources */,
				153739D31B871A3200AC14BE /* UIColor+Reader.m in Sources */,
				153739FE1B871A3200AC14BE /* PoolListView.m in Sources */,
				153739F31B871A3200AC14BE /* OSDHeaderView.m in Sources */,
				153739E21B871A3200AC14BE /* ClusterHealthViewFlowLayout.m in Sources */,
				153739F81B871A3200AC14BE /* PGStatusView.m in Sources */,
				153739C61B871A3200AC14BE /* NotificationController.m in Sources */,
				153739D91B871A3200AC14BE /* TextFieldChecker.m in Sources */,
				15BEEF791B97EB9300846A79 /* NotificationDetailController.m in Sources */,
				153739ED1B871A3200AC14BE /* HostHealthView.m in Sources */,
				153739FF1B871A3200AC14BE /* PoolListViewCell.m in Sources */,
				153739CF1B871A3200AC14BE /* OSDHealthData.m in Sources */,
				15373A051B871A3200AC14BE /* NavigationViewCell.m in Sources */,
				153739E61B871A3200AC14BE /* CPULineBrokenView.m in Sources */,
				153739DE1B871A3200AC14BE /* ClusterHealthCellBar.m in Sources */,
				153739B51B871A3200AC14BE /* AppDelegate.m in Sources */,
				153739EA1B871A3200AC14BE /* HostDetailViewCell.m in Sources */,
				153739C11B871A3200AC14BE /* PoolListController.m in Sources */,
				153739D11B871A3200AC14BE /* UserData.m in Sources */,
				153739EC1B871A3200AC14BE /* HostHealthFlowLayout.m in Sources */,
				153739E91B871A3200AC14BE /* HostDetailView.m in Sources */,
				153739E11B871A3200AC14BE /* ClusterHealthViewCell.m in Sources */,
				15373A001B871A3200AC14BE /* UsageStatusView.m in Sources */,
				153739BB1B871A3200AC14BE /* HostHealthController.m in Sources */,
				153739EE1B871A3200AC14BE /* HostHealthViewCell.m in Sources */,
				15373A071B871A3200AC14BE /* NotificationView.m in Sources */,
				15373A0A1B871A3200AC14BE /* main.m in Sources */,
				153739DB1B871A3200AC14BE /* ChartCellBar.m in Sources */,
				15A651451B95BDA3008124A3 /* NotificationViewFlowLayout.m in Sources */,
			);
			runOnlyForDeploymentPostprocessing = 0;
		};
/* End PBXSourcesBuildPhase section */

/* Begin PBXTargetDependency section */
		15373A2D1B871C5C00AC14BE /* PBXTargetDependency */ = {
			isa = PBXTargetDependency;
			target = 1589BCD21AD6A9CE005B86A8 /* calamari_ios_client */;
			targetProxy = 15373A2C1B871C5C00AC14BE /* PBXContainerItemProxy */;
		};
/* End PBXTargetDependency section */

/* Begin XCBuildConfiguration section */
		15373A2F1B871C5C00AC14BE /* Debug */ = {
			isa = XCBuildConfiguration;
			buildSettings = {
				BUNDLE_LOADER = "$(TEST_HOST)";
				CODE_SIGN_IDENTITY = "iPhone Developer";
				"CODE_SIGN_IDENTITY[sdk=iphoneos*]" = "iPhone Developer";
				DEBUG_INFORMATION_FORMAT = "dwarf-with-dsym";
				FRAMEWORK_SEARCH_PATHS = (
					"$(SDKROOT)/Developer/Library/Frameworks",
					"$(inherited)",
				);
				GCC_NO_COMMON_BLOCKS = YES;
				GCC_PREPROCESSOR_DEFINITIONS = (
					"DEBUG=1",
					"$(inherited)",
				);
				INFOPLIST_FILE = "calamari_ios_client Tests/Info.plist";
				IPHONEOS_DEPLOYMENT_TARGET = 8.4;
				LD_RUNPATH_SEARCH_PATHS = "$(inherited) @executable_path/Frameworks @loader_path/Frameworks";
				PRODUCT_NAME = "$(TARGET_NAME)";
				PROVISIONING_PROFILE = "";
				TEST_HOST = "$(BUILT_PRODUCTS_DIR)/calamari_ios_client.app/calamari_ios_client";
			};
			name = Debug;
		};
		15373A301B871C5C00AC14BE /* Release */ = {
			isa = XCBuildConfiguration;
			buildSettings = {
				BUNDLE_LOADER = "$(TEST_HOST)";
				CODE_SIGN_IDENTITY = "iPhone Developer";
				"CODE_SIGN_IDENTITY[sdk=iphoneos*]" = "iPhone Developer";
				COPY_PHASE_STRIP = NO;
				DEBUG_INFORMATION_FORMAT = "dwarf-with-dsym";
				FRAMEWORK_SEARCH_PATHS = (
					"$(SDKROOT)/Developer/Library/Frameworks",
					"$(inherited)",
				);
				GCC_NO_COMMON_BLOCKS = YES;
				INFOPLIST_FILE = "calamari_ios_client Tests/Info.plist";
				IPHONEOS_DEPLOYMENT_TARGET = 8.4;
				LD_RUNPATH_SEARCH_PATHS = "$(inherited) @executable_path/Frameworks @loader_path/Frameworks";
				PRODUCT_NAME = "$(TARGET_NAME)";
				PROVISIONING_PROFILE = "";
				TEST_HOST = "$(BUILT_PRODUCTS_DIR)/calamari_ios_client.app/calamari_ios_client";
			};
			name = Release;
		};
		1589BCF41AD6A9CE005B86A8 /* Debug */ = {
			isa = XCBuildConfiguration;
			buildSettings = {
				ALWAYS_SEARCH_USER_PATHS = NO;
				CLANG_CXX_LANGUAGE_STANDARD = "gnu++0x";
				CLANG_CXX_LIBRARY = "libc++";
				CLANG_ENABLE_MODULES = YES;
				CLANG_ENABLE_OBJC_ARC = YES;
				CLANG_WARN_BOOL_CONVERSION = YES;
				CLANG_WARN_CONSTANT_CONVERSION = YES;
				CLANG_WARN_DIRECT_OBJC_ISA_USAGE = YES_ERROR;
				CLANG_WARN_EMPTY_BODY = YES;
				CLANG_WARN_ENUM_CONVERSION = YES;
				CLANG_WARN_INT_CONVERSION = YES;
				CLANG_WARN_OBJC_ROOT_CLASS = YES_ERROR;
				CLANG_WARN_UNREACHABLE_CODE = YES;
				CLANG_WARN__DUPLICATE_METHOD_MATCH = YES;
				CODE_SIGN_IDENTITY = "iPhone Developer: Hung-Ming Chen (NHPJ3CC74D)";
				"CODE_SIGN_IDENTITY[sdk=iphoneos*]" = "iPhone Developer: Hung-Ming Chen (NHPJ3CC74D)";
				COPY_PHASE_STRIP = NO;
				ENABLE_STRICT_OBJC_MSGSEND = YES;
				GCC_C_LANGUAGE_STANDARD = gnu99;
				GCC_DYNAMIC_NO_PIC = NO;
				GCC_OPTIMIZATION_LEVEL = 0;
				GCC_PREPROCESSOR_DEFINITIONS = (
					"DEBUG=1",
					"$(inherited)",
				);
				GCC_SYMBOLS_PRIVATE_EXTERN = NO;
				GCC_WARN_64_TO_32_BIT_CONVERSION = YES;
				GCC_WARN_ABOUT_RETURN_TYPE = YES_ERROR;
				GCC_WARN_UNDECLARED_SELECTOR = YES;
				GCC_WARN_UNINITIALIZED_AUTOS = YES_AGGRESSIVE;
				GCC_WARN_UNUSED_FUNCTION = YES;
				GCC_WARN_UNUSED_VARIABLE = YES;
				IPHONEOS_DEPLOYMENT_TARGET = 8.1;
				MTL_ENABLE_DEBUG_INFO = YES;
				ONLY_ACTIVE_ARCH = YES;
				SDKROOT = iphoneos;
			};
			name = Debug;
		};
		1589BCF51AD6A9CE005B86A8 /* Release */ = {
			isa = XCBuildConfiguration;
			buildSettings = {
				ALWAYS_SEARCH_USER_PATHS = NO;
				CLANG_CXX_LANGUAGE_STANDARD = "gnu++0x";
				CLANG_CXX_LIBRARY = "libc++";
				CLANG_ENABLE_MODULES = YES;
				CLANG_ENABLE_OBJC_ARC = YES;
				CLANG_WARN_BOOL_CONVERSION = YES;
				CLANG_WARN_CONSTANT_CONVERSION = YES;
				CLANG_WARN_DIRECT_OBJC_ISA_USAGE = YES_ERROR;
				CLANG_WARN_EMPTY_BODY = YES;
				CLANG_WARN_ENUM_CONVERSION = YES;
				CLANG_WARN_INT_CONVERSION = YES;
				CLANG_WARN_OBJC_ROOT_CLASS = YES_ERROR;
				CLANG_WARN_UNREACHABLE_CODE = YES;
				CLANG_WARN__DUPLICATE_METHOD_MATCH = YES;
				CODE_SIGN_IDENTITY = "iPhone Developer: Hung-Ming Chen (NHPJ3CC74D)";
				"CODE_SIGN_IDENTITY[sdk=iphoneos*]" = "iPhone Developer: Hung-Ming Chen (NHPJ3CC74D)";
				COPY_PHASE_STRIP = YES;
				ENABLE_NS_ASSERTIONS = NO;
				ENABLE_STRICT_OBJC_MSGSEND = YES;
				GCC_C_LANGUAGE_STANDARD = gnu99;
				GCC_WARN_64_TO_32_BIT_CONVERSION = YES;
				GCC_WARN_ABOUT_RETURN_TYPE = YES_ERROR;
				GCC_WARN_UNDECLARED_SELECTOR = YES;
				GCC_WARN_UNINITIALIZED_AUTOS = YES_AGGRESSIVE;
				GCC_WARN_UNUSED_FUNCTION = YES;
				GCC_WARN_UNUSED_VARIABLE = YES;
				IPHONEOS_DEPLOYMENT_TARGET = 8.1;
				MTL_ENABLE_DEBUG_INFO = NO;
				SDKROOT = iphoneos;
				VALIDATE_PRODUCT = YES;
			};
			name = Release;
		};
		1589BCF71AD6A9CE005B86A8 /* Debug */ = {
			isa = XCBuildConfiguration;
			baseConfigurationReference = B515312BF3CA560B64EFE614 /* Pods-inWinStackCeph.debug.xcconfig */;
			buildSettings = {
				ASSETCATALOG_COMPILER_APPICON_NAME = AppIcon;
				ASSETCATALOG_COMPILER_LAUNCHIMAGE_NAME = LaunchImage;
				CODE_SIGN_IDENTITY = "iPhone Developer";
				"CODE_SIGN_IDENTITY[sdk=iphoneos*]" = "iPhone Developer";
				FRAMEWORK_SEARCH_PATHS = (
					"$(inherited)",
					"$(PROJECT_DIR)/calamari_ios_client",
				);
				INFOPLIST_FILE = "$(SRCROOT)/calamari_ios_client/Info.plist";
				IPHONEOS_DEPLOYMENT_TARGET = 8.4;
				LD_RUNPATH_SEARCH_PATHS = "$(inherited) @executable_path/Frameworks";
				ONLY_ACTIVE_ARCH = YES;
				OTHER_LDFLAGS = (
					"$(inherited)",
					"-ObjC",
					"-l\"Pods-inWinStackCeph-SVProgressHUD\"",
					"-framework",
					"\"QuartzCore\"",
				);
				PRODUCT_NAME = calamari_ios_client;
				PROVISIONING_PROFILE = "";
				TARGETED_DEVICE_FAMILY = "1,2";
			};
			name = Debug;
		};
		1589BCF81AD6A9CE005B86A8 /* Release */ = {
			isa = XCBuildConfiguration;
			baseConfigurationReference = F1D38A01E8A46704AB5B61AB /* Pods-inWinStackCeph.release.xcconfig */;
			buildSettings = {
				ASSETCATALOG_COMPILER_APPICON_NAME = AppIcon;
				ASSETCATALOG_COMPILER_LAUNCHIMAGE_NAME = LaunchImage;
				CODE_SIGN_IDENTITY = "iPhone Developer";
				"CODE_SIGN_IDENTITY[sdk=iphoneos*]" = "iPhone Developer";
				FRAMEWORK_SEARCH_PATHS = (
					"$(inherited)",
					"$(PROJECT_DIR)/calamari_ios_client",
				);
				INFOPLIST_FILE = "$(SRCROOT)/calamari_ios_client/Info.plist";
				IPHONEOS_DEPLOYMENT_TARGET = 8.4;
				LD_RUNPATH_SEARCH_PATHS = "$(inherited) @executable_path/Frameworks";
				ONLY_ACTIVE_ARCH = NO;
				PRODUCT_NAME = calamari_ios_client;
				PROVISIONING_PROFILE = "";
				TARGETED_DEVICE_FAMILY = "1,2";
			};
			name = Release;
		};
/* End XCBuildConfiguration section */

/* Begin XCConfigurationList section */
		15373A2E1B871C5C00AC14BE /* Build configuration list for PBXNativeTarget "calamari_ios_client Tests" */ = {
			isa = XCConfigurationList;
			buildConfigurations = (
				15373A2F1B871C5C00AC14BE /* Debug */,
				15373A301B871C5C00AC14BE /* Release */,
			);
			defaultConfigurationIsVisible = 0;
			defaultConfigurationName = Release;
		};
		1589BCCE1AD6A9CE005B86A8 /* Build configuration list for PBXProject "calamari_ios_client" */ = {
			isa = XCConfigurationList;
			buildConfigurations = (
				1589BCF41AD6A9CE005B86A8 /* Debug */,
				1589BCF51AD6A9CE005B86A8 /* Release */,
			);
			defaultConfigurationIsVisible = 0;
			defaultConfigurationName = Release;
		};
		1589BCF61AD6A9CE005B86A8 /* Build configuration list for PBXNativeTarget "calamari_ios_client" */ = {
			isa = XCConfigurationList;
			buildConfigurations = (
				1589BCF71AD6A9CE005B86A8 /* Debug */,
				1589BCF81AD6A9CE005B86A8 /* Release */,
			);
			defaultConfigurationIsVisible = 0;
			defaultConfigurationName = Release;
		};
/* End XCConfigurationList section */
	};
	rootObject = 1589BCCB1AD6A9CE005B86A8 /* Project object */;
}
